{
  "version": 4,
  "terraform_version": "1.6.3",
  "serial": 563,
  "lineage": "66db91f8-deec-6aa9-ce51-23f202f6dae0",
  "outputs": {
    "domain_node_dlq_url": {
      "value": "https://sqs.us-east-2.amazonaws.com/145880140878/domain-node-jobs-dlq",
      "type": "string"
    },
    "domain_node_queue_arn": {
      "value": "arn:aws:sqs:us-east-2:145880140878:domain-node-jobs",
      "type": "string"
    },
    "domain_node_queue_url": {
      "value": "https://sqs.us-east-2.amazonaws.com/145880140878/domain-node-jobs",
      "type": "string"
    },
    "ec2_instance_id": {
      "value": "i-051318ee93be12225",
      "type": "string"
    },
    "ec2_public_ip": {
      "value": "3.14.89.239",
      "type": "string"
    },
    "embeddings_api_instance_id": {
      "value": "i-084072b8cd9b8de16",
      "type": "string"
    },
    "embeddings_api_public_ip": {
      "value": "3.133.35.128",
      "type": "string"
    },
    "embeddings_api_url": {
      "value": "https://embeddings.atlas-of-us.com",
      "type": "string"
    },
    "image_gen_api_instance_id": {
      "value": "i-019eea96fc8e8609b",
      "type": "string"
    },
    "image_gen_api_public_ip": {
      "value": "3.141.157.13",
      "type": "string"
    },
    "image_gen_api_url": {
      "value": "https://image-gen.atlas-of-us.com",
      "type": "string"
    },
    "image_gen_dlq_url": {
      "value": "https://sqs.us-east-2.amazonaws.com/145880140878/image-gen-jobs-dlq",
      "type": "string"
    },
    "image_gen_queue_arn": {
      "value": "arn:aws:sqs:us-east-2:145880140878:image-gen-jobs",
      "type": "string"
    },
    "image_gen_queue_url": {
      "value": "https://sqs.us-east-2.amazonaws.com/145880140878/image-gen-jobs",
      "type": "string"
    },
    "llm_api_instance_id": {
      "value": "i-00288443bdb2180d6",
      "type": "string"
    },
    "llm_api_public_ip": {
      "value": "3.149.97.106",
      "type": "string"
    },
    "llm_api_url": {
      "value": "https://llm.atlas-of-us.com",
      "type": "string"
    }
  },
  "resources": [
    {
      "mode": "data",
      "type": "archive_file",
      "name": "domain_worker_placeholder",
      "provider": "provider[\"registry.terraform.io/hashicorp/archive\"]",
      "instances": [
        {
          "schema_version": 0,
          "attributes": {
            "exclude_symlink_directories": null,
            "excludes": null,
            "id": "0711716dc67472dd508d1ccb3f8d4ad855df454b",
            "output_base64sha256": "qOjA9HXKfjDVL0z7noFu862B+J6MNtiCO58ge6369t0=",
            "output_base64sha512": "ns5xyPhxyh1ObhgkGCw9mJJ4qF2DNBgRGxnUYaPYEbA/l9agabL1qL+Bew3wyctjICwInWUyv7I434fPkMMHDA==",
            "output_file_mode": null,
            "output_md5": "5af3892773c3bdfa48d8ca53e06e7974",
            "output_path": "zip_files/domain_worker_placeholder.zip",
            "output_sha": "0711716dc67472dd508d1ccb3f8d4ad855df454b",
            "output_sha256": "a8e8c0f475ca7e30d52f4cfb9e816ef3ad81f89e8c36d8823b9f207badfaf6dd",
            "output_sha512": "9ece71c8f871ca1d4e6e1824182c3d989278a85d833418111b19d461a3d811b03f97d6a069b2f5a8bf817b0df0c9cb63202c089d6532bfb238df87cf90c3070c",
            "output_size": 156,
            "source": [
              {
                "content": "async fun main() {\n\n}\n",
                "filename": "main.rs"
              }
            ],
            "source_content": null,
            "source_content_filename": null,
            "source_dir": null,
            "source_file": null,
            "type": "zip"
          },
          "sensitive_attributes": []
        }
      ]
    },
    {
      "mode": "data",
      "type": "archive_file",
      "name": "ec2_scheduler_zip",
      "provider": "provider[\"registry.terraform.io/hashicorp/archive\"]",
      "instances": [
        {
          "schema_version": 0,
          "attributes": {
            "exclude_symlink_directories": null,
            "excludes": null,
            "id": "df7eba1b4c37e35659d914e71e645756efa3c24f",
            "output_base64sha256": "9WMne2I+kHciZV9NGOZ+XdY+jWF5VbkoIav/QROqU+s=",
            "output_base64sha512": "eH3Rzi1t+7mlIEbCD+JqWO27jNSXF8wwwVlcZycEKWaFJzLVEWrebZ90IFTYNbXYIDR5/CNmLNL6xGAQrwP/Ew==",
            "output_file_mode": null,
            "output_md5": "0e9ee63eb45854601e4ecd266382a202",
            "output_path": "zip_files/ec2_scheduler.zip",
            "output_sha": "df7eba1b4c37e35659d914e71e645756efa3c24f",
            "output_sha256": "f563277b623e907722655f4d18e67e5dd63e8d617955b92821abff4113aa53eb",
            "output_sha512": "787dd1ce2d6dfbb9a52046c20fe26a58edbb8cd49717cc30c1595c6727042966852732d5116ade6d9f742054d835b5d8203479fc23662cd2fac46010af03ff13",
            "output_size": 540,
            "source": [
              {
                "content": "import boto3\nimport os\nimport json\n\ndef handler(event, context):\n    ec2 = boto3.client('ec2')\n    instance_id = os.environ['INSTANCE_ID']\n    \n    try:\n        # Check if instance is running\n        response = ec2.describe_instances(InstanceIds=[instance_id])\n        state = response['Reservations'][0]['Instances'][0]['State']['Name']\n        \n        if state == 'running':\n            # Stop the instance\n            ec2.stop_instances(InstanceIds=[instance_id])\n            print(f\"Stopped instance {instance_id}\")\n            return {\n                'statusCode': 200,\n                'body': json.dumps(f'Successfully stopped instance {instance_id}')\n            }\n        else:\n            print(f\"Instance {instance_id} is already {state}\")\n            return {\n                'statusCode': 200,\n                'body': json.dumps(f'Instance {instance_id} is already {state}')\n            }\n    except Exception as e:\n        print(f\"Error: {str(e)}\")\n        return {\n            'statusCode': 500,\n            'body': json.dumps(f'Error stopping instance: {str(e)}')\n        }\n",
                "filename": "index.py"
              }
            ],
            "source_content": null,
            "source_content_filename": null,
            "source_dir": null,
            "source_file": null,
            "type": "zip"
          },
          "sensitive_attributes": []
        }
      ]
    },
    {
      "mode": "data",
      "type": "archive_file",
      "name": "embeddings_api_shutdown_zip",
      "provider": "provider[\"registry.terraform.io/hashicorp/archive\"]",
      "instances": [
        {
          "schema_version": 0,
          "attributes": {
            "exclude_symlink_directories": null,
            "excludes": null,
            "id": "e52881d81de6f7b90d5d2c243c9e2a8a02aa0c70",
            "output_base64sha256": "J0IIQdtNxRqxPWBBWpWloWyMDtYtksyh0jH1YAp3D3E=",
            "output_base64sha512": "MZmeD47FholG2eVssxEktexi4l9hiT8SMvwozafIA3URh3BiW6bw0uc6VyVN2uEeL58WI2XLStYbYJiX145sLA==",
            "output_file_mode": null,
            "output_md5": "57869c10ad353914a5a7de88f65f49a7",
            "output_path": "zip_files/embeddings_api_shutdown.zip",
            "output_sha": "e52881d81de6f7b90d5d2c243c9e2a8a02aa0c70",
            "output_sha256": "27420841db4dc51ab13d60415a95a5a16c8c0ed62d92cca1d231f5600a770f71",
            "output_sha512": "31999e0f8ec5868946d9e56cb31124b5ec62e25f61893f1232fc28cda7c80375118770625ba6f0d2e73a57254ddae11e2f9f162365cb4ad61b609897d78e6c2c",
            "output_size": 513,
            "source": [
              {
                "content": "import boto3\nimport os\nimport json\n\ndef handler(event, context):\n    ec2 = boto3.client('ec2')\n    instance_id = os.environ['INSTANCE_ID']\n\n    try:\n        response = ec2.describe_instances(InstanceIds=[instance_id])\n        state = response['Reservations'][0]['Instances'][0]['State']['Name']\n\n        if state == 'running':\n            ec2.stop_instances(InstanceIds=[instance_id])\n            print(f\"Stopped instance {instance_id}\")\n            return {\n                'statusCode': 200,\n                'body': json.dumps(f'Successfully stopped instance {instance_id}')\n            }\n        else:\n            print(f\"Instance {instance_id} is already {state}\")\n            return {\n                'statusCode': 200,\n                'body': json.dumps(f'Instance {instance_id} is already {state}')\n            }\n    except Exception as e:\n        print(f\"Error: {str(e)}\")\n        return {\n            'statusCode': 500,\n            'body': json.dumps(f'Error stopping instance: {str(e)}')\n        }\n",
                "filename": "index.py"
              }
            ],
            "source_content": null,
            "source_content_filename": null,
            "source_dir": null,
            "source_file": null,
            "type": "zip"
          },
          "sensitive_attributes": []
        }
      ]
    },
    {
      "mode": "data",
      "type": "archive_file",
      "name": "embeddings_api_startup_zip",
      "provider": "provider[\"registry.terraform.io/hashicorp/archive\"]",
      "instances": [
        {
          "schema_version": 0,
          "attributes": {
            "exclude_symlink_directories": null,
            "excludes": null,
            "id": "f13afc9d7836732ef10e9e301aed33c7ce49eaae",
            "output_base64sha256": "P0JMrkeRW/kNqoDZbt4j79mbv+Ogy2tP2Incpg51RF0=",
            "output_base64sha512": "hRs5q0n8BRgja3DU7RQyB4PcxIHq2Mog8X95wdqKxO1FyLbeOg+lHufZhbRN8uoI13Rz0pNvZ4iyT++ltlbXFA==",
            "output_file_mode": null,
            "output_md5": "efef39528a798340dab74a095a62aeb9",
            "output_path": "zip_files/embeddings_api_startup.zip",
            "output_sha": "f13afc9d7836732ef10e9e301aed33c7ce49eaae",
            "output_sha256": "3f424cae47915bf90daa80d96ede23efd99bbfe3a0cb6b4fd889dca60e75445d",
            "output_sha512": "851b39ab49fc0518236b70d4ed14320783dcc481ead8ca20f17f79c1da8ac4ed45c8b6de3a0fa51ee7d985b44df2ea08d77473d2936f6788b24fefa5b656d714",
            "output_size": 525,
            "source": [
              {
                "content": "import boto3\nimport os\nimport json\n\ndef handler(event, context):\n    ec2 = boto3.client('ec2')\n    instance_id = os.environ['INSTANCE_ID']\n\n    try:\n        response = ec2.describe_instances(InstanceIds=[instance_id])\n        state = response['Reservations'][0]['Instances'][0]['State']['Name']\n\n        if state == 'stopped':\n            ec2.start_instances(InstanceIds=[instance_id])\n            print(f\"Starting instance {instance_id}\")\n            return {\n                'statusCode': 200,\n                'body': json.dumps(f'Starting instance {instance_id}')\n            }\n        elif state == 'running':\n            print(f\"Instance {instance_id} is already running\")\n            return {\n                'statusCode': 200,\n                'body': json.dumps(f'Instance {instance_id} is already running')\n            }\n        else:\n            print(f\"Instance {instance_id} is in state: {state}\")\n            return {\n                'statusCode': 200,\n                'body': json.dumps(f'Instance {instance_id} is in state: {state}')\n            }\n    except Exception as e:\n        print(f\"Error: {str(e)}\")\n        return {\n            'statusCode': 500,\n            'body': json.dumps(f'Error starting instance: {str(e)}')\n        }\n",
                "filename": "index.py"
              }
            ],
            "source_content": null,
            "source_content_filename": null,
            "source_dir": null,
            "source_file": null,
            "type": "zip"
          },
          "sensitive_attributes": []
        }
      ]
    },
    {
      "mode": "data",
      "type": "archive_file",
      "name": "image_gen_api_shutdown_zip",
      "provider": "provider[\"registry.terraform.io/hashicorp/archive\"]",
      "instances": [
        {
          "schema_version": 0,
          "attributes": {
            "exclude_symlink_directories": null,
            "excludes": null,
            "id": "e52881d81de6f7b90d5d2c243c9e2a8a02aa0c70",
            "output_base64sha256": "J0IIQdtNxRqxPWBBWpWloWyMDtYtksyh0jH1YAp3D3E=",
            "output_base64sha512": "MZmeD47FholG2eVssxEktexi4l9hiT8SMvwozafIA3URh3BiW6bw0uc6VyVN2uEeL58WI2XLStYbYJiX145sLA==",
            "output_file_mode": null,
            "output_md5": "57869c10ad353914a5a7de88f65f49a7",
            "output_path": "zip_files/image_gen_api_shutdown.zip",
            "output_sha": "e52881d81de6f7b90d5d2c243c9e2a8a02aa0c70",
            "output_sha256": "27420841db4dc51ab13d60415a95a5a16c8c0ed62d92cca1d231f5600a770f71",
            "output_sha512": "31999e0f8ec5868946d9e56cb31124b5ec62e25f61893f1232fc28cda7c80375118770625ba6f0d2e73a57254ddae11e2f9f162365cb4ad61b609897d78e6c2c",
            "output_size": 513,
            "source": [
              {
                "content": "import boto3\nimport os\nimport json\n\ndef handler(event, context):\n    ec2 = boto3.client('ec2')\n    instance_id = os.environ['INSTANCE_ID']\n\n    try:\n        response = ec2.describe_instances(InstanceIds=[instance_id])\n        state = response['Reservations'][0]['Instances'][0]['State']['Name']\n\n        if state == 'running':\n            ec2.stop_instances(InstanceIds=[instance_id])\n            print(f\"Stopped instance {instance_id}\")\n            return {\n                'statusCode': 200,\n                'body': json.dumps(f'Successfully stopped instance {instance_id}')\n            }\n        else:\n            print(f\"Instance {instance_id} is already {state}\")\n            return {\n                'statusCode': 200,\n                'body': json.dumps(f'Instance {instance_id} is already {state}')\n            }\n    except Exception as e:\n        print(f\"Error: {str(e)}\")\n        return {\n            'statusCode': 500,\n            'body': json.dumps(f'Error stopping instance: {str(e)}')\n        }\n",
                "filename": "index.py"
              }
            ],
            "source_content": null,
            "source_content_filename": null,
            "source_dir": null,
            "source_file": null,
            "type": "zip"
          },
          "sensitive_attributes": []
        }
      ]
    },
    {
      "mode": "data",
      "type": "archive_file",
      "name": "image_gen_processor_zip",
      "provider": "provider[\"registry.terraform.io/hashicorp/archive\"]",
      "instances": [
        {
          "schema_version": 0,
          "attributes": {
            "exclude_symlink_directories": null,
            "excludes": null,
            "id": "94f3584af5cc6d5ad6bce8dc035b45f4419c97a6",
            "output_base64sha256": "jq5ST/HmF/fcm1V2QCUPoljbwbRLp9OOfVMtp6bfgZg=",
            "output_base64sha512": "o4DtxSaOqU7E1m9sI/qr5IyyocJg7wX3jEgEXpnmTbwpBMfABuny6MNWEasdEqyECGwR8216myLSXbcDjivZ7w==",
            "output_file_mode": null,
            "output_md5": "209e8b4f6ba65355041777b607346ca1",
            "output_path": "zip_files/image_gen_processor.zip",
            "output_sha": "94f3584af5cc6d5ad6bce8dc035b45f4419c97a6",
            "output_sha256": "8eae524ff1e617f7dc9b557640250fa258dbc1b44ba7d38e7d532da7a6df8198",
            "output_sha512": "a380edc5268ea94ec4d66f6c23faabe48cb2a1c260ef05f78c48045e99e64dbc2904c7c006e9f2e8c35611ab1d12ac84086c11f36d7a9b22d25db7038e2bd9ef",
            "output_size": 2596,
            "source": [
              {
                "content": "import boto3\nimport json\nimport os\nimport time\nimport urllib.request\nimport urllib.error\n\n# Configuration from environment\nINSTANCE_ID = os.environ.get('IMAGE_GEN_INSTANCE_ID')\nIMAGE_GEN_ENDPOINT = os.environ.get('IMAGE_GEN_ENDPOINT')\nS3_BUCKET = os.environ.get('S3_BUCKET')\nQUEUE_URL = os.environ.get('QUEUE_URL')\nNEO4J_URI = os.environ.get('NEO4J_URI')\nNEO4J_USER = os.environ.get('NEO4J_USER')\nNEO4J_PASSWORD = os.environ.get('NEO4J_PASSWORD')\n\nec2 = boto3.client('ec2')\nsqs = boto3.client('sqs')\ns3 = boto3.client('s3')\n\n\ndef get_instance_state():\n    \"\"\"Get the current state of the GPU EC2 instance.\"\"\"\n    response = ec2.describe_instances(InstanceIds=[INSTANCE_ID])\n    return response['Reservations'][0]['Instances'][0]['State']['Name']\n\n\ndef start_instance():\n    \"\"\"Start the GPU EC2 instance.\"\"\"\n    print(f\"Starting instance {INSTANCE_ID}\")\n    ec2.start_instances(InstanceIds=[INSTANCE_ID])\n\n\ndef requeue_message(record, delay_seconds):\n    \"\"\"Re-queue a message with a delay.\"\"\"\n    sqs.send_message(\n        QueueUrl=QUEUE_URL,\n        MessageBody=record['body'],\n        DelaySeconds=delay_seconds\n    )\n    # Delete the original message\n    sqs.delete_message(\n        QueueUrl=QUEUE_URL,\n        ReceiptHandle=record['receiptHandle']\n    )\n\n\ndef wait_for_healthcheck(timeout=300):\n    \"\"\"Wait for the image generation API to be healthy.\"\"\"\n    healthcheck_url = IMAGE_GEN_ENDPOINT.replace('/generate', '/healthcheck')\n    start_time = time.time()\n\n    while time.time() - start_time \u003c timeout:\n        try:\n            req = urllib.request.Request(healthcheck_url)\n            with urllib.request.urlopen(req, timeout=10) as response:\n                data = json.loads(response.read().decode())\n                if data.get('generation_model_loaded', False):\n                    print(\"Image generation model is ready\")\n                    return True\n        except (urllib.error.URLError, urllib.error.HTTPError, TimeoutError) as e:\n            print(f\"Healthcheck not ready: {e}\")\n\n        time.sleep(10)\n\n    raise Exception(\"Healthcheck timeout - model not ready\")\n\n\ndef generate_image(prompt):\n    \"\"\"Call the image generation API.\"\"\"\n    request_data = json.dumps({\n        'prompt': prompt,\n        'width': 1024,\n        'height': 1024,\n        'num_inference_steps': 8\n    }).encode('utf-8')\n\n    req = urllib.request.Request(\n        IMAGE_GEN_ENDPOINT,\n        data=request_data,\n        headers={'Content-Type': 'application/json'},\n        method='POST'\n    )\n\n    with urllib.request.urlopen(req, timeout=120) as response:\n        return response.read()\n\n\ndef upload_to_s3(s3_key, image_bytes):\n    \"\"\"Upload image to S3 and return the URL.\"\"\"\n    s3.put_object(\n        Bucket=S3_BUCKET,\n        Key=s3_key,\n        Body=image_bytes,\n        ContentType='image/png'\n    )\n\n    return f\"https://{S3_BUCKET}.s3.{AWS_REGION}.amazonaws.com/{s3_key}\"\n\n\ndef update_neo4j_node(element_id, avatar_url):\n    \"\"\"Update the Domain node with the avatar URL using Neo4j HTTP API.\"\"\"\n    # Parse neo4j URI to get HTTP endpoint\n    # neo4j+s://xxx.databases.neo4j.io -\u003e https://xxx.databases.neo4j.io:7473\n    http_uri = NEO4J_URI.replace('neo4j+s://', 'https://').replace('neo4j://', 'http://')\n    if ':7687' in http_uri:\n        http_uri = http_uri.replace(':7687', ':7474')\n    else:\n        http_uri = http_uri + ':7474'\n\n    query_url = f\"{http_uri}/db/neo4j/tx/commit\"\n\n    query_data = json.dumps({\n        \"statements\": [{\n            \"statement\": \"MATCH (d:Domain) WHERE elementId(d) = $element_id SET d.avatar_url = $avatar_url RETURN d.name\",\n            \"parameters\": {\n                \"element_id\": element_id,\n                \"avatar_url\": avatar_url\n            }\n        }]\n    }).encode('utf-8')\n\n    # Create basic auth header\n    import base64\n    credentials = base64.b64encode(f\"{NEO4J_USER}:{NEO4J_PASSWORD}\".encode()).decode()\n\n    req = urllib.request.Request(\n        query_url,\n        data=query_data,\n        headers={\n            'Content-Type': 'application/json',\n            'Authorization': f'Basic {credentials}'\n        },\n        method='POST'\n    )\n\n    try:\n        with urllib.request.urlopen(req, timeout=30) as response:\n            result = json.loads(response.read().decode())\n            if result.get('errors'):\n                raise Exception(f\"Neo4j error: {result['errors']}\")\n            print(f\"Updated Neo4j node: {result}\")\n            return result\n    except urllib.error.HTTPError as e:\n        error_body = e.read().decode() if e.fp else ''\n        raise Exception(f\"Neo4j HTTP error {e.code}: {error_body}\")\n\n\ndef process_job(job):\n    \"\"\"Process a single image generation job.\"\"\"\n    print(f\"Processing job: {job['domain_name']}\")\n\n    # Generate image\n    print(f\"Generating image for prompt: {job['prompt'][:100]}...\")\n    image_bytes = generate_image(job['prompt'])\n    print(f\"Generated image: {len(image_bytes)} bytes\")\n\n    # Upload to S3\n    s3_url = upload_to_s3(job['s3_key'], image_bytes)\n    print(f\"Uploaded to S3: {s3_url}\")\n\n    # Update Neo4j\n    update_neo4j_node(job['element_id'], s3_url)\n    print(f\"Updated Neo4j node {job['element_id']} with avatar_url\")\n\n    return s3_url\n\n\ndef handler(event, context):\n    \"\"\"Lambda handler for processing image generation jobs.\"\"\"\n    records = event.get('Records', [])\n\n    if not records:\n        print(\"No records to process\")\n        return {'statusCode': 200, 'body': 'No records'}\n\n    print(f\"Processing {len(records)} records\")\n\n    # Check EC2 state\n    state = get_instance_state()\n    print(f\"GPU instance state: {state}\")\n\n    if state == 'stopped':\n        print(\"Instance is stopped, starting and requeuing messages\")\n        start_instance()\n        for record in records:\n            requeue_message(record, delay_seconds=300)  # 5 minute delay\n        return {\n            'statusCode': 202,\n            'body': f'Instance starting, {len(records)} jobs requeued with 5 min delay'\n        }\n\n    if state in ['pending', 'stopping', 'shutting-down']:\n        print(f\"Instance is {state}, requeuing messages\")\n        for record in records:\n            requeue_message(record, delay_seconds=120)  # 2 minute delay\n        return {\n            'statusCode': 202,\n            'body': f'Instance {state}, {len(records)} jobs requeued with 2 min delay'\n        }\n\n    # Instance is running - wait for model to be ready\n    try:\n        wait_for_healthcheck(timeout=300)\n    except Exception as e:\n        print(f\"Healthcheck failed: {e}\")\n        # Requeue with delay\n        for record in records:\n            requeue_message(record, delay_seconds=60)\n        return {\n            'statusCode': 202,\n            'body': f'Model not ready, {len(records)} jobs requeued with 1 min delay'\n        }\n\n    # Process all jobs\n    results = []\n    for record in records:\n        try:\n            job = json.loads(record['body'])\n            s3_url = process_job(job)\n            results.append({'domain': job['domain_name'], 'url': s3_url, 'status': 'success'})\n        except Exception as e:\n            print(f\"Error processing job: {e}\")\n            results.append({'domain': job.get('domain_name', 'unknown'), 'error': str(e), 'status': 'failed'})\n            # Don't delete message - let it go to DLQ after retries\n            raise\n\n    return {\n        'statusCode': 200,\n        'body': json.dumps({'processed': len(results), 'results': results})\n    }\n",
                "filename": "index.py"
              }
            ],
            "source_content": null,
            "source_content_filename": null,
            "source_dir": null,
            "source_file": null,
            "type": "zip"
          },
          "sensitive_attributes": []
        }
      ]
    },
    {
      "mode": "data",
      "type": "archive_file",
      "name": "llm_api_shutdown_zip",
      "provider": "provider[\"registry.terraform.io/hashicorp/archive\"]",
      "instances": [
        {
          "schema_version": 0,
          "attributes": {
            "exclude_symlink_directories": null,
            "excludes": null,
            "id": "e52881d81de6f7b90d5d2c243c9e2a8a02aa0c70",
            "output_base64sha256": "J0IIQdtNxRqxPWBBWpWloWyMDtYtksyh0jH1YAp3D3E=",
            "output_base64sha512": "MZmeD47FholG2eVssxEktexi4l9hiT8SMvwozafIA3URh3BiW6bw0uc6VyVN2uEeL58WI2XLStYbYJiX145sLA==",
            "output_file_mode": null,
            "output_md5": "57869c10ad353914a5a7de88f65f49a7",
            "output_path": "zip_files/llm_api_shutdown.zip",
            "output_sha": "e52881d81de6f7b90d5d2c243c9e2a8a02aa0c70",
            "output_sha256": "27420841db4dc51ab13d60415a95a5a16c8c0ed62d92cca1d231f5600a770f71",
            "output_sha512": "31999e0f8ec5868946d9e56cb31124b5ec62e25f61893f1232fc28cda7c80375118770625ba6f0d2e73a57254ddae11e2f9f162365cb4ad61b609897d78e6c2c",
            "output_size": 513,
            "source": [
              {
                "content": "import boto3\nimport os\nimport json\n\ndef handler(event, context):\n    ec2 = boto3.client('ec2')\n    instance_id = os.environ['INSTANCE_ID']\n\n    try:\n        response = ec2.describe_instances(InstanceIds=[instance_id])\n        state = response['Reservations'][0]['Instances'][0]['State']['Name']\n\n        if state == 'running':\n            ec2.stop_instances(InstanceIds=[instance_id])\n            print(f\"Stopped instance {instance_id}\")\n            return {\n                'statusCode': 200,\n                'body': json.dumps(f'Successfully stopped instance {instance_id}')\n            }\n        else:\n            print(f\"Instance {instance_id} is already {state}\")\n            return {\n                'statusCode': 200,\n                'body': json.dumps(f'Instance {instance_id} is already {state}')\n            }\n    except Exception as e:\n        print(f\"Error: {str(e)}\")\n        return {\n            'statusCode': 500,\n            'body': json.dumps(f'Error stopping instance: {str(e)}')\n        }\n",
                "filename": "index.py"
              }
            ],
            "source_content": null,
            "source_content_filename": null,
            "source_dir": null,
            "source_file": null,
            "type": "zip"
          },
          "sensitive_attributes": []
        }
      ]
    },
    {
      "mode": "data",
      "type": "archive_file",
      "name": "llm_api_startup_zip",
      "provider": "provider[\"registry.terraform.io/hashicorp/archive\"]",
      "instances": [
        {
          "schema_version": 0,
          "attributes": {
            "exclude_symlink_directories": null,
            "excludes": null,
            "id": "f13afc9d7836732ef10e9e301aed33c7ce49eaae",
            "output_base64sha256": "P0JMrkeRW/kNqoDZbt4j79mbv+Ogy2tP2Incpg51RF0=",
            "output_base64sha512": "hRs5q0n8BRgja3DU7RQyB4PcxIHq2Mog8X95wdqKxO1FyLbeOg+lHufZhbRN8uoI13Rz0pNvZ4iyT++ltlbXFA==",
            "output_file_mode": null,
            "output_md5": "efef39528a798340dab74a095a62aeb9",
            "output_path": "zip_files/llm_api_startup.zip",
            "output_sha": "f13afc9d7836732ef10e9e301aed33c7ce49eaae",
            "output_sha256": "3f424cae47915bf90daa80d96ede23efd99bbfe3a0cb6b4fd889dca60e75445d",
            "output_sha512": "851b39ab49fc0518236b70d4ed14320783dcc481ead8ca20f17f79c1da8ac4ed45c8b6de3a0fa51ee7d985b44df2ea08d77473d2936f6788b24fefa5b656d714",
            "output_size": 525,
            "source": [
              {
                "content": "import boto3\nimport os\nimport json\n\ndef handler(event, context):\n    ec2 = boto3.client('ec2')\n    instance_id = os.environ['INSTANCE_ID']\n\n    try:\n        response = ec2.describe_instances(InstanceIds=[instance_id])\n        state = response['Reservations'][0]['Instances'][0]['State']['Name']\n\n        if state == 'stopped':\n            ec2.start_instances(InstanceIds=[instance_id])\n            print(f\"Starting instance {instance_id}\")\n            return {\n                'statusCode': 200,\n                'body': json.dumps(f'Starting instance {instance_id}')\n            }\n        elif state == 'running':\n            print(f\"Instance {instance_id} is already running\")\n            return {\n                'statusCode': 200,\n                'body': json.dumps(f'Instance {instance_id} is already running')\n            }\n        else:\n            print(f\"Instance {instance_id} is in state: {state}\")\n            return {\n                'statusCode': 200,\n                'body': json.dumps(f'Instance {instance_id} is in state: {state}')\n            }\n    except Exception as e:\n        print(f\"Error: {str(e)}\")\n        return {\n            'statusCode': 500,\n            'body': json.dumps(f'Error starting instance: {str(e)}')\n        }\n",
                "filename": "index.py"
              }
            ],
            "source_content": null,
            "source_content_filename": null,
            "source_dir": null,
            "source_file": null,
            "type": "zip"
          },
          "sensitive_attributes": []
        }
      ]
    },
    {
      "mode": "data",
      "type": "aws_ami",
      "name": "amazon_linux",
      "provider": "provider[\"registry.terraform.io/hashicorp/aws\"]",
      "instances": [
        {
          "schema_version": 0,
          "attributes": {
            "allow_unsafe_filter": null,
            "architecture": "x86_64",
            "arn": "arn:aws:ec2:us-east-2::image/ami-06ba285c80bc4ab50",
            "block_device_mappings": [
              {
                "device_name": "/dev/xvda",
                "ebs": {
                  "delete_on_termination": "true",
                  "encrypted": "false",
                  "iops": "3000",
                  "snapshot_id": "snap-0a047dc4cda361eb8",
                  "throughput": "125",
                  "volume_initialization_rate": "0",
                  "volume_size": "30",
                  "volume_type": "gp3"
                },
                "no_device": "",
                "virtual_name": ""
              }
            ],
            "boot_mode": "uefi-preferred",
            "creation_date": "2025-12-18T01:55:40.000Z",
            "deprecation_time": "2027-12-18T01:55:40.000Z",
            "description": "Amazon Linux AMI 2023.0.20251217 x86_64 ECS HVM EBS",
            "ena_support": true,
            "executable_users": null,
            "filter": [
              {
                "name": "name",
                "values": [
                  "al2023-ami-*-x86_64"
                ]
              },
              {
                "name": "virtualization-type",
                "values": [
                  "hvm"
                ]
              }
            ],
            "hypervisor": "xen",
            "id": "ami-06ba285c80bc4ab50",
            "image_id": "ami-06ba285c80bc4ab50",
            "image_location": "amazon/al2023-ami-ecs-hvm-2023.0.20251217-kernel-6.1-x86_64",
            "image_owner_alias": "amazon",
            "image_type": "machine",
            "imds_support": "v2.0",
            "include_deprecated": false,
            "kernel_id": "",
            "last_launched_time": "",
            "most_recent": true,
            "name": "al2023-ami-ecs-hvm-2023.0.20251217-kernel-6.1-x86_64",
            "name_regex": null,
            "owner_id": "591542846629",
            "owners": [
              "amazon"
            ],
            "platform": "",
            "platform_details": "Linux/UNIX",
            "product_codes": [],
            "public": true,
            "ramdisk_id": "",
            "region": "us-east-2",
            "root_device_name": "/dev/xvda",
            "root_device_type": "ebs",
            "root_snapshot_id": "snap-0a047dc4cda361eb8",
            "sriov_net_support": "simple",
            "state": "available",
            "state_reason": {
              "code": "UNSET",
              "message": "UNSET"
            },
            "tags": {},
            "timeouts": null,
            "tpm_support": "",
            "uefi_data": null,
            "usage_operation": "RunInstances",
            "virtualization_type": "hvm"
          },
          "sensitive_attributes": []
        }
      ]
    },
    {
      "mode": "data",
      "type": "aws_ami",
      "name": "deep_learning",
      "provider": "provider[\"registry.terraform.io/hashicorp/aws\"]",
      "instances": [
        {
          "schema_version": 0,
          "attributes": {
            "allow_unsafe_filter": null,
            "architecture": "x86_64",
            "arn": "arn:aws:ec2:us-east-2::image/ami-0e8e8b93cbdb8f2ed",
            "block_device_mappings": [
              {
                "device_name": "/dev/xvda",
                "ebs": {
                  "delete_on_termination": "true",
                  "encrypted": "false",
                  "iops": "3000",
                  "snapshot_id": "snap-054fc1b8451d53f5e",
                  "throughput": "125",
                  "volume_initialization_rate": "0",
                  "volume_size": "75",
                  "volume_type": "gp3"
                },
                "no_device": "",
                "virtual_name": ""
              }
            ],
            "boot_mode": "uefi-preferred",
            "creation_date": "2026-01-02T15:41:45.000Z",
            "deprecation_time": "2028-01-02T15:41:45.000Z",
            "description": "Supported EC2 instances: G4dn, G5, G6, Gr6, G6e, P4d, P4de, P5, P5e, P5en, P6-B200, P6-B300. Release notes: https://docs.aws.amazon.com/dlami/latest/devguide/appendix-ami-release-notes.html",
            "ena_support": true,
            "executable_users": null,
            "filter": [
              {
                "name": "architecture",
                "values": [
                  "x86_64"
                ]
              },
              {
                "name": "name",
                "values": [
                  "Deep Learning Base OSS Nvidia Driver GPU AMI (Amazon Linux 2023)*"
                ]
              },
              {
                "name": "virtualization-type",
                "values": [
                  "hvm"
                ]
              }
            ],
            "hypervisor": "xen",
            "id": "ami-0e8e8b93cbdb8f2ed",
            "image_id": "ami-0e8e8b93cbdb8f2ed",
            "image_location": "amazon/Deep Learning Base OSS Nvidia Driver GPU AMI (Amazon Linux 2023) 20260102",
            "image_owner_alias": "amazon",
            "image_type": "machine",
            "imds_support": "v2.0",
            "include_deprecated": false,
            "kernel_id": "",
            "last_launched_time": "",
            "most_recent": true,
            "name": "Deep Learning Base OSS Nvidia Driver GPU AMI (Amazon Linux 2023) 20260102",
            "name_regex": null,
            "owner_id": "898082745236",
            "owners": [
              "amazon"
            ],
            "platform": "",
            "platform_details": "Linux/UNIX",
            "product_codes": [],
            "public": true,
            "ramdisk_id": "",
            "region": "us-east-2",
            "root_device_name": "/dev/xvda",
            "root_device_type": "ebs",
            "root_snapshot_id": "snap-054fc1b8451d53f5e",
            "sriov_net_support": "simple",
            "state": "available",
            "state_reason": {
              "code": "UNSET",
              "message": "UNSET"
            },
            "tags": {},
            "timeouts": null,
            "tpm_support": "",
            "uefi_data": null,
            "usage_operation": "RunInstances",
            "virtualization_type": "hvm"
          },
          "sensitive_attributes": []
        }
      ]
    },
    {
      "mode": "data",
      "type": "aws_caller_identity",
      "name": "current",
      "provider": "provider[\"registry.terraform.io/hashicorp/aws\"]",
      "instances": [
        {
          "schema_version": 0,
          "attributes": {
            "account_id": "145880140878",
            "arn": "arn:aws:iam::145880140878:root",
            "id": "145880140878",
            "user_id": "145880140878"
          },
          "sensitive_attributes": []
        }
      ]
    },
    {
      "mode": "managed",
      "type": "aws_acm_certificate",
      "name": "api_cert",
      "provider": "provider[\"registry.terraform.io/hashicorp/aws\"].us_east_1",
      "instances": [
        {
          "schema_version": 0,
          "attributes": {
            "arn": "arn:aws:acm:us-east-1:145880140878:certificate/ea3b88f0-3206-439f-922f-2e0aceb1fb1b",
            "certificate_authority_arn": "",
            "certificate_body": null,
            "certificate_chain": null,
            "domain_name": "api.atlas-of-us.com",
            "domain_validation_options": [
              {
                "domain_name": "api.atlas-of-us.com",
                "resource_record_name": "_ee191e00261b6994eb76894413786d75.api.atlas-of-us.com.",
                "resource_record_type": "CNAME",
                "resource_record_value": "_5a1e790f9133f09fda81c4ae541b4136.xlfgrmvvlj.acm-validations.aws."
              }
            ],
            "early_renewal_duration": "",
            "id": "arn:aws:acm:us-east-1:145880140878:certificate/ea3b88f0-3206-439f-922f-2e0aceb1fb1b",
            "key_algorithm": "RSA_2048",
            "not_after": "2026-08-12T23:59:59Z",
            "not_before": "2025-07-14T00:00:00Z",
            "options": [
              {
                "certificate_transparency_logging_preference": "ENABLED",
                "export": "DISABLED"
              }
            ],
            "pending_renewal": false,
            "private_key": null,
            "region": "us-east-1",
            "renewal_eligibility": "ELIGIBLE",
            "renewal_summary": [],
            "status": "ISSUED",
            "subject_alternative_names": [
              "api.atlas-of-us.com"
            ],
            "tags": {},
            "tags_all": {},
            "type": "AMAZON_ISSUED",
            "validation_emails": [],
            "validation_method": "DNS",
            "validation_option": []
          },
          "sensitive_attributes": [],
          "private": "bnVsbA==",
          "create_before_destroy": true
        }
      ]
    },
    {
      "mode": "managed",
      "type": "aws_acm_certificate",
      "name": "cert",
      "provider": "provider[\"registry.terraform.io/hashicorp/aws\"].us_east_1",
      "instances": [
        {
          "schema_version": 0,
          "attributes": {
            "arn": "arn:aws:acm:us-east-1:145880140878:certificate/7298aefd-ec5c-40aa-9343-30ec3e4c73bf",
            "certificate_authority_arn": "",
            "certificate_body": null,
            "certificate_chain": null,
            "domain_name": "atlas-of-us.com",
            "domain_validation_options": [
              {
                "domain_name": "*.atlas-of-us.com",
                "resource_record_name": "_4c44bc137ee8cc397dbe799b25167dd1.atlas-of-us.com.",
                "resource_record_type": "CNAME",
                "resource_record_value": "_f985bff6f3cd72629461d25ad0ccb91d.djqtsrsxkq.acm-validations.aws."
              },
              {
                "domain_name": "atlas-of-us.com",
                "resource_record_name": "_4c44bc137ee8cc397dbe799b25167dd1.atlas-of-us.com.",
                "resource_record_type": "CNAME",
                "resource_record_value": "_f985bff6f3cd72629461d25ad0ccb91d.djqtsrsxkq.acm-validations.aws."
              }
            ],
            "early_renewal_duration": "",
            "id": "arn:aws:acm:us-east-1:145880140878:certificate/7298aefd-ec5c-40aa-9343-30ec3e4c73bf",
            "key_algorithm": "RSA_2048",
            "not_after": "2027-02-01T23:59:59Z",
            "not_before": "2026-01-03T00:00:00Z",
            "options": [
              {
                "certificate_transparency_logging_preference": "ENABLED",
                "export": "DISABLED"
              }
            ],
            "pending_renewal": false,
            "private_key": null,
            "region": "us-east-1",
            "renewal_eligibility": "ELIGIBLE",
            "renewal_summary": [
              {
                "renewal_status": "SUCCESS",
                "renewal_status_reason": "",
                "updated_at": "2026-01-03T02:28:17Z"
              }
            ],
            "status": "ISSUED",
            "subject_alternative_names": [
              "*.atlas-of-us.com",
              "atlas-of-us.com"
            ],
            "tags": {},
            "tags_all": {},
            "type": "AMAZON_ISSUED",
            "validation_emails": [],
            "validation_method": "DNS",
            "validation_option": []
          },
          "sensitive_attributes": [],
          "private": "bnVsbA==",
          "create_before_destroy": true
        }
      ]
    },
    {
      "mode": "managed",
      "type": "aws_acm_certificate",
      "name": "embeddings_api_cert",
      "provider": "provider[\"registry.terraform.io/hashicorp/aws\"].us_east_1",
      "instances": [
        {
          "schema_version": 0,
          "attributes": {
            "arn": "arn:aws:acm:us-east-1:145880140878:certificate/c8050149-90b6-45b2-9866-615d6947d67e",
            "certificate_authority_arn": "",
            "certificate_body": null,
            "certificate_chain": null,
            "domain_name": "embeddings.atlas-of-us.com",
            "domain_validation_options": [
              {
                "domain_name": "embeddings.atlas-of-us.com",
                "resource_record_name": "_576491ee12efeea18c637c8a264331e1.embeddings.atlas-of-us.com.",
                "resource_record_type": "CNAME",
                "resource_record_value": "_72c42f1a7f94b905d423c1b6e8d848f5.jkddzztszm.acm-validations.aws."
              }
            ],
            "early_renewal_duration": "",
            "id": "arn:aws:acm:us-east-1:145880140878:certificate/c8050149-90b6-45b2-9866-615d6947d67e",
            "key_algorithm": "RSA_2048",
            "not_after": "2027-01-28T23:59:59Z",
            "not_before": "2025-12-30T00:00:00Z",
            "options": [
              {
                "certificate_transparency_logging_preference": "ENABLED",
                "export": "DISABLED"
              }
            ],
            "pending_renewal": false,
            "private_key": null,
            "region": "us-east-1",
            "renewal_eligibility": "ELIGIBLE",
            "renewal_summary": [],
            "status": "ISSUED",
            "subject_alternative_names": [
              "embeddings.atlas-of-us.com"
            ],
            "tags": {},
            "tags_all": {},
            "type": "AMAZON_ISSUED",
            "validation_emails": [],
            "validation_method": "DNS",
            "validation_option": []
          },
          "sensitive_attributes": [],
          "private": "bnVsbA==",
          "create_before_destroy": true
        }
      ]
    },
    {
      "mode": "managed",
      "type": "aws_acm_certificate",
      "name": "image_gen_api_cert",
      "provider": "provider[\"registry.terraform.io/hashicorp/aws\"].us_east_1",
      "instances": [
        {
          "schema_version": 0,
          "attributes": {
            "arn": "arn:aws:acm:us-east-1:145880140878:certificate/e0ed50f3-1a35-4065-9db5-fc3188839125",
            "certificate_authority_arn": "",
            "certificate_body": null,
            "certificate_chain": null,
            "domain_name": "image-gen.atlas-of-us.com",
            "domain_validation_options": [
              {
                "domain_name": "image-gen.atlas-of-us.com",
                "resource_record_name": "_5ecf13b957993bbbf7a6c6d94d214e7d.image-gen.atlas-of-us.com.",
                "resource_record_type": "CNAME",
                "resource_record_value": "_2e83c8dea72a2164869f41c99889461d.jkddzztszm.acm-validations.aws."
              }
            ],
            "early_renewal_duration": "",
            "id": "arn:aws:acm:us-east-1:145880140878:certificate/e0ed50f3-1a35-4065-9db5-fc3188839125",
            "key_algorithm": "RSA_2048",
            "not_after": "2027-02-02T23:59:59Z",
            "not_before": "2026-01-04T00:00:00Z",
            "options": [
              {
                "certificate_transparency_logging_preference": "ENABLED",
                "export": "DISABLED"
              }
            ],
            "pending_renewal": false,
            "private_key": null,
            "region": "us-east-1",
            "renewal_eligibility": "ELIGIBLE",
            "renewal_summary": [],
            "status": "ISSUED",
            "subject_alternative_names": [
              "image-gen.atlas-of-us.com"
            ],
            "tags": {},
            "tags_all": {},
            "type": "AMAZON_ISSUED",
            "validation_emails": [],
            "validation_method": "DNS",
            "validation_option": []
          },
          "sensitive_attributes": [],
          "private": "bnVsbA==",
          "create_before_destroy": true
        }
      ]
    },
    {
      "mode": "managed",
      "type": "aws_acm_certificate",
      "name": "llm_api_cert",
      "provider": "provider[\"registry.terraform.io/hashicorp/aws\"].us_east_1",
      "instances": [
        {
          "schema_version": 0,
          "attributes": {
            "arn": "arn:aws:acm:us-east-1:145880140878:certificate/542a3fcb-a2b8-4058-8d28-35b38d156960",
            "certificate_authority_arn": "",
            "certificate_body": null,
            "certificate_chain": null,
            "domain_name": "llm.atlas-of-us.com",
            "domain_validation_options": [
              {
                "domain_name": "llm.atlas-of-us.com",
                "resource_record_name": "_0a81441df17d7ec9bcb68ded6c8b0d34.llm.atlas-of-us.com.",
                "resource_record_type": "CNAME",
                "resource_record_value": "_b92537b4dacf1b7573c4f6b3c547974c.jkddzztszm.acm-validations.aws."
              }
            ],
            "early_renewal_duration": "",
            "id": "arn:aws:acm:us-east-1:145880140878:certificate/542a3fcb-a2b8-4058-8d28-35b38d156960",
            "key_algorithm": "RSA_2048",
            "not_after": "2027-01-28T23:59:59Z",
            "not_before": "2025-12-30T00:00:00Z",
            "options": [
              {
                "certificate_transparency_logging_preference": "ENABLED",
                "export": "DISABLED"
              }
            ],
            "pending_renewal": false,
            "private_key": null,
            "region": "us-east-1",
            "renewal_eligibility": "ELIGIBLE",
            "renewal_summary": [],
            "status": "ISSUED",
            "subject_alternative_names": [
              "llm.atlas-of-us.com"
            ],
            "tags": {},
            "tags_all": {},
            "type": "AMAZON_ISSUED",
            "validation_emails": [],
            "validation_method": "DNS",
            "validation_option": []
          },
          "sensitive_attributes": [],
          "private": "bnVsbA==",
          "create_before_destroy": true
        }
      ]
    },
    {
      "mode": "managed",
      "type": "aws_acm_certificate_validation",
      "name": "api_cert",
      "provider": "provider[\"registry.terraform.io/hashicorp/aws\"].us_east_1",
      "instances": [
        {
          "schema_version": 0,
          "attributes": {
            "certificate_arn": "arn:aws:acm:us-east-1:145880140878:certificate/ea3b88f0-3206-439f-922f-2e0aceb1fb1b",
            "id": "2025-07-14 16:24:37.751 +0000 UTC",
            "region": "us-east-1",
            "timeouts": null,
            "validation_record_fqdns": [
              "_ee191e00261b6994eb76894413786d75.api.atlas-of-us.com"
            ]
          },
          "sensitive_attributes": [],
          "private": "eyJlMmJmYjczMC1lY2FhLTExZTYtOGY4OC0zNDM2M2JjN2M0YzAiOnsiY3JlYXRlIjo0NTAwMDAwMDAwMDAwfX0=",
          "dependencies": [
            "aws_acm_certificate.api_cert",
            "aws_route53_record.api_cert_validation",
            "aws_route53_zone.main"
          ]
        }
      ]
    },
    {
      "mode": "managed",
      "type": "aws_acm_certificate_validation",
      "name": "cert",
      "provider": "provider[\"registry.terraform.io/hashicorp/aws\"].us_east_1",
      "instances": [
        {
          "schema_version": 0,
          "attributes": {
            "certificate_arn": "arn:aws:acm:us-east-1:145880140878:certificate/7298aefd-ec5c-40aa-9343-30ec3e4c73bf",
            "id": "2025-02-02 17:34:21.963 +0000 UTC",
            "region": "us-east-1",
            "timeouts": null,
            "validation_record_fqdns": [
              "_4c44bc137ee8cc397dbe799b25167dd1.atlas-of-us.com"
            ]
          },
          "sensitive_attributes": [],
          "private": "eyJlMmJmYjczMC1lY2FhLTExZTYtOGY4OC0zNDM2M2JjN2M0YzAiOnsiY3JlYXRlIjo0NTAwMDAwMDAwMDAwfX0=",
          "dependencies": [
            "aws_acm_certificate.cert",
            "aws_route53_record.cert_validation",
            "aws_route53_zone.main"
          ]
        }
      ]
    },
    {
      "mode": "managed",
      "type": "aws_acm_certificate_validation",
      "name": "embeddings_api_cert",
      "provider": "provider[\"registry.terraform.io/hashicorp/aws\"].us_east_1",
      "instances": [
        {
          "schema_version": 0,
          "attributes": {
            "certificate_arn": "arn:aws:acm:us-east-1:145880140878:certificate/c8050149-90b6-45b2-9866-615d6947d67e",
            "id": "2025-12-30 03:27:58.32 +0000 UTC",
            "region": "us-east-1",
            "timeouts": null,
            "validation_record_fqdns": [
              "_576491ee12efeea18c637c8a264331e1.embeddings.atlas-of-us.com"
            ]
          },
          "sensitive_attributes": [],
          "private": "eyJlMmJmYjczMC1lY2FhLTExZTYtOGY4OC0zNDM2M2JjN2M0YzAiOnsiY3JlYXRlIjo0NTAwMDAwMDAwMDAwfX0=",
          "dependencies": [
            "aws_acm_certificate.embeddings_api_cert",
            "aws_route53_record.embeddings_api_cert_validation",
            "aws_route53_zone.main"
          ]
        }
      ]
    },
    {
      "mode": "managed",
      "type": "aws_acm_certificate_validation",
      "name": "image_gen_api_cert",
      "provider": "provider[\"registry.terraform.io/hashicorp/aws\"].us_east_1",
      "instances": [
        {
          "schema_version": 0,
          "attributes": {
            "certificate_arn": "arn:aws:acm:us-east-1:145880140878:certificate/e0ed50f3-1a35-4065-9db5-fc3188839125",
            "id": "2026-01-04 19:07:09.941 +0000 UTC",
            "region": "us-east-1",
            "timeouts": null,
            "validation_record_fqdns": [
              "_5ecf13b957993bbbf7a6c6d94d214e7d.image-gen.atlas-of-us.com"
            ]
          },
          "sensitive_attributes": [],
          "private": "eyJlMmJmYjczMC1lY2FhLTExZTYtOGY4OC0zNDM2M2JjN2M0YzAiOnsiY3JlYXRlIjo0NTAwMDAwMDAwMDAwfX0=",
          "dependencies": [
            "aws_acm_certificate.image_gen_api_cert",
            "aws_route53_record.image_gen_api_cert_validation",
            "aws_route53_zone.main"
          ]
        }
      ]
    },
    {
      "mode": "managed",
      "type": "aws_acm_certificate_validation",
      "name": "llm_api_cert",
      "provider": "provider[\"registry.terraform.io/hashicorp/aws\"].us_east_1",
      "instances": [
        {
          "schema_version": 0,
          "attributes": {
            "certificate_arn": "arn:aws:acm:us-east-1:145880140878:certificate/542a3fcb-a2b8-4058-8d28-35b38d156960",
            "id": "2025-12-30 03:27:55.708 +0000 UTC",
            "region": "us-east-1",
            "timeouts": null,
            "validation_record_fqdns": [
              "_0a81441df17d7ec9bcb68ded6c8b0d34.llm.atlas-of-us.com"
            ]
          },
          "sensitive_attributes": [],
          "private": "eyJlMmJmYjczMC1lY2FhLTExZTYtOGY4OC0zNDM2M2JjN2M0YzAiOnsiY3JlYXRlIjo0NTAwMDAwMDAwMDAwfX0=",
          "dependencies": [
            "aws_acm_certificate.llm_api_cert",
            "aws_route53_record.llm_api_cert_validation",
            "aws_route53_zone.main"
          ]
        }
      ]
    },
    {
      "mode": "managed",
      "type": "aws_cloudfront_distribution",
      "name": "api_cdn",
      "provider": "provider[\"registry.terraform.io/hashicorp/aws\"]",
      "instances": [
        {
          "schema_version": 1,
          "attributes": {
            "aliases": [
              "api.atlas-of-us.com"
            ],
            "anycast_ip_list_id": "",
            "arn": "arn:aws:cloudfront::145880140878:distribution/EQ1GH055NLGH8",
            "caller_reference": "terraform-20250714162505605700000001",
            "comment": "CloudFront distribution for Atlas of Us API",
            "continuous_deployment_policy_id": "",
            "custom_error_response": [],
            "default_cache_behavior": [
              {
                "allowed_methods": [
                  "DELETE",
                  "GET",
                  "HEAD",
                  "OPTIONS",
                  "PATCH",
                  "POST",
                  "PUT"
                ],
                "cache_policy_id": "",
                "cached_methods": [
                  "GET",
                  "HEAD"
                ],
                "compress": true,
                "default_ttl": 0,
                "field_level_encryption_id": "",
                "forwarded_values": [
                  {
                    "cookies": [
                      {
                        "forward": "all",
                        "whitelisted_names": []
                      }
                    ],
                    "headers": [
                      "*"
                    ],
                    "query_string": true,
                    "query_string_cache_keys": []
                  }
                ],
                "function_association": [],
                "grpc_config": [
                  {
                    "enabled": false
                  }
                ],
                "lambda_function_association": [],
                "max_ttl": 300,
                "min_ttl": 0,
                "origin_request_policy_id": "",
                "realtime_log_config_arn": "",
                "response_headers_policy_id": "",
                "smooth_streaming": false,
                "target_origin_id": "api-ec2-origin",
                "trusted_key_groups": [],
                "trusted_signers": [],
                "viewer_protocol_policy": "allow-all"
              }
            ],
            "default_root_object": "",
            "domain_name": "d30rtu2m0gr1pt.cloudfront.net",
            "enabled": true,
            "etag": "EREUN0DA0HYG8",
            "hosted_zone_id": "Z2FDTNDATAQYW2",
            "http_version": "http2",
            "id": "EQ1GH055NLGH8",
            "in_progress_validation_batches": 0,
            "is_ipv6_enabled": true,
            "last_modified_time": "2025-12-30 03:30:40.143 +0000 UTC",
            "logging_config": [],
            "logging_v1_enabled": false,
            "ordered_cache_behavior": [
              {
                "allowed_methods": [
                  "GET",
                  "HEAD"
                ],
                "cache_policy_id": "",
                "cached_methods": [
                  "GET",
                  "HEAD"
                ],
                "compress": true,
                "default_ttl": 60,
                "field_level_encryption_id": "",
                "forwarded_values": [
                  {
                    "cookies": [
                      {
                        "forward": "none",
                        "whitelisted_names": []
                      }
                    ],
                    "headers": [],
                    "query_string": false,
                    "query_string_cache_keys": []
                  }
                ],
                "function_association": [],
                "grpc_config": [
                  {
                    "enabled": false
                  }
                ],
                "lambda_function_association": [],
                "max_ttl": 300,
                "min_ttl": 0,
                "origin_request_policy_id": "",
                "path_pattern": "/health",
                "realtime_log_config_arn": "",
                "response_headers_policy_id": "",
                "smooth_streaming": false,
                "target_origin_id": "api-ec2-origin",
                "trusted_key_groups": [],
                "trusted_signers": [],
                "viewer_protocol_policy": "redirect-to-https"
              }
            ],
            "origin": [
              {
                "connection_attempts": 3,
                "connection_timeout": 10,
                "custom_header": [],
                "custom_origin_config": [
                  {
                    "http_port": 8000,
                    "https_port": 443,
                    "ip_address_type": "",
                    "origin_keepalive_timeout": 5,
                    "origin_protocol_policy": "http-only",
                    "origin_read_timeout": 30,
                    "origin_ssl_protocols": [
                      "TLSv1.2"
                    ]
                  }
                ],
                "domain_name": "ec2-3-14-89-239.us-east-2.compute.amazonaws.com",
                "origin_access_control_id": "",
                "origin_id": "api-ec2-origin",
                "origin_path": "",
                "origin_shield": [],
                "response_completion_timeout": 0,
                "s3_origin_config": [],
                "vpc_origin_config": []
              }
            ],
            "origin_group": [],
            "price_class": "PriceClass_All",
            "restrictions": [
              {
                "geo_restriction": [
                  {
                    "locations": [],
                    "restriction_type": "none"
                  }
                ]
              }
            ],
            "retain_on_delete": false,
            "staging": false,
            "status": "Deployed",
            "tags": {},
            "tags_all": {},
            "trusted_key_groups": [
              {
                "enabled": false,
                "items": []
              }
            ],
            "trusted_signers": [
              {
                "enabled": false,
                "items": []
              }
            ],
            "viewer_certificate": [
              {
                "acm_certificate_arn": "arn:aws:acm:us-east-1:145880140878:certificate/ea3b88f0-3206-439f-922f-2e0aceb1fb1b",
                "cloudfront_default_certificate": false,
                "iam_certificate_id": "",
                "minimum_protocol_version": "TLSv1.2_2019",
                "ssl_support_method": "sni-only"
              }
            ],
            "wait_for_deployment": true,
            "web_acl_id": ""
          },
          "sensitive_attributes": [],
          "private": "eyJzY2hlbWFfdmVyc2lvbiI6IjEifQ==",
          "dependencies": [
            "aws_acm_certificate.api_cert",
            "aws_acm_certificate_validation.api_cert",
            "aws_iam_instance_profile.ec2_api_profile",
            "aws_iam_role.ec2_api_role",
            "aws_instance.api_server",
            "aws_key_pair.api_server_key",
            "aws_route53_record.api_cert_validation",
            "aws_route53_zone.main",
            "aws_security_group.api_server_sg",
            "data.aws_ami.amazon_linux"
          ]
        }
      ]
    },
    {
      "mode": "managed",
      "type": "aws_cloudfront_distribution",
      "name": "cdn",
      "provider": "provider[\"registry.terraform.io/hashicorp/aws\"]",
      "instances": [
        {
          "schema_version": 1,
          "attributes": {
            "aliases": [
              "atlas-of-us.com"
            ],
            "anycast_ip_list_id": "",
            "arn": "arn:aws:cloudfront::145880140878:distribution/E1MB01X7GEIC6N",
            "caller_reference": "terraform-20250202173458057100000001",
            "comment": "CloudFront distribution for my S3 bucket",
            "continuous_deployment_policy_id": "",
            "custom_error_response": [
              {
                "error_caching_min_ttl": 0,
                "error_code": 403,
                "response_code": 200,
                "response_page_path": "/index.html"
              },
              {
                "error_caching_min_ttl": 0,
                "error_code": 404,
                "response_code": 200,
                "response_page_path": "/index.html"
              }
            ],
            "default_cache_behavior": [
              {
                "allowed_methods": [
                  "GET",
                  "HEAD"
                ],
                "cache_policy_id": "",
                "cached_methods": [
                  "GET",
                  "HEAD"
                ],
                "compress": false,
                "default_ttl": 3600,
                "field_level_encryption_id": "",
                "forwarded_values": [
                  {
                    "cookies": [
                      {
                        "forward": "none",
                        "whitelisted_names": []
                      }
                    ],
                    "headers": [],
                    "query_string": false,
                    "query_string_cache_keys": []
                  }
                ],
                "function_association": [],
                "grpc_config": [
                  {
                    "enabled": false
                  }
                ],
                "lambda_function_association": [],
                "max_ttl": 86400,
                "min_ttl": 0,
                "origin_request_policy_id": "",
                "realtime_log_config_arn": "",
                "response_headers_policy_id": "",
                "smooth_streaming": false,
                "target_origin_id": "atlas-of-us-site",
                "trusted_key_groups": [],
                "trusted_signers": [],
                "viewer_protocol_policy": "redirect-to-https"
              }
            ],
            "default_root_object": "index.html",
            "domain_name": "d16ovhwrq9ws69.cloudfront.net",
            "enabled": true,
            "etag": "E62ESSRWXOHGG",
            "hosted_zone_id": "Z2FDTNDATAQYW2",
            "http_version": "http2",
            "id": "E1MB01X7GEIC6N",
            "in_progress_validation_batches": 0,
            "is_ipv6_enabled": true,
            "last_modified_time": "2025-07-16 16:18:16.397 +0000 UTC",
            "logging_config": [],
            "logging_v1_enabled": false,
            "ordered_cache_behavior": [],
            "origin": [
              {
                "connection_attempts": 3,
                "connection_timeout": 10,
                "custom_header": [],
                "custom_origin_config": [],
                "domain_name": "atlas-of-us-site.s3.us-east-2.amazonaws.com",
                "origin_access_control_id": "",
                "origin_id": "atlas-of-us-site",
                "origin_path": "",
                "origin_shield": [],
                "response_completion_timeout": 0,
                "s3_origin_config": [
                  {
                    "origin_access_identity": "origin-access-identity/cloudfront/E2AHKCHP987I38"
                  }
                ],
                "vpc_origin_config": []
              }
            ],
            "origin_group": [],
            "price_class": "PriceClass_All",
            "restrictions": [
              {
                "geo_restriction": [
                  {
                    "locations": [],
                    "restriction_type": "none"
                  }
                ]
              }
            ],
            "retain_on_delete": false,
            "staging": false,
            "status": "Deployed",
            "tags": {},
            "tags_all": {},
            "trusted_key_groups": [
              {
                "enabled": false,
                "items": []
              }
            ],
            "trusted_signers": [
              {
                "enabled": false,
                "items": []
              }
            ],
            "viewer_certificate": [
              {
                "acm_certificate_arn": "arn:aws:acm:us-east-1:145880140878:certificate/7298aefd-ec5c-40aa-9343-30ec3e4c73bf",
                "cloudfront_default_certificate": false,
                "iam_certificate_id": "",
                "minimum_protocol_version": "TLSv1.2_2019",
                "ssl_support_method": "sni-only"
              }
            ],
            "wait_for_deployment": true,
            "web_acl_id": ""
          },
          "sensitive_attributes": [],
          "private": "eyJzY2hlbWFfdmVyc2lvbiI6IjEifQ==",
          "dependencies": [
            "aws_acm_certificate.cert",
            "aws_acm_certificate_validation.cert",
            "aws_cloudfront_origin_access_identity.oai",
            "aws_route53_record.cert_validation",
            "aws_route53_zone.main",
            "aws_s3_bucket.bucket"
          ]
        }
      ]
    },
    {
      "mode": "managed",
      "type": "aws_cloudfront_distribution",
      "name": "embeddings_api_cdn",
      "provider": "provider[\"registry.terraform.io/hashicorp/aws\"]",
      "instances": [
        {
          "schema_version": 1,
          "attributes": {
            "aliases": [
              "embeddings.atlas-of-us.com"
            ],
            "anycast_ip_list_id": "",
            "arn": "arn:aws:cloudfront::145880140878:distribution/E1M81S4NSBTZI2",
            "caller_reference": "terraform-20251230033053946500000005",
            "comment": "CloudFront distribution for Embeddings API",
            "continuous_deployment_policy_id": "",
            "custom_error_response": [],
            "default_cache_behavior": [
              {
                "allowed_methods": [
                  "DELETE",
                  "GET",
                  "HEAD",
                  "OPTIONS",
                  "PATCH",
                  "POST",
                  "PUT"
                ],
                "cache_policy_id": "",
                "cached_methods": [
                  "GET",
                  "HEAD"
                ],
                "compress": true,
                "default_ttl": 0,
                "field_level_encryption_id": "",
                "forwarded_values": [
                  {
                    "cookies": [
                      {
                        "forward": "all",
                        "whitelisted_names": []
                      }
                    ],
                    "headers": [
                      "*"
                    ],
                    "query_string": true,
                    "query_string_cache_keys": []
                  }
                ],
                "function_association": [],
                "grpc_config": [
                  {
                    "enabled": false
                  }
                ],
                "lambda_function_association": [],
                "max_ttl": 300,
                "min_ttl": 0,
                "origin_request_policy_id": "",
                "realtime_log_config_arn": "",
                "response_headers_policy_id": "",
                "smooth_streaming": false,
                "target_origin_id": "embeddings-api-ec2-origin",
                "trusted_key_groups": [],
                "trusted_signers": [],
                "viewer_protocol_policy": "redirect-to-https"
              }
            ],
            "default_root_object": "",
            "domain_name": "dd6kcz9xlpu9s.cloudfront.net",
            "enabled": true,
            "etag": "E96XOH2JEHLMW",
            "hosted_zone_id": "Z2FDTNDATAQYW2",
            "http_version": "http2",
            "id": "E1M81S4NSBTZI2",
            "in_progress_validation_batches": 0,
            "is_ipv6_enabled": true,
            "last_modified_time": "2026-01-01 20:28:24.042 +0000 UTC",
            "logging_config": [],
            "logging_v1_enabled": false,
            "ordered_cache_behavior": [
              {
                "allowed_methods": [
                  "GET",
                  "HEAD"
                ],
                "cache_policy_id": "",
                "cached_methods": [
                  "GET",
                  "HEAD"
                ],
                "compress": true,
                "default_ttl": 60,
                "field_level_encryption_id": "",
                "forwarded_values": [
                  {
                    "cookies": [
                      {
                        "forward": "none",
                        "whitelisted_names": []
                      }
                    ],
                    "headers": [],
                    "query_string": false,
                    "query_string_cache_keys": []
                  }
                ],
                "function_association": [],
                "grpc_config": [
                  {
                    "enabled": false
                  }
                ],
                "lambda_function_association": [],
                "max_ttl": 300,
                "min_ttl": 0,
                "origin_request_policy_id": "",
                "path_pattern": "/health",
                "realtime_log_config_arn": "",
                "response_headers_policy_id": "",
                "smooth_streaming": false,
                "target_origin_id": "embeddings-api-ec2-origin",
                "trusted_key_groups": [],
                "trusted_signers": [],
                "viewer_protocol_policy": "redirect-to-https"
              }
            ],
            "origin": [
              {
                "connection_attempts": 3,
                "connection_timeout": 10,
                "custom_header": [],
                "custom_origin_config": [
                  {
                    "http_port": 8080,
                    "https_port": 443,
                    "ip_address_type": "",
                    "origin_keepalive_timeout": 60,
                    "origin_protocol_policy": "http-only",
                    "origin_read_timeout": 60,
                    "origin_ssl_protocols": [
                      "TLSv1.2"
                    ]
                  }
                ],
                "domain_name": "ec2-3-133-35-128.us-east-2.compute.amazonaws.com",
                "origin_access_control_id": "",
                "origin_id": "embeddings-api-ec2-origin",
                "origin_path": "",
                "origin_shield": [],
                "response_completion_timeout": 0,
                "s3_origin_config": [],
                "vpc_origin_config": []
              }
            ],
            "origin_group": [],
            "price_class": "PriceClass_All",
            "restrictions": [
              {
                "geo_restriction": [
                  {
                    "locations": [],
                    "restriction_type": "none"
                  }
                ]
              }
            ],
            "retain_on_delete": false,
            "staging": false,
            "status": "Deployed",
            "tags": {},
            "tags_all": {},
            "trusted_key_groups": [
              {
                "enabled": false,
                "items": []
              }
            ],
            "trusted_signers": [
              {
                "enabled": false,
                "items": []
              }
            ],
            "viewer_certificate": [
              {
                "acm_certificate_arn": "arn:aws:acm:us-east-1:145880140878:certificate/c8050149-90b6-45b2-9866-615d6947d67e",
                "cloudfront_default_certificate": false,
                "iam_certificate_id": "",
                "minimum_protocol_version": "TLSv1.2_2019",
                "ssl_support_method": "sni-only"
              }
            ],
            "wait_for_deployment": true,
            "web_acl_id": ""
          },
          "sensitive_attributes": [],
          "private": "eyJzY2hlbWFfdmVyc2lvbiI6IjEifQ==",
          "dependencies": [
            "aws_acm_certificate.embeddings_api_cert",
            "aws_acm_certificate_validation.embeddings_api_cert",
            "aws_eip.embeddings_api_eip",
            "aws_iam_instance_profile.embeddings_api_ec2_profile",
            "aws_iam_role.embeddings_api_ec2_role",
            "aws_instance.embeddings_api",
            "aws_key_pair.api_server_key",
            "aws_route53_record.embeddings_api_cert_validation",
            "aws_route53_zone.main",
            "aws_security_group.embeddings_api_sg",
            "data.aws_ami.amazon_linux"
          ]
        }
      ]
    },
    {
      "mode": "managed",
      "type": "aws_cloudfront_distribution",
      "name": "image_gen_api_cdn",
      "provider": "provider[\"registry.terraform.io/hashicorp/aws\"]",
      "instances": [
        {
          "schema_version": 1,
          "attributes": {
            "aliases": [
              "image-gen.atlas-of-us.com"
            ],
            "anycast_ip_list_id": "",
            "arn": "arn:aws:cloudfront::145880140878:distribution/E1A1M8SZ0HQ39C",
            "caller_reference": "terraform-20260104190727412700000003",
            "comment": "CloudFront distribution for Image Gen API",
            "continuous_deployment_policy_id": "",
            "custom_error_response": [],
            "default_cache_behavior": [
              {
                "allowed_methods": [
                  "DELETE",
                  "GET",
                  "HEAD",
                  "OPTIONS",
                  "PATCH",
                  "POST",
                  "PUT"
                ],
                "cache_policy_id": "",
                "cached_methods": [
                  "GET",
                  "HEAD"
                ],
                "compress": true,
                "default_ttl": 0,
                "field_level_encryption_id": "",
                "forwarded_values": [
                  {
                    "cookies": [
                      {
                        "forward": "all",
                        "whitelisted_names": []
                      }
                    ],
                    "headers": [
                      "*"
                    ],
                    "query_string": true,
                    "query_string_cache_keys": []
                  }
                ],
                "function_association": [],
                "grpc_config": [
                  {
                    "enabled": false
                  }
                ],
                "lambda_function_association": [],
                "max_ttl": 300,
                "min_ttl": 0,
                "origin_request_policy_id": "",
                "realtime_log_config_arn": "",
                "response_headers_policy_id": "",
                "smooth_streaming": false,
                "target_origin_id": "image-gen-api-ec2-origin",
                "trusted_key_groups": [],
                "trusted_signers": [],
                "viewer_protocol_policy": "redirect-to-https"
              }
            ],
            "default_root_object": "",
            "domain_name": "d2y8jwu5gjnst2.cloudfront.net",
            "enabled": true,
            "etag": "E1C7EVM28AZEH5",
            "hosted_zone_id": "Z2FDTNDATAQYW2",
            "http_version": "http2",
            "id": "E1A1M8SZ0HQ39C",
            "in_progress_validation_batches": 0,
            "is_ipv6_enabled": true,
            "last_modified_time": "2026-01-04 19:07:27.691 +0000 UTC",
            "logging_config": [],
            "logging_v1_enabled": false,
            "ordered_cache_behavior": [
              {
                "allowed_methods": [
                  "GET",
                  "HEAD"
                ],
                "cache_policy_id": "",
                "cached_methods": [
                  "GET",
                  "HEAD"
                ],
                "compress": true,
                "default_ttl": 60,
                "field_level_encryption_id": "",
                "forwarded_values": [
                  {
                    "cookies": [
                      {
                        "forward": "none",
                        "whitelisted_names": []
                      }
                    ],
                    "headers": [],
                    "query_string": false,
                    "query_string_cache_keys": []
                  }
                ],
                "function_association": [],
                "grpc_config": [
                  {
                    "enabled": false
                  }
                ],
                "lambda_function_association": [],
                "max_ttl": 300,
                "min_ttl": 0,
                "origin_request_policy_id": "",
                "path_pattern": "/healthcheck",
                "realtime_log_config_arn": "",
                "response_headers_policy_id": "",
                "smooth_streaming": false,
                "target_origin_id": "image-gen-api-ec2-origin",
                "trusted_key_groups": [],
                "trusted_signers": [],
                "viewer_protocol_policy": "redirect-to-https"
              }
            ],
            "origin": [
              {
                "connection_attempts": 3,
                "connection_timeout": 10,
                "custom_header": [],
                "custom_origin_config": [
                  {
                    "http_port": 8082,
                    "https_port": 443,
                    "ip_address_type": "",
                    "origin_keepalive_timeout": 60,
                    "origin_protocol_policy": "http-only",
                    "origin_read_timeout": 60,
                    "origin_ssl_protocols": [
                      "TLSv1.2"
                    ]
                  }
                ],
                "domain_name": "ec2-3-141-157-13.us-east-2.compute.amazonaws.com",
                "origin_access_control_id": "",
                "origin_id": "image-gen-api-ec2-origin",
                "origin_path": "",
                "origin_shield": [],
                "response_completion_timeout": 0,
                "s3_origin_config": [],
                "vpc_origin_config": []
              }
            ],
            "origin_group": [],
            "price_class": "PriceClass_All",
            "restrictions": [
              {
                "geo_restriction": [
                  {
                    "locations": [],
                    "restriction_type": "none"
                  }
                ]
              }
            ],
            "retain_on_delete": false,
            "staging": false,
            "status": "Deployed",
            "tags": {},
            "tags_all": {},
            "trusted_key_groups": [
              {
                "enabled": false,
                "items": []
              }
            ],
            "trusted_signers": [
              {
                "enabled": false,
                "items": []
              }
            ],
            "viewer_certificate": [
              {
                "acm_certificate_arn": "arn:aws:acm:us-east-1:145880140878:certificate/e0ed50f3-1a35-4065-9db5-fc3188839125",
                "cloudfront_default_certificate": false,
                "iam_certificate_id": "",
                "minimum_protocol_version": "TLSv1.2_2019",
                "ssl_support_method": "sni-only"
              }
            ],
            "wait_for_deployment": true,
            "web_acl_id": ""
          },
          "sensitive_attributes": [],
          "private": "eyJzY2hlbWFfdmVyc2lvbiI6IjEifQ==",
          "dependencies": [
            "aws_acm_certificate.image_gen_api_cert",
            "aws_acm_certificate_validation.image_gen_api_cert",
            "aws_eip.image_gen_api_eip",
            "aws_iam_instance_profile.image_gen_api_ec2_profile",
            "aws_iam_role.image_gen_api_ec2_role",
            "aws_instance.image_gen_api",
            "aws_key_pair.api_server_key",
            "aws_route53_record.image_gen_api_cert_validation",
            "aws_route53_zone.main",
            "aws_security_group.image_gen_api_sg",
            "data.aws_ami.deep_learning"
          ]
        }
      ]
    },
    {
      "mode": "managed",
      "type": "aws_cloudfront_distribution",
      "name": "llm_api_cdn",
      "provider": "provider[\"registry.terraform.io/hashicorp/aws\"]",
      "instances": [
        {
          "schema_version": 1,
          "attributes": {
            "aliases": [
              "llm.atlas-of-us.com"
            ],
            "anycast_ip_list_id": "",
            "arn": "arn:aws:cloudfront::145880140878:distribution/E1S3U78HVGTFSK",
            "caller_reference": "terraform-20251230033053948000000006",
            "comment": "CloudFront distribution for LLM API",
            "continuous_deployment_policy_id": "",
            "custom_error_response": [],
            "default_cache_behavior": [
              {
                "allowed_methods": [
                  "DELETE",
                  "GET",
                  "HEAD",
                  "OPTIONS",
                  "PATCH",
                  "POST",
                  "PUT"
                ],
                "cache_policy_id": "",
                "cached_methods": [
                  "GET",
                  "HEAD"
                ],
                "compress": true,
                "default_ttl": 0,
                "field_level_encryption_id": "",
                "forwarded_values": [
                  {
                    "cookies": [
                      {
                        "forward": "all",
                        "whitelisted_names": []
                      }
                    ],
                    "headers": [
                      "*"
                    ],
                    "query_string": true,
                    "query_string_cache_keys": []
                  }
                ],
                "function_association": [],
                "grpc_config": [
                  {
                    "enabled": false
                  }
                ],
                "lambda_function_association": [],
                "max_ttl": 300,
                "min_ttl": 0,
                "origin_request_policy_id": "",
                "realtime_log_config_arn": "",
                "response_headers_policy_id": "",
                "smooth_streaming": false,
                "target_origin_id": "llm-api-ec2-origin",
                "trusted_key_groups": [],
                "trusted_signers": [],
                "viewer_protocol_policy": "redirect-to-https"
              }
            ],
            "default_root_object": "",
            "domain_name": "d3cj9d8jlyj1zd.cloudfront.net",
            "enabled": true,
            "etag": "EY8J962J4C8NX",
            "hosted_zone_id": "Z2FDTNDATAQYW2",
            "http_version": "http2",
            "id": "E1S3U78HVGTFSK",
            "in_progress_validation_batches": 0,
            "is_ipv6_enabled": true,
            "last_modified_time": "2026-01-01 20:30:44.664 +0000 UTC",
            "logging_config": [],
            "logging_v1_enabled": false,
            "ordered_cache_behavior": [
              {
                "allowed_methods": [
                  "GET",
                  "HEAD"
                ],
                "cache_policy_id": "",
                "cached_methods": [
                  "GET",
                  "HEAD"
                ],
                "compress": true,
                "default_ttl": 60,
                "field_level_encryption_id": "",
                "forwarded_values": [
                  {
                    "cookies": [
                      {
                        "forward": "none",
                        "whitelisted_names": []
                      }
                    ],
                    "headers": [],
                    "query_string": false,
                    "query_string_cache_keys": []
                  }
                ],
                "function_association": [],
                "grpc_config": [
                  {
                    "enabled": false
                  }
                ],
                "lambda_function_association": [],
                "max_ttl": 300,
                "min_ttl": 0,
                "origin_request_policy_id": "",
                "path_pattern": "/health",
                "realtime_log_config_arn": "",
                "response_headers_policy_id": "",
                "smooth_streaming": false,
                "target_origin_id": "llm-api-ec2-origin",
                "trusted_key_groups": [],
                "trusted_signers": [],
                "viewer_protocol_policy": "redirect-to-https"
              }
            ],
            "origin": [
              {
                "connection_attempts": 3,
                "connection_timeout": 10,
                "custom_header": [],
                "custom_origin_config": [
                  {
                    "http_port": 8081,
                    "https_port": 443,
                    "ip_address_type": "",
                    "origin_keepalive_timeout": 60,
                    "origin_protocol_policy": "http-only",
                    "origin_read_timeout": 60,
                    "origin_ssl_protocols": [
                      "TLSv1.2"
                    ]
                  }
                ],
                "domain_name": "ec2-3-149-97-106.us-east-2.compute.amazonaws.com",
                "origin_access_control_id": "",
                "origin_id": "llm-api-ec2-origin",
                "origin_path": "",
                "origin_shield": [],
                "response_completion_timeout": 0,
                "s3_origin_config": [],
                "vpc_origin_config": []
              }
            ],
            "origin_group": [],
            "price_class": "PriceClass_All",
            "restrictions": [
              {
                "geo_restriction": [
                  {
                    "locations": [],
                    "restriction_type": "none"
                  }
                ]
              }
            ],
            "retain_on_delete": false,
            "staging": false,
            "status": "Deployed",
            "tags": {},
            "tags_all": {},
            "trusted_key_groups": [
              {
                "enabled": false,
                "items": []
              }
            ],
            "trusted_signers": [
              {
                "enabled": false,
                "items": []
              }
            ],
            "viewer_certificate": [
              {
                "acm_certificate_arn": "arn:aws:acm:us-east-1:145880140878:certificate/542a3fcb-a2b8-4058-8d28-35b38d156960",
                "cloudfront_default_certificate": false,
                "iam_certificate_id": "",
                "minimum_protocol_version": "TLSv1.2_2019",
                "ssl_support_method": "sni-only"
              }
            ],
            "wait_for_deployment": true,
            "web_acl_id": ""
          },
          "sensitive_attributes": [],
          "private": "eyJzY2hlbWFfdmVyc2lvbiI6IjEifQ==",
          "dependencies": [
            "aws_acm_certificate.llm_api_cert",
            "aws_acm_certificate_validation.llm_api_cert",
            "aws_eip.llm_api_eip",
            "aws_iam_instance_profile.llm_api_ec2_profile",
            "aws_iam_role.llm_api_ec2_role",
            "aws_instance.llm_api",
            "aws_key_pair.api_server_key",
            "aws_route53_record.llm_api_cert_validation",
            "aws_route53_zone.main",
            "aws_security_group.llm_api_sg",
            "data.aws_ami.amazon_linux"
          ]
        }
      ]
    },
    {
      "mode": "managed",
      "type": "aws_cloudfront_origin_access_identity",
      "name": "oai",
      "provider": "provider[\"registry.terraform.io/hashicorp/aws\"]",
      "instances": [
        {
          "schema_version": 0,
          "attributes": {
            "arn": "arn:aws:cloudfront:::origin-access-identity/E2AHKCHP987I38",
            "caller_reference": "terraform-20240918204625457400000001",
            "cloudfront_access_identity_path": "origin-access-identity/cloudfront/E2AHKCHP987I38",
            "comment": "OAI for S3 bucket",
            "etag": "E1AN50Y17WIJ7D",
            "iam_arn": "arn:aws:iam::cloudfront:user/CloudFront Origin Access Identity E2AHKCHP987I38",
            "id": "E2AHKCHP987I38",
            "s3_canonical_user_id": "d0d47822f757d830edca81d75c82f0f92d4876413cf97393da96b8daea6d16cc3f622160a344fbfe4edc177c9be6043a"
          },
          "sensitive_attributes": [],
          "private": "bnVsbA=="
        }
      ]
    },
    {
      "mode": "managed",
      "type": "aws_cloudwatch_event_rule",
      "name": "ec2_shutdown_schedule",
      "provider": "provider[\"registry.terraform.io/hashicorp/aws\"]",
      "instances": [
        {
          "schema_version": 1,
          "attributes": {
            "arn": "arn:aws:events:us-east-2:145880140878:rule/ec2-shutdown-12am-est",
            "description": "Trigger EC2 shutdown at 12 AM EST daily",
            "event_bus_name": "default",
            "event_pattern": null,
            "force_destroy": false,
            "id": "ec2-shutdown-12am-est",
            "is_enabled": true,
            "name": "ec2-shutdown-12am-est",
            "name_prefix": "",
            "region": "us-east-2",
            "role_arn": "",
            "schedule_expression": "cron(0 5 * * ? *)",
            "state": "ENABLED",
            "tags": {},
            "tags_all": {}
          },
          "sensitive_attributes": [],
          "private": "eyJzY2hlbWFfdmVyc2lvbiI6IjEifQ=="
        }
      ]
    },
    {
      "mode": "managed",
      "type": "aws_cloudwatch_event_rule",
      "name": "embeddings_api_shutdown_schedule",
      "provider": "provider[\"registry.terraform.io/hashicorp/aws\"]",
      "instances": [
        {
          "schema_version": 1,
          "attributes": {
            "arn": "arn:aws:events:us-east-2:145880140878:rule/embeddings-api-shutdown-12am-est",
            "description": "Trigger embeddings API shutdown at 12 AM EST daily",
            "event_bus_name": "default",
            "event_pattern": null,
            "force_destroy": false,
            "id": "embeddings-api-shutdown-12am-est",
            "is_enabled": true,
            "name": "embeddings-api-shutdown-12am-est",
            "name_prefix": "",
            "region": "us-east-2",
            "role_arn": "",
            "schedule_expression": "cron(0 5 * * ? *)",
            "state": "ENABLED",
            "tags": {},
            "tags_all": {}
          },
          "sensitive_attributes": [],
          "private": "eyJzY2hlbWFfdmVyc2lvbiI6IjEifQ=="
        }
      ]
    },
    {
      "mode": "managed",
      "type": "aws_cloudwatch_event_rule",
      "name": "image_gen_api_shutdown_schedule",
      "provider": "provider[\"registry.terraform.io/hashicorp/aws\"]",
      "instances": [
        {
          "schema_version": 1,
          "attributes": {
            "arn": "arn:aws:events:us-east-2:145880140878:rule/image-gen-api-shutdown-12am-est",
            "description": "Trigger Image Gen API shutdown at 12 AM EST daily",
            "event_bus_name": "default",
            "event_pattern": null,
            "force_destroy": false,
            "id": "image-gen-api-shutdown-12am-est",
            "is_enabled": true,
            "name": "image-gen-api-shutdown-12am-est",
            "name_prefix": "",
            "region": "us-east-2",
            "role_arn": "",
            "schedule_expression": "cron(0 5 * * ? *)",
            "state": "ENABLED",
            "tags": {},
            "tags_all": {}
          },
          "sensitive_attributes": [],
          "private": "eyJzY2hlbWFfdmVyc2lvbiI6IjEifQ=="
        }
      ]
    },
    {
      "mode": "managed",
      "type": "aws_cloudwatch_event_rule",
      "name": "llm_api_shutdown_schedule",
      "provider": "provider[\"registry.terraform.io/hashicorp/aws\"]",
      "instances": [
        {
          "schema_version": 1,
          "attributes": {
            "arn": "arn:aws:events:us-east-2:145880140878:rule/llm-api-shutdown-12am-est",
            "description": "Trigger LLM API shutdown at 12 AM EST daily",
            "event_bus_name": "default",
            "event_pattern": null,
            "force_destroy": false,
            "id": "llm-api-shutdown-12am-est",
            "is_enabled": true,
            "name": "llm-api-shutdown-12am-est",
            "name_prefix": "",
            "region": "us-east-2",
            "role_arn": "",
            "schedule_expression": "cron(0 5 * * ? *)",
            "state": "ENABLED",
            "tags": {},
            "tags_all": {}
          },
          "sensitive_attributes": [],
          "private": "eyJzY2hlbWFfdmVyc2lvbiI6IjEifQ=="
        }
      ]
    },
    {
      "mode": "managed",
      "type": "aws_cloudwatch_event_target",
      "name": "embeddings_api_shutdown_target",
      "provider": "provider[\"registry.terraform.io/hashicorp/aws\"]",
      "instances": [
        {
          "schema_version": 1,
          "attributes": {
            "appsync_target": [],
            "arn": "arn:aws:lambda:us-east-2:145880140878:function:embeddings-api-shutdown",
            "batch_target": [],
            "dead_letter_config": [],
            "ecs_target": [],
            "event_bus_name": "default",
            "force_destroy": false,
            "http_target": [],
            "id": "embeddings-api-shutdown-12am-est-TriggerEmbeddingsApiShutdown",
            "input": "",
            "input_path": "",
            "input_transformer": [],
            "kinesis_target": [],
            "redshift_target": [],
            "region": "us-east-2",
            "retry_policy": [],
            "role_arn": "",
            "rule": "embeddings-api-shutdown-12am-est",
            "run_command_targets": [],
            "sagemaker_pipeline_target": [],
            "sqs_target": [],
            "target_id": "TriggerEmbeddingsApiShutdown"
          },
          "sensitive_attributes": [],
          "private": "eyJzY2hlbWFfdmVyc2lvbiI6IjEifQ==",
          "dependencies": [
            "aws_cloudwatch_event_rule.embeddings_api_shutdown_schedule",
            "aws_iam_instance_profile.embeddings_api_ec2_profile",
            "aws_iam_role.embeddings_api_ec2_role",
            "aws_iam_role.embeddings_api_shutdown_lambda_role",
            "aws_instance.embeddings_api",
            "aws_key_pair.api_server_key",
            "aws_lambda_function.embeddings_api_shutdown",
            "aws_security_group.embeddings_api_sg",
            "data.archive_file.embeddings_api_shutdown_zip",
            "data.aws_ami.amazon_linux"
          ]
        }
      ]
    },
    {
      "mode": "managed",
      "type": "aws_cloudwatch_event_target",
      "name": "image_gen_api_shutdown_target",
      "provider": "provider[\"registry.terraform.io/hashicorp/aws\"]",
      "instances": [
        {
          "schema_version": 1,
          "attributes": {
            "appsync_target": [],
            "arn": "arn:aws:lambda:us-east-2:145880140878:function:image-gen-api-shutdown",
            "batch_target": [],
            "dead_letter_config": [],
            "ecs_target": [],
            "event_bus_name": "default",
            "force_destroy": false,
            "http_target": [],
            "id": "image-gen-api-shutdown-12am-est-TriggerImageGenApiShutdown",
            "input": "",
            "input_path": "",
            "input_transformer": [],
            "kinesis_target": [],
            "redshift_target": [],
            "region": "us-east-2",
            "retry_policy": [],
            "role_arn": "",
            "rule": "image-gen-api-shutdown-12am-est",
            "run_command_targets": [],
            "sagemaker_pipeline_target": [],
            "sqs_target": [],
            "target_id": "TriggerImageGenApiShutdown"
          },
          "sensitive_attributes": [],
          "private": "eyJzY2hlbWFfdmVyc2lvbiI6IjEifQ==",
          "dependencies": [
            "aws_cloudwatch_event_rule.image_gen_api_shutdown_schedule",
            "aws_iam_instance_profile.image_gen_api_ec2_profile",
            "aws_iam_role.image_gen_api_ec2_role",
            "aws_iam_role.image_gen_api_shutdown_lambda_role",
            "aws_instance.image_gen_api",
            "aws_key_pair.api_server_key",
            "aws_lambda_function.image_gen_api_shutdown",
            "aws_security_group.image_gen_api_sg",
            "data.archive_file.image_gen_api_shutdown_zip",
            "data.aws_ami.deep_learning"
          ]
        }
      ]
    },
    {
      "mode": "managed",
      "type": "aws_cloudwatch_event_target",
      "name": "lambda_target",
      "provider": "provider[\"registry.terraform.io/hashicorp/aws\"]",
      "instances": [
        {
          "schema_version": 1,
          "attributes": {
            "appsync_target": [],
            "arn": "arn:aws:lambda:us-east-2:145880140878:function:ec2-auto-shutdown",
            "batch_target": [],
            "dead_letter_config": [],
            "ecs_target": [],
            "event_bus_name": "default",
            "force_destroy": false,
            "http_target": [],
            "id": "ec2-shutdown-12am-est-TriggerLambda",
            "input": "",
            "input_path": "",
            "input_transformer": [],
            "kinesis_target": [],
            "redshift_target": [],
            "region": "us-east-2",
            "retry_policy": [],
            "role_arn": "",
            "rule": "ec2-shutdown-12am-est",
            "run_command_targets": [],
            "sagemaker_pipeline_target": [],
            "sqs_target": [],
            "target_id": "TriggerLambda"
          },
          "sensitive_attributes": [],
          "private": "eyJzY2hlbWFfdmVyc2lvbiI6IjEifQ==",
          "dependencies": [
            "aws_cloudwatch_event_rule.ec2_shutdown_schedule",
            "aws_iam_instance_profile.ec2_api_profile",
            "aws_iam_role.ec2_api_role",
            "aws_iam_role.ec2_scheduler_lambda_role",
            "aws_instance.api_server",
            "aws_key_pair.api_server_key",
            "aws_lambda_function.ec2_scheduler",
            "aws_security_group.api_server_sg",
            "data.archive_file.ec2_scheduler_zip",
            "data.aws_ami.amazon_linux"
          ]
        }
      ]
    },
    {
      "mode": "managed",
      "type": "aws_cloudwatch_event_target",
      "name": "llm_api_shutdown_target",
      "provider": "provider[\"registry.terraform.io/hashicorp/aws\"]",
      "instances": [
        {
          "schema_version": 1,
          "attributes": {
            "appsync_target": [],
            "arn": "arn:aws:lambda:us-east-2:145880140878:function:llm-api-shutdown",
            "batch_target": [],
            "dead_letter_config": [],
            "ecs_target": [],
            "event_bus_name": "default",
            "force_destroy": false,
            "http_target": [],
            "id": "llm-api-shutdown-12am-est-TriggerLlmApiShutdown",
            "input": "",
            "input_path": "",
            "input_transformer": [],
            "kinesis_target": [],
            "redshift_target": [],
            "region": "us-east-2",
            "retry_policy": [],
            "role_arn": "",
            "rule": "llm-api-shutdown-12am-est",
            "run_command_targets": [],
            "sagemaker_pipeline_target": [],
            "sqs_target": [],
            "target_id": "TriggerLlmApiShutdown"
          },
          "sensitive_attributes": [],
          "private": "eyJzY2hlbWFfdmVyc2lvbiI6IjEifQ==",
          "dependencies": [
            "aws_cloudwatch_event_rule.llm_api_shutdown_schedule",
            "aws_iam_instance_profile.llm_api_ec2_profile",
            "aws_iam_role.llm_api_ec2_role",
            "aws_iam_role.llm_api_shutdown_lambda_role",
            "aws_instance.llm_api",
            "aws_key_pair.api_server_key",
            "aws_lambda_function.llm_api_shutdown",
            "aws_security_group.llm_api_sg",
            "data.archive_file.llm_api_shutdown_zip",
            "data.aws_ami.amazon_linux"
          ]
        }
      ]
    },
    {
      "mode": "managed",
      "type": "aws_cloudwatch_log_group",
      "name": "api_logs",
      "provider": "provider[\"registry.terraform.io/hashicorp/aws\"]",
      "instances": [
        {
          "schema_version": 0,
          "attributes": {
            "arn": "arn:aws:logs:us-east-2:145880140878:log-group:/aws/ec2/atlas-of-us-api",
            "deletion_protection_enabled": false,
            "id": "/aws/ec2/atlas-of-us-api",
            "kms_key_id": "",
            "log_group_class": "STANDARD",
            "name": "/aws/ec2/atlas-of-us-api",
            "name_prefix": "",
            "region": "us-east-2",
            "retention_in_days": 14,
            "skip_destroy": false,
            "tags": {},
            "tags_all": {}
          },
          "sensitive_attributes": [],
          "private": "bnVsbA=="
        }
      ]
    },
    {
      "mode": "managed",
      "type": "aws_cloudwatch_log_group",
      "name": "domain_worker_logs",
      "provider": "provider[\"registry.terraform.io/hashicorp/aws\"]",
      "instances": [
        {
          "schema_version": 0,
          "attributes": {
            "arn": "arn:aws:logs:us-east-2:145880140878:log-group:/aws/lambda/domain-node-worker",
            "deletion_protection_enabled": false,
            "id": "/aws/lambda/domain-node-worker",
            "kms_key_id": "",
            "log_group_class": "STANDARD",
            "name": "/aws/lambda/domain-node-worker",
            "name_prefix": "",
            "region": "us-east-2",
            "retention_in_days": 14,
            "skip_destroy": false,
            "tags": {},
            "tags_all": {}
          },
          "sensitive_attributes": [],
          "private": "bnVsbA=="
        }
      ]
    },
    {
      "mode": "managed",
      "type": "aws_cloudwatch_log_group",
      "name": "embeddings_api_logs",
      "provider": "provider[\"registry.terraform.io/hashicorp/aws\"]",
      "instances": [
        {
          "schema_version": 0,
          "attributes": {
            "arn": "arn:aws:logs:us-east-2:145880140878:log-group:/aws/ec2/embeddings-api",
            "deletion_protection_enabled": false,
            "id": "/aws/ec2/embeddings-api",
            "kms_key_id": "",
            "log_group_class": "STANDARD",
            "name": "/aws/ec2/embeddings-api",
            "name_prefix": "",
            "region": "us-east-2",
            "retention_in_days": 14,
            "skip_destroy": false,
            "tags": {},
            "tags_all": {}
          },
          "sensitive_attributes": [],
          "private": "bnVsbA=="
        }
      ]
    },
    {
      "mode": "managed",
      "type": "aws_cloudwatch_log_group",
      "name": "image_gen_api_logs",
      "provider": "provider[\"registry.terraform.io/hashicorp/aws\"]",
      "instances": [
        {
          "schema_version": 0,
          "attributes": {
            "arn": "arn:aws:logs:us-east-2:145880140878:log-group:/aws/ec2/image-gen-api",
            "deletion_protection_enabled": false,
            "id": "/aws/ec2/image-gen-api",
            "kms_key_id": "",
            "log_group_class": "STANDARD",
            "name": "/aws/ec2/image-gen-api",
            "name_prefix": "",
            "region": "us-east-2",
            "retention_in_days": 14,
            "skip_destroy": false,
            "tags": {},
            "tags_all": {}
          },
          "sensitive_attributes": [],
          "private": "bnVsbA=="
        }
      ]
    },
    {
      "mode": "managed",
      "type": "aws_cloudwatch_log_group",
      "name": "image_gen_processor_logs",
      "provider": "provider[\"registry.terraform.io/hashicorp/aws\"]",
      "instances": [
        {
          "schema_version": 0,
          "attributes": {
            "arn": "arn:aws:logs:us-east-2:145880140878:log-group:/aws/lambda/image-gen-processor",
            "deletion_protection_enabled": false,
            "id": "/aws/lambda/image-gen-processor",
            "kms_key_id": "",
            "log_group_class": "STANDARD",
            "name": "/aws/lambda/image-gen-processor",
            "name_prefix": "",
            "region": "us-east-2",
            "retention_in_days": 14,
            "skip_destroy": false,
            "tags": {},
            "tags_all": {}
          },
          "sensitive_attributes": [],
          "private": "bnVsbA=="
        }
      ]
    },
    {
      "mode": "managed",
      "type": "aws_cloudwatch_log_group",
      "name": "llm_api_logs",
      "provider": "provider[\"registry.terraform.io/hashicorp/aws\"]",
      "instances": [
        {
          "schema_version": 0,
          "attributes": {
            "arn": "arn:aws:logs:us-east-2:145880140878:log-group:/aws/ec2/llm-api",
            "deletion_protection_enabled": false,
            "id": "/aws/ec2/llm-api",
            "kms_key_id": "",
            "log_group_class": "STANDARD",
            "name": "/aws/ec2/llm-api",
            "name_prefix": "",
            "region": "us-east-2",
            "retention_in_days": 14,
            "skip_destroy": false,
            "tags": {},
            "tags_all": {}
          },
          "sensitive_attributes": [],
          "private": "bnVsbA=="
        }
      ]
    },
    {
      "mode": "managed",
      "type": "aws_cloudwatch_metric_alarm",
      "name": "embeddings_api_5xx_alarm",
      "provider": "provider[\"registry.terraform.io/hashicorp/aws\"]",
      "instances": [
        {
          "schema_version": 1,
          "attributes": {
            "actions_enabled": true,
            "alarm_actions": [
              "arn:aws:sns:us-east-2:145880140878:embeddings-api-5xx-alarm"
            ],
            "alarm_description": "Triggers when embeddings API returns 5xx errors (likely instance is down)",
            "alarm_name": "embeddings-api-5xx-errors",
            "arn": "arn:aws:cloudwatch:us-east-2:145880140878:alarm:embeddings-api-5xx-errors",
            "comparison_operator": "GreaterThanThreshold",
            "datapoints_to_alarm": 0,
            "dimensions": {
              "DistributionId": "E1M81S4NSBTZI2",
              "Region": "Global"
            },
            "evaluate_low_sample_count_percentiles": "",
            "evaluation_periods": 1,
            "extended_statistic": "",
            "id": "embeddings-api-5xx-errors",
            "insufficient_data_actions": [],
            "metric_name": "5xxErrorRate",
            "metric_query": [],
            "namespace": "AWS/CloudFront",
            "ok_actions": [],
            "period": 60,
            "region": "us-east-2",
            "statistic": "Average",
            "tags": {},
            "tags_all": {},
            "threshold": 0,
            "threshold_metric_id": "",
            "treat_missing_data": "notBreaching",
            "unit": ""
          },
          "sensitive_attributes": [],
          "private": "eyJzY2hlbWFfdmVyc2lvbiI6IjEifQ==",
          "dependencies": [
            "aws_acm_certificate.embeddings_api_cert",
            "aws_acm_certificate_validation.embeddings_api_cert",
            "aws_cloudfront_distribution.embeddings_api_cdn",
            "aws_eip.embeddings_api_eip",
            "aws_iam_instance_profile.embeddings_api_ec2_profile",
            "aws_iam_role.embeddings_api_ec2_role",
            "aws_instance.embeddings_api",
            "aws_key_pair.api_server_key",
            "aws_route53_record.embeddings_api_cert_validation",
            "aws_route53_zone.main",
            "aws_security_group.embeddings_api_sg",
            "aws_sns_topic.embeddings_api_alarm_topic",
            "data.aws_ami.amazon_linux"
          ]
        }
      ]
    },
    {
      "mode": "managed",
      "type": "aws_cloudwatch_metric_alarm",
      "name": "llm_api_5xx_alarm",
      "provider": "provider[\"registry.terraform.io/hashicorp/aws\"]",
      "instances": [
        {
          "schema_version": 1,
          "attributes": {
            "actions_enabled": true,
            "alarm_actions": [
              "arn:aws:sns:us-east-2:145880140878:llm-api-5xx-alarm"
            ],
            "alarm_description": "Triggers when LLM API returns 5xx errors (likely instance is down)",
            "alarm_name": "llm-api-5xx-errors",
            "arn": "arn:aws:cloudwatch:us-east-2:145880140878:alarm:llm-api-5xx-errors",
            "comparison_operator": "GreaterThanThreshold",
            "datapoints_to_alarm": 0,
            "dimensions": {
              "DistributionId": "E1S3U78HVGTFSK",
              "Region": "Global"
            },
            "evaluate_low_sample_count_percentiles": "",
            "evaluation_periods": 1,
            "extended_statistic": "",
            "id": "llm-api-5xx-errors",
            "insufficient_data_actions": [],
            "metric_name": "5xxErrorRate",
            "metric_query": [],
            "namespace": "AWS/CloudFront",
            "ok_actions": [],
            "period": 60,
            "region": "us-east-2",
            "statistic": "Average",
            "tags": {},
            "tags_all": {},
            "threshold": 0,
            "threshold_metric_id": "",
            "treat_missing_data": "notBreaching",
            "unit": ""
          },
          "sensitive_attributes": [],
          "private": "eyJzY2hlbWFfdmVyc2lvbiI6IjEifQ==",
          "dependencies": [
            "aws_acm_certificate.llm_api_cert",
            "aws_acm_certificate_validation.llm_api_cert",
            "aws_cloudfront_distribution.llm_api_cdn",
            "aws_eip.llm_api_eip",
            "aws_iam_instance_profile.llm_api_ec2_profile",
            "aws_iam_role.llm_api_ec2_role",
            "aws_instance.llm_api",
            "aws_key_pair.api_server_key",
            "aws_route53_record.llm_api_cert_validation",
            "aws_route53_zone.main",
            "aws_security_group.llm_api_sg",
            "aws_sns_topic.llm_api_alarm_topic",
            "data.aws_ami.amazon_linux"
          ]
        }
      ]
    },
    {
      "mode": "managed",
      "type": "aws_eip",
      "name": "api_server_eip",
      "provider": "provider[\"registry.terraform.io/hashicorp/aws\"]",
      "instances": [
        {
          "schema_version": 0,
          "attributes": {
            "address": null,
            "allocation_id": "eipalloc-02510a57068f4f7a9",
            "arn": "arn:aws:ec2:us-east-2::elastic-ip/eipalloc-02510a57068f4f7a9",
            "associate_with_private_ip": null,
            "association_id": "eipassoc-0bc2baada12892a4f",
            "carrier_ip": "",
            "customer_owned_ip": "",
            "customer_owned_ipv4_pool": "",
            "domain": "vpc",
            "id": "eipalloc-02510a57068f4f7a9",
            "instance": "i-051318ee93be12225",
            "ipam_pool_id": null,
            "network_border_group": "us-east-2",
            "network_interface": "eni-010364fdaa285f987",
            "private_dns": "ip-172-31-41-33.us-east-2.compute.internal",
            "private_ip": "172.31.41.33",
            "ptr_record": "",
            "public_dns": "ec2-3-14-89-239.us-east-2.compute.amazonaws.com",
            "public_ip": "3.14.89.239",
            "public_ipv4_pool": "amazon",
            "region": "us-east-2",
            "tags": {
              "Name": "atlas-of-us-api-eip"
            },
            "tags_all": {
              "Name": "atlas-of-us-api-eip"
            },
            "timeouts": null
          },
          "sensitive_attributes": [],
          "private": "eyJlMmJmYjczMC1lY2FhLTExZTYtOGY4OC0zNDM2M2JjN2M0YzAiOnsiZGVsZXRlIjoxODAwMDAwMDAwMDAsInJlYWQiOjkwMDAwMDAwMDAwMCwidXBkYXRlIjozMDAwMDAwMDAwMDB9fQ==",
          "dependencies": [
            "aws_iam_instance_profile.ec2_api_profile",
            "aws_iam_role.ec2_api_role",
            "aws_instance.api_server",
            "aws_key_pair.api_server_key",
            "aws_security_group.api_server_sg",
            "data.aws_ami.amazon_linux"
          ]
        }
      ]
    },
    {
      "mode": "managed",
      "type": "aws_eip",
      "name": "embeddings_api_eip",
      "provider": "provider[\"registry.terraform.io/hashicorp/aws\"]",
      "instances": [
        {
          "schema_version": 0,
          "attributes": {
            "address": null,
            "allocation_id": "eipalloc-0882d8b3707503c84",
            "arn": "arn:aws:ec2:us-east-2::elastic-ip/eipalloc-0882d8b3707503c84",
            "associate_with_private_ip": null,
            "association_id": "eipassoc-08c2e4d0d6e11a5f4",
            "carrier_ip": "",
            "customer_owned_ip": "",
            "customer_owned_ipv4_pool": "",
            "domain": "vpc",
            "id": "eipalloc-0882d8b3707503c84",
            "instance": "i-084072b8cd9b8de16",
            "ipam_pool_id": null,
            "network_border_group": "us-east-2",
            "network_interface": "eni-0696d56dedeabad52",
            "private_dns": "ip-172-31-47-251.us-east-2.compute.internal",
            "private_ip": "172.31.47.251",
            "ptr_record": "",
            "public_dns": "ec2-3-133-35-128.us-east-2.compute.amazonaws.com",
            "public_ip": "3.133.35.128",
            "public_ipv4_pool": "amazon",
            "region": "us-east-2",
            "tags": {
              "Name": "embeddings-api-eip"
            },
            "tags_all": {
              "Name": "embeddings-api-eip"
            },
            "timeouts": null
          },
          "sensitive_attributes": [],
          "private": "eyJlMmJmYjczMC1lY2FhLTExZTYtOGY4OC0zNDM2M2JjN2M0YzAiOnsiZGVsZXRlIjoxODAwMDAwMDAwMDAsInJlYWQiOjkwMDAwMDAwMDAwMCwidXBkYXRlIjozMDAwMDAwMDAwMDB9fQ==",
          "dependencies": [
            "aws_iam_instance_profile.embeddings_api_ec2_profile",
            "aws_iam_role.embeddings_api_ec2_role",
            "aws_instance.embeddings_api",
            "aws_key_pair.api_server_key",
            "aws_security_group.embeddings_api_sg",
            "data.aws_ami.amazon_linux"
          ]
        }
      ]
    },
    {
      "mode": "managed",
      "type": "aws_eip",
      "name": "image_gen_api_eip",
      "provider": "provider[\"registry.terraform.io/hashicorp/aws\"]",
      "instances": [
        {
          "schema_version": 0,
          "attributes": {
            "address": null,
            "allocation_id": "eipalloc-02e00d9c7603c049c",
            "arn": "arn:aws:ec2:us-east-2::elastic-ip/eipalloc-02e00d9c7603c049c",
            "associate_with_private_ip": null,
            "association_id": "eipassoc-0f5c406f07e96d283",
            "carrier_ip": "",
            "customer_owned_ip": "",
            "customer_owned_ipv4_pool": "",
            "domain": "vpc",
            "id": "eipalloc-02e00d9c7603c049c",
            "instance": "i-019eea96fc8e8609b",
            "ipam_pool_id": null,
            "network_border_group": "us-east-2",
            "network_interface": "eni-0b9b3250d7c0aeb27",
            "private_dns": "ip-172-31-35-192.us-east-2.compute.internal",
            "private_ip": "172.31.35.192",
            "ptr_record": "",
            "public_dns": "ec2-3-141-157-13.us-east-2.compute.amazonaws.com",
            "public_ip": "3.141.157.13",
            "public_ipv4_pool": "amazon",
            "region": "us-east-2",
            "tags": {
              "Name": "image-gen-api-eip"
            },
            "tags_all": {
              "Name": "image-gen-api-eip"
            },
            "timeouts": null
          },
          "sensitive_attributes": [],
          "private": "eyJlMmJmYjczMC1lY2FhLTExZTYtOGY4OC0zNDM2M2JjN2M0YzAiOnsiZGVsZXRlIjoxODAwMDAwMDAwMDAsInJlYWQiOjkwMDAwMDAwMDAwMCwidXBkYXRlIjozMDAwMDAwMDAwMDB9fQ==",
          "dependencies": [
            "aws_iam_instance_profile.image_gen_api_ec2_profile",
            "aws_iam_role.image_gen_api_ec2_role",
            "aws_instance.image_gen_api",
            "aws_key_pair.api_server_key",
            "aws_security_group.image_gen_api_sg",
            "data.aws_ami.deep_learning"
          ]
        }
      ]
    },
    {
      "mode": "managed",
      "type": "aws_eip",
      "name": "llm_api_eip",
      "provider": "provider[\"registry.terraform.io/hashicorp/aws\"]",
      "instances": [
        {
          "schema_version": 0,
          "attributes": {
            "address": null,
            "allocation_id": "eipalloc-09d45163de989368c",
            "arn": "arn:aws:ec2:us-east-2::elastic-ip/eipalloc-09d45163de989368c",
            "associate_with_private_ip": null,
            "association_id": "eipassoc-0cef9630563f981ff",
            "carrier_ip": "",
            "customer_owned_ip": "",
            "customer_owned_ipv4_pool": "",
            "domain": "vpc",
            "id": "eipalloc-09d45163de989368c",
            "instance": "i-00288443bdb2180d6",
            "ipam_pool_id": null,
            "network_border_group": "us-east-2",
            "network_interface": "eni-05b7f53b83fbaeb5d",
            "private_dns": "ip-172-31-32-89.us-east-2.compute.internal",
            "private_ip": "172.31.32.89",
            "ptr_record": "",
            "public_dns": "ec2-3-149-97-106.us-east-2.compute.amazonaws.com",
            "public_ip": "3.149.97.106",
            "public_ipv4_pool": "amazon",
            "region": "us-east-2",
            "tags": {
              "Name": "llm-api-eip"
            },
            "tags_all": {
              "Name": "llm-api-eip"
            },
            "timeouts": null
          },
          "sensitive_attributes": [],
          "private": "eyJlMmJmYjczMC1lY2FhLTExZTYtOGY4OC0zNDM2M2JjN2M0YzAiOnsiZGVsZXRlIjoxODAwMDAwMDAwMDAsInJlYWQiOjkwMDAwMDAwMDAwMCwidXBkYXRlIjozMDAwMDAwMDAwMDB9fQ==",
          "dependencies": [
            "aws_iam_instance_profile.llm_api_ec2_profile",
            "aws_iam_role.llm_api_ec2_role",
            "aws_instance.llm_api",
            "aws_key_pair.api_server_key",
            "aws_security_group.llm_api_sg",
            "data.aws_ami.amazon_linux"
          ]
        }
      ]
    },
    {
      "mode": "managed",
      "type": "aws_iam_instance_profile",
      "name": "ec2_api_profile",
      "provider": "provider[\"registry.terraform.io/hashicorp/aws\"]",
      "instances": [
        {
          "schema_version": 0,
          "attributes": {
            "arn": "arn:aws:iam::145880140878:instance-profile/ec2-api-profile",
            "create_date": "2025-07-14T15:19:39Z",
            "id": "ec2-api-profile",
            "name": "ec2-api-profile",
            "name_prefix": "",
            "path": "/",
            "role": "ec2-api-role",
            "tags": {},
            "tags_all": {},
            "unique_id": "AIPASD5ZCJRHOWJRZG4HQ"
          },
          "sensitive_attributes": [],
          "private": "bnVsbA==",
          "dependencies": [
            "aws_iam_role.ec2_api_role"
          ]
        }
      ]
    },
    {
      "mode": "managed",
      "type": "aws_iam_instance_profile",
      "name": "embeddings_api_ec2_profile",
      "provider": "provider[\"registry.terraform.io/hashicorp/aws\"]",
      "instances": [
        {
          "schema_version": 0,
          "attributes": {
            "arn": "arn:aws:iam::145880140878:instance-profile/embeddings-api-ec2-profile",
            "create_date": "2025-12-30T03:27:38Z",
            "id": "embeddings-api-ec2-profile",
            "name": "embeddings-api-ec2-profile",
            "name_prefix": "",
            "path": "/",
            "role": "embeddings-api-ec2-role",
            "tags": {},
            "tags_all": {},
            "unique_id": "AIPASD5ZCJRHPH6CSWYLY"
          },
          "sensitive_attributes": [],
          "private": "bnVsbA==",
          "dependencies": [
            "aws_iam_role.embeddings_api_ec2_role"
          ]
        }
      ]
    },
    {
      "mode": "managed",
      "type": "aws_iam_instance_profile",
      "name": "image_gen_api_ec2_profile",
      "provider": "provider[\"registry.terraform.io/hashicorp/aws\"]",
      "instances": [
        {
          "schema_version": 0,
          "attributes": {
            "arn": "arn:aws:iam::145880140878:instance-profile/image-gen-api-ec2-profile",
            "create_date": "2026-01-04T19:06:48Z",
            "id": "image-gen-api-ec2-profile",
            "name": "image-gen-api-ec2-profile",
            "name_prefix": "",
            "path": "/",
            "role": "image-gen-api-ec2-role",
            "tags": {},
            "tags_all": {},
            "unique_id": "AIPASD5ZCJRHETEEIJLCY"
          },
          "sensitive_attributes": [],
          "private": "bnVsbA==",
          "dependencies": [
            "aws_iam_role.image_gen_api_ec2_role"
          ]
        }
      ]
    },
    {
      "mode": "managed",
      "type": "aws_iam_instance_profile",
      "name": "llm_api_ec2_profile",
      "provider": "provider[\"registry.terraform.io/hashicorp/aws\"]",
      "instances": [
        {
          "schema_version": 0,
          "attributes": {
            "arn": "arn:aws:iam::145880140878:instance-profile/llm-api-ec2-profile",
            "create_date": "2025-12-30T03:27:38Z",
            "id": "llm-api-ec2-profile",
            "name": "llm-api-ec2-profile",
            "name_prefix": "",
            "path": "/",
            "role": "llm-api-ec2-role",
            "tags": {},
            "tags_all": {},
            "unique_id": "AIPASD5ZCJRHNQPECLGUS"
          },
          "sensitive_attributes": [],
          "private": "bnVsbA==",
          "dependencies": [
            "aws_iam_role.llm_api_ec2_role"
          ]
        }
      ]
    },
    {
      "mode": "managed",
      "type": "aws_iam_role",
      "name": "domain_worker_role",
      "provider": "provider[\"registry.terraform.io/hashicorp/aws\"]",
      "instances": [
        {
          "schema_version": 0,
          "attributes": {
            "arn": "arn:aws:iam::145880140878:role/domain-worker-lambda-role",
            "assume_role_policy": "{\"Statement\":[{\"Action\":\"sts:AssumeRole\",\"Effect\":\"Allow\",\"Principal\":{\"Service\":\"lambda.amazonaws.com\"}}],\"Version\":\"2012-10-17\"}",
            "create_date": "2026-01-04T20:08:55Z",
            "description": "",
            "force_detach_policies": false,
            "id": "domain-worker-lambda-role",
            "inline_policy": [
              {
                "name": "domain-worker-policy",
                "policy": "{\"Version\":\"2012-10-17\",\"Statement\":[{\"Action\":[\"logs:CreateLogGroup\",\"logs:CreateLogStream\",\"logs:PutLogEvents\"],\"Effect\":\"Allow\",\"Resource\":\"arn:aws:logs:*:*:*\"},{\"Action\":[\"sqs:ReceiveMessage\",\"sqs:DeleteMessage\",\"sqs:GetQueueAttributes\",\"sqs:SendMessage\",\"sqs:ChangeMessageVisibility\"],\"Effect\":\"Allow\",\"Resource\":[\"arn:aws:sqs:us-east-2:145880140878:domain-node-jobs\",\"arn:aws:sqs:us-east-2:145880140878:domain-node-jobs-dlq\"]}]}"
              }
            ],
            "managed_policy_arns": [],
            "max_session_duration": 3600,
            "name": "domain-worker-lambda-role",
            "name_prefix": "",
            "path": "/",
            "permissions_boundary": "",
            "tags": {},
            "tags_all": {},
            "unique_id": "AROASD5ZCJRHOIJK76CLP"
          },
          "sensitive_attributes": [],
          "private": "bnVsbA=="
        }
      ]
    },
    {
      "mode": "managed",
      "type": "aws_iam_role",
      "name": "ec2_api_role",
      "provider": "provider[\"registry.terraform.io/hashicorp/aws\"]",
      "instances": [
        {
          "schema_version": 0,
          "attributes": {
            "arn": "arn:aws:iam::145880140878:role/ec2-api-role",
            "assume_role_policy": "{\"Statement\":[{\"Action\":\"sts:AssumeRole\",\"Effect\":\"Allow\",\"Principal\":{\"Service\":\"ec2.amazonaws.com\"}}],\"Version\":\"2012-10-17\"}",
            "create_date": "2025-07-14T15:19:39Z",
            "description": "",
            "force_detach_policies": false,
            "id": "ec2-api-role",
            "inline_policy": [
              {
                "name": "ec2-api-policy",
                "policy": "{\"Version\":\"2012-10-17\",\"Statement\":[{\"Action\":[\"logs:CreateLogGroup\",\"logs:CreateLogStream\",\"logs:PutLogEvents\",\"s3:GetObject\",\"s3:PutObject\",\"s3:ListBucket\"],\"Effect\":\"Allow\",\"Resource\":\"*\"}]}"
              }
            ],
            "managed_policy_arns": [],
            "max_session_duration": 3600,
            "name": "ec2-api-role",
            "name_prefix": "",
            "path": "/",
            "permissions_boundary": "",
            "tags": {},
            "tags_all": {},
            "unique_id": "AROASD5ZCJRHDSPBMHK5B"
          },
          "sensitive_attributes": [],
          "private": "bnVsbA=="
        }
      ]
    },
    {
      "mode": "managed",
      "type": "aws_iam_role",
      "name": "ec2_scheduler_lambda_role",
      "provider": "provider[\"registry.terraform.io/hashicorp/aws\"]",
      "instances": [
        {
          "schema_version": 0,
          "attributes": {
            "arn": "arn:aws:iam::145880140878:role/ec2-scheduler-lambda-role",
            "assume_role_policy": "{\"Statement\":[{\"Action\":\"sts:AssumeRole\",\"Effect\":\"Allow\",\"Principal\":{\"Service\":\"lambda.amazonaws.com\"}}],\"Version\":\"2012-10-17\"}",
            "create_date": "2025-07-16T15:44:26Z",
            "description": "",
            "force_detach_policies": false,
            "id": "ec2-scheduler-lambda-role",
            "inline_policy": [
              {
                "name": "ec2-scheduler-lambda-policy",
                "policy": "{\"Version\":\"2012-10-17\",\"Statement\":[{\"Action\":[\"logs:CreateLogGroup\",\"logs:CreateLogStream\",\"logs:PutLogEvents\"],\"Effect\":\"Allow\",\"Resource\":\"arn:aws:logs:*:*:*\"},{\"Action\":[\"ec2:DescribeInstances\",\"ec2:StopInstances\"],\"Effect\":\"Allow\",\"Resource\":\"*\"}]}"
              }
            ],
            "managed_policy_arns": [],
            "max_session_duration": 3600,
            "name": "ec2-scheduler-lambda-role",
            "name_prefix": "",
            "path": "/",
            "permissions_boundary": "",
            "tags": {},
            "tags_all": {},
            "unique_id": "AROASD5ZCJRHB34ACYT2B"
          },
          "sensitive_attributes": [],
          "private": "bnVsbA=="
        }
      ]
    },
    {
      "mode": "managed",
      "type": "aws_iam_role",
      "name": "embeddings_api_ec2_role",
      "provider": "provider[\"registry.terraform.io/hashicorp/aws\"]",
      "instances": [
        {
          "schema_version": 0,
          "attributes": {
            "arn": "arn:aws:iam::145880140878:role/embeddings-api-ec2-role",
            "assume_role_policy": "{\"Statement\":[{\"Action\":\"sts:AssumeRole\",\"Effect\":\"Allow\",\"Principal\":{\"Service\":\"ec2.amazonaws.com\"}}],\"Version\":\"2012-10-17\"}",
            "create_date": "2025-12-30T03:27:37Z",
            "description": "",
            "force_detach_policies": false,
            "id": "embeddings-api-ec2-role",
            "inline_policy": [
              {
                "name": "embeddings-api-ec2-policy",
                "policy": "{\"Version\":\"2012-10-17\",\"Statement\":[{\"Action\":[\"logs:CreateLogGroup\",\"logs:CreateLogStream\",\"logs:PutLogEvents\"],\"Effect\":\"Allow\",\"Resource\":\"*\"}]}"
              }
            ],
            "managed_policy_arns": [],
            "max_session_duration": 3600,
            "name": "embeddings-api-ec2-role",
            "name_prefix": "",
            "path": "/",
            "permissions_boundary": "",
            "tags": {},
            "tags_all": {},
            "unique_id": "AROASD5ZCJRHMOEIKDEGY"
          },
          "sensitive_attributes": [],
          "private": "bnVsbA=="
        }
      ]
    },
    {
      "mode": "managed",
      "type": "aws_iam_role",
      "name": "embeddings_api_shutdown_lambda_role",
      "provider": "provider[\"registry.terraform.io/hashicorp/aws\"]",
      "instances": [
        {
          "schema_version": 0,
          "attributes": {
            "arn": "arn:aws:iam::145880140878:role/embeddings-api-shutdown-lambda-role",
            "assume_role_policy": "{\"Statement\":[{\"Action\":\"sts:AssumeRole\",\"Effect\":\"Allow\",\"Principal\":{\"Service\":\"lambda.amazonaws.com\"}}],\"Version\":\"2012-10-17\"}",
            "create_date": "2025-12-30T03:27:37Z",
            "description": "",
            "force_detach_policies": false,
            "id": "embeddings-api-shutdown-lambda-role",
            "inline_policy": [
              {
                "name": "embeddings-api-shutdown-lambda-policy",
                "policy": "{\"Version\":\"2012-10-17\",\"Statement\":[{\"Action\":[\"logs:CreateLogGroup\",\"logs:CreateLogStream\",\"logs:PutLogEvents\"],\"Effect\":\"Allow\",\"Resource\":\"arn:aws:logs:*:*:*\"},{\"Action\":[\"ec2:DescribeInstances\",\"ec2:StopInstances\"],\"Effect\":\"Allow\",\"Resource\":\"*\"}]}"
              }
            ],
            "managed_policy_arns": [],
            "max_session_duration": 3600,
            "name": "embeddings-api-shutdown-lambda-role",
            "name_prefix": "",
            "path": "/",
            "permissions_boundary": "",
            "tags": {},
            "tags_all": {},
            "unique_id": "AROASD5ZCJRHH6ZELENBN"
          },
          "sensitive_attributes": [],
          "private": "bnVsbA=="
        }
      ]
    },
    {
      "mode": "managed",
      "type": "aws_iam_role",
      "name": "embeddings_api_startup_lambda_role",
      "provider": "provider[\"registry.terraform.io/hashicorp/aws\"]",
      "instances": [
        {
          "schema_version": 0,
          "attributes": {
            "arn": "arn:aws:iam::145880140878:role/embeddings-api-startup-lambda-role",
            "assume_role_policy": "{\"Statement\":[{\"Action\":\"sts:AssumeRole\",\"Effect\":\"Allow\",\"Principal\":{\"Service\":\"lambda.amazonaws.com\"}}],\"Version\":\"2012-10-17\"}",
            "create_date": "2025-12-30T03:27:37Z",
            "description": "",
            "force_detach_policies": false,
            "id": "embeddings-api-startup-lambda-role",
            "inline_policy": [
              {
                "name": "embeddings-api-startup-lambda-policy",
                "policy": "{\"Version\":\"2012-10-17\",\"Statement\":[{\"Action\":[\"logs:CreateLogGroup\",\"logs:CreateLogStream\",\"logs:PutLogEvents\"],\"Effect\":\"Allow\",\"Resource\":\"arn:aws:logs:*:*:*\"},{\"Action\":[\"ec2:DescribeInstances\",\"ec2:StartInstances\"],\"Effect\":\"Allow\",\"Resource\":\"*\"}]}"
              }
            ],
            "managed_policy_arns": [],
            "max_session_duration": 3600,
            "name": "embeddings-api-startup-lambda-role",
            "name_prefix": "",
            "path": "/",
            "permissions_boundary": "",
            "tags": {},
            "tags_all": {},
            "unique_id": "AROASD5ZCJRHDK4HP3VPN"
          },
          "sensitive_attributes": [],
          "private": "bnVsbA=="
        }
      ]
    },
    {
      "mode": "managed",
      "type": "aws_iam_role",
      "name": "image_gen_api_ec2_role",
      "provider": "provider[\"registry.terraform.io/hashicorp/aws\"]",
      "instances": [
        {
          "schema_version": 0,
          "attributes": {
            "arn": "arn:aws:iam::145880140878:role/image-gen-api-ec2-role",
            "assume_role_policy": "{\"Statement\":[{\"Action\":\"sts:AssumeRole\",\"Effect\":\"Allow\",\"Principal\":{\"Service\":\"ec2.amazonaws.com\"}}],\"Version\":\"2012-10-17\"}",
            "create_date": "2026-01-04T19:06:48Z",
            "description": "",
            "force_detach_policies": false,
            "id": "image-gen-api-ec2-role",
            "inline_policy": [
              {
                "name": "image-gen-api-ec2-policy",
                "policy": "{\"Version\":\"2012-10-17\",\"Statement\":[{\"Action\":[\"logs:CreateLogGroup\",\"logs:CreateLogStream\",\"logs:PutLogEvents\"],\"Effect\":\"Allow\",\"Resource\":\"*\"}]}"
              }
            ],
            "managed_policy_arns": [],
            "max_session_duration": 3600,
            "name": "image-gen-api-ec2-role",
            "name_prefix": "",
            "path": "/",
            "permissions_boundary": "",
            "tags": {},
            "tags_all": {},
            "unique_id": "AROASD5ZCJRHHRHKWVICO"
          },
          "sensitive_attributes": [],
          "private": "bnVsbA=="
        }
      ]
    },
    {
      "mode": "managed",
      "type": "aws_iam_role",
      "name": "image_gen_api_shutdown_lambda_role",
      "provider": "provider[\"registry.terraform.io/hashicorp/aws\"]",
      "instances": [
        {
          "schema_version": 0,
          "attributes": {
            "arn": "arn:aws:iam::145880140878:role/image-gen-api-shutdown-lambda-role",
            "assume_role_policy": "{\"Statement\":[{\"Action\":\"sts:AssumeRole\",\"Effect\":\"Allow\",\"Principal\":{\"Service\":\"lambda.amazonaws.com\"}}],\"Version\":\"2012-10-17\"}",
            "create_date": "2026-01-04T19:06:48Z",
            "description": "",
            "force_detach_policies": false,
            "id": "image-gen-api-shutdown-lambda-role",
            "inline_policy": [
              {
                "name": "image-gen-api-shutdown-lambda-policy",
                "policy": "{\"Version\":\"2012-10-17\",\"Statement\":[{\"Action\":[\"logs:CreateLogGroup\",\"logs:CreateLogStream\",\"logs:PutLogEvents\"],\"Effect\":\"Allow\",\"Resource\":\"arn:aws:logs:*:*:*\"},{\"Action\":[\"ec2:DescribeInstances\",\"ec2:StopInstances\"],\"Effect\":\"Allow\",\"Resource\":\"*\"}]}"
              }
            ],
            "managed_policy_arns": [],
            "max_session_duration": 3600,
            "name": "image-gen-api-shutdown-lambda-role",
            "name_prefix": "",
            "path": "/",
            "permissions_boundary": "",
            "tags": {},
            "tags_all": {},
            "unique_id": "AROASD5ZCJRHC5WWXG34F"
          },
          "sensitive_attributes": [],
          "private": "bnVsbA=="
        }
      ]
    },
    {
      "mode": "managed",
      "type": "aws_iam_role",
      "name": "image_gen_processor_role",
      "provider": "provider[\"registry.terraform.io/hashicorp/aws\"]",
      "instances": [
        {
          "schema_version": 0,
          "attributes": {
            "arn": "arn:aws:iam::145880140878:role/image-gen-processor-lambda-role",
            "assume_role_policy": "{\"Statement\":[{\"Action\":\"sts:AssumeRole\",\"Effect\":\"Allow\",\"Principal\":{\"Service\":\"lambda.amazonaws.com\"}}],\"Version\":\"2012-10-17\"}",
            "create_date": "2026-01-04T19:06:48Z",
            "description": "",
            "force_detach_policies": false,
            "id": "image-gen-processor-lambda-role",
            "inline_policy": [
              {
                "name": "image-gen-processor-policy",
                "policy": "{\"Version\":\"2012-10-17\",\"Statement\":[{\"Action\":[\"logs:CreateLogGroup\",\"logs:CreateLogStream\",\"logs:PutLogEvents\"],\"Effect\":\"Allow\",\"Resource\":\"arn:aws:logs:*:*:*\"},{\"Action\":[\"sqs:ReceiveMessage\",\"sqs:DeleteMessage\",\"sqs:GetQueueAttributes\",\"sqs:SendMessage\",\"sqs:ChangeMessageVisibility\"],\"Effect\":\"Allow\",\"Resource\":[\"arn:aws:sqs:us-east-2:145880140878:image-gen-jobs\",\"arn:aws:sqs:us-east-2:145880140878:image-gen-jobs-dlq\"]},{\"Action\":[\"ec2:DescribeInstances\",\"ec2:StartInstances\"],\"Effect\":\"Allow\",\"Resource\":\"*\"},{\"Action\":[\"s3:PutObject\",\"s3:PutObjectAcl\"],\"Effect\":\"Allow\",\"Resource\":\"arn:aws:s3:::atlas-of-us-general-bucket/*\"}]}"
              }
            ],
            "managed_policy_arns": [],
            "max_session_duration": 3600,
            "name": "image-gen-processor-lambda-role",
            "name_prefix": "",
            "path": "/",
            "permissions_boundary": "",
            "tags": {},
            "tags_all": {},
            "unique_id": "AROASD5ZCJRHF73Q6FYDA"
          },
          "sensitive_attributes": [],
          "private": "bnVsbA=="
        }
      ]
    },
    {
      "mode": "managed",
      "type": "aws_iam_role",
      "name": "llm_api_ec2_role",
      "provider": "provider[\"registry.terraform.io/hashicorp/aws\"]",
      "instances": [
        {
          "schema_version": 0,
          "attributes": {
            "arn": "arn:aws:iam::145880140878:role/llm-api-ec2-role",
            "assume_role_policy": "{\"Statement\":[{\"Action\":\"sts:AssumeRole\",\"Effect\":\"Allow\",\"Principal\":{\"Service\":\"ec2.amazonaws.com\"}}],\"Version\":\"2012-10-17\"}",
            "create_date": "2025-12-30T03:27:37Z",
            "description": "",
            "force_detach_policies": false,
            "id": "llm-api-ec2-role",
            "inline_policy": [
              {
                "name": "llm-api-ec2-policy",
                "policy": "{\"Version\":\"2012-10-17\",\"Statement\":[{\"Action\":[\"logs:CreateLogGroup\",\"logs:CreateLogStream\",\"logs:PutLogEvents\"],\"Effect\":\"Allow\",\"Resource\":\"*\"}]}"
              }
            ],
            "managed_policy_arns": [],
            "max_session_duration": 3600,
            "name": "llm-api-ec2-role",
            "name_prefix": "",
            "path": "/",
            "permissions_boundary": "",
            "tags": {},
            "tags_all": {},
            "unique_id": "AROASD5ZCJRHCWMZHSDJR"
          },
          "sensitive_attributes": [],
          "private": "bnVsbA=="
        }
      ]
    },
    {
      "mode": "managed",
      "type": "aws_iam_role",
      "name": "llm_api_shutdown_lambda_role",
      "provider": "provider[\"registry.terraform.io/hashicorp/aws\"]",
      "instances": [
        {
          "schema_version": 0,
          "attributes": {
            "arn": "arn:aws:iam::145880140878:role/llm-api-shutdown-lambda-role",
            "assume_role_policy": "{\"Statement\":[{\"Action\":\"sts:AssumeRole\",\"Effect\":\"Allow\",\"Principal\":{\"Service\":\"lambda.amazonaws.com\"}}],\"Version\":\"2012-10-17\"}",
            "create_date": "2025-12-30T03:27:37Z",
            "description": "",
            "force_detach_policies": false,
            "id": "llm-api-shutdown-lambda-role",
            "inline_policy": [
              {
                "name": "llm-api-shutdown-lambda-policy",
                "policy": "{\"Version\":\"2012-10-17\",\"Statement\":[{\"Action\":[\"logs:CreateLogGroup\",\"logs:CreateLogStream\",\"logs:PutLogEvents\"],\"Effect\":\"Allow\",\"Resource\":\"arn:aws:logs:*:*:*\"},{\"Action\":[\"ec2:DescribeInstances\",\"ec2:StopInstances\"],\"Effect\":\"Allow\",\"Resource\":\"*\"}]}"
              }
            ],
            "managed_policy_arns": [],
            "max_session_duration": 3600,
            "name": "llm-api-shutdown-lambda-role",
            "name_prefix": "",
            "path": "/",
            "permissions_boundary": "",
            "tags": {},
            "tags_all": {},
            "unique_id": "AROASD5ZCJRHD6UF22JUG"
          },
          "sensitive_attributes": [],
          "private": "bnVsbA=="
        }
      ]
    },
    {
      "mode": "managed",
      "type": "aws_iam_role",
      "name": "llm_api_startup_lambda_role",
      "provider": "provider[\"registry.terraform.io/hashicorp/aws\"]",
      "instances": [
        {
          "schema_version": 0,
          "attributes": {
            "arn": "arn:aws:iam::145880140878:role/llm-api-startup-lambda-role",
            "assume_role_policy": "{\"Statement\":[{\"Action\":\"sts:AssumeRole\",\"Effect\":\"Allow\",\"Principal\":{\"Service\":\"lambda.amazonaws.com\"}}],\"Version\":\"2012-10-17\"}",
            "create_date": "2025-12-30T03:27:37Z",
            "description": "",
            "force_detach_policies": false,
            "id": "llm-api-startup-lambda-role",
            "inline_policy": [
              {
                "name": "llm-api-startup-lambda-policy",
                "policy": "{\"Version\":\"2012-10-17\",\"Statement\":[{\"Action\":[\"logs:CreateLogGroup\",\"logs:CreateLogStream\",\"logs:PutLogEvents\"],\"Effect\":\"Allow\",\"Resource\":\"arn:aws:logs:*:*:*\"},{\"Action\":[\"ec2:DescribeInstances\",\"ec2:StartInstances\"],\"Effect\":\"Allow\",\"Resource\":\"*\"}]}"
              }
            ],
            "managed_policy_arns": [],
            "max_session_duration": 3600,
            "name": "llm-api-startup-lambda-role",
            "name_prefix": "",
            "path": "/",
            "permissions_boundary": "",
            "tags": {},
            "tags_all": {},
            "unique_id": "AROASD5ZCJRHA4NQPCRE7"
          },
          "sensitive_attributes": [],
          "private": "bnVsbA=="
        }
      ]
    },
    {
      "mode": "managed",
      "type": "aws_iam_role_policy",
      "name": "domain_worker_policy",
      "provider": "provider[\"registry.terraform.io/hashicorp/aws\"]",
      "instances": [
        {
          "schema_version": 0,
          "attributes": {
            "id": "domain-worker-lambda-role:domain-worker-policy",
            "name": "domain-worker-policy",
            "name_prefix": "",
            "policy": "{\"Version\":\"2012-10-17\",\"Statement\":[{\"Action\":[\"logs:CreateLogGroup\",\"logs:CreateLogStream\",\"logs:PutLogEvents\"],\"Effect\":\"Allow\",\"Resource\":\"arn:aws:logs:*:*:*\"},{\"Action\":[\"sqs:ReceiveMessage\",\"sqs:DeleteMessage\",\"sqs:GetQueueAttributes\",\"sqs:SendMessage\",\"sqs:ChangeMessageVisibility\"],\"Effect\":\"Allow\",\"Resource\":[\"arn:aws:sqs:us-east-2:145880140878:domain-node-jobs\",\"arn:aws:sqs:us-east-2:145880140878:domain-node-jobs-dlq\"]}]}",
            "role": "domain-worker-lambda-role"
          },
          "sensitive_attributes": [],
          "private": "bnVsbA==",
          "dependencies": [
            "aws_iam_role.domain_worker_role",
            "aws_sqs_queue.domain_node_jobs",
            "aws_sqs_queue.domain_node_jobs_dlq"
          ]
        }
      ]
    },
    {
      "mode": "managed",
      "type": "aws_iam_role_policy",
      "name": "ec2_api_policy",
      "provider": "provider[\"registry.terraform.io/hashicorp/aws\"]",
      "instances": [
        {
          "schema_version": 0,
          "attributes": {
            "id": "ec2-api-role:ec2-api-policy",
            "name": "ec2-api-policy",
            "name_prefix": "",
            "policy": "{\"Version\":\"2012-10-17\",\"Statement\":[{\"Action\":[\"logs:CreateLogGroup\",\"logs:CreateLogStream\",\"logs:PutLogEvents\",\"s3:GetObject\",\"s3:PutObject\",\"s3:ListBucket\"],\"Effect\":\"Allow\",\"Resource\":\"*\"}]}",
            "role": "ec2-api-role"
          },
          "sensitive_attributes": [],
          "private": "bnVsbA==",
          "dependencies": [
            "aws_iam_role.ec2_api_role"
          ]
        }
      ]
    },
    {
      "mode": "managed",
      "type": "aws_iam_role_policy",
      "name": "ec2_scheduler_lambda_policy",
      "provider": "provider[\"registry.terraform.io/hashicorp/aws\"]",
      "instances": [
        {
          "schema_version": 0,
          "attributes": {
            "id": "ec2-scheduler-lambda-role:ec2-scheduler-lambda-policy",
            "name": "ec2-scheduler-lambda-policy",
            "name_prefix": "",
            "policy": "{\"Version\":\"2012-10-17\",\"Statement\":[{\"Action\":[\"logs:CreateLogGroup\",\"logs:CreateLogStream\",\"logs:PutLogEvents\"],\"Effect\":\"Allow\",\"Resource\":\"arn:aws:logs:*:*:*\"},{\"Action\":[\"ec2:DescribeInstances\",\"ec2:StopInstances\"],\"Effect\":\"Allow\",\"Resource\":\"*\"}]}",
            "role": "ec2-scheduler-lambda-role"
          },
          "sensitive_attributes": [],
          "private": "bnVsbA==",
          "dependencies": [
            "aws_iam_role.ec2_scheduler_lambda_role"
          ]
        }
      ]
    },
    {
      "mode": "managed",
      "type": "aws_iam_role_policy",
      "name": "embeddings_api_ec2_policy",
      "provider": "provider[\"registry.terraform.io/hashicorp/aws\"]",
      "instances": [
        {
          "schema_version": 0,
          "attributes": {
            "id": "embeddings-api-ec2-role:embeddings-api-ec2-policy",
            "name": "embeddings-api-ec2-policy",
            "name_prefix": "",
            "policy": "{\"Version\":\"2012-10-17\",\"Statement\":[{\"Action\":[\"logs:CreateLogGroup\",\"logs:CreateLogStream\",\"logs:PutLogEvents\"],\"Effect\":\"Allow\",\"Resource\":\"*\"}]}",
            "role": "embeddings-api-ec2-role"
          },
          "sensitive_attributes": [],
          "private": "bnVsbA==",
          "dependencies": [
            "aws_iam_role.embeddings_api_ec2_role"
          ]
        }
      ]
    },
    {
      "mode": "managed",
      "type": "aws_iam_role_policy",
      "name": "embeddings_api_shutdown_lambda_policy",
      "provider": "provider[\"registry.terraform.io/hashicorp/aws\"]",
      "instances": [
        {
          "schema_version": 0,
          "attributes": {
            "id": "embeddings-api-shutdown-lambda-role:embeddings-api-shutdown-lambda-policy",
            "name": "embeddings-api-shutdown-lambda-policy",
            "name_prefix": "",
            "policy": "{\"Version\":\"2012-10-17\",\"Statement\":[{\"Action\":[\"logs:CreateLogGroup\",\"logs:CreateLogStream\",\"logs:PutLogEvents\"],\"Effect\":\"Allow\",\"Resource\":\"arn:aws:logs:*:*:*\"},{\"Action\":[\"ec2:DescribeInstances\",\"ec2:StopInstances\"],\"Effect\":\"Allow\",\"Resource\":\"*\"}]}",
            "role": "embeddings-api-shutdown-lambda-role"
          },
          "sensitive_attributes": [],
          "private": "bnVsbA==",
          "dependencies": [
            "aws_iam_role.embeddings_api_shutdown_lambda_role"
          ]
        }
      ]
    },
    {
      "mode": "managed",
      "type": "aws_iam_role_policy",
      "name": "embeddings_api_startup_lambda_policy",
      "provider": "provider[\"registry.terraform.io/hashicorp/aws\"]",
      "instances": [
        {
          "schema_version": 0,
          "attributes": {
            "id": "embeddings-api-startup-lambda-role:embeddings-api-startup-lambda-policy",
            "name": "embeddings-api-startup-lambda-policy",
            "name_prefix": "",
            "policy": "{\"Version\":\"2012-10-17\",\"Statement\":[{\"Action\":[\"logs:CreateLogGroup\",\"logs:CreateLogStream\",\"logs:PutLogEvents\"],\"Effect\":\"Allow\",\"Resource\":\"arn:aws:logs:*:*:*\"},{\"Action\":[\"ec2:DescribeInstances\",\"ec2:StartInstances\"],\"Effect\":\"Allow\",\"Resource\":\"*\"}]}",
            "role": "embeddings-api-startup-lambda-role"
          },
          "sensitive_attributes": [],
          "private": "bnVsbA==",
          "dependencies": [
            "aws_iam_role.embeddings_api_startup_lambda_role"
          ]
        }
      ]
    },
    {
      "mode": "managed",
      "type": "aws_iam_role_policy",
      "name": "image_gen_api_ec2_policy",
      "provider": "provider[\"registry.terraform.io/hashicorp/aws\"]",
      "instances": [
        {
          "schema_version": 0,
          "attributes": {
            "id": "image-gen-api-ec2-role:image-gen-api-ec2-policy",
            "name": "image-gen-api-ec2-policy",
            "name_prefix": "",
            "policy": "{\"Version\":\"2012-10-17\",\"Statement\":[{\"Action\":[\"logs:CreateLogGroup\",\"logs:CreateLogStream\",\"logs:PutLogEvents\"],\"Effect\":\"Allow\",\"Resource\":\"*\"}]}",
            "role": "image-gen-api-ec2-role"
          },
          "sensitive_attributes": [],
          "private": "bnVsbA==",
          "dependencies": [
            "aws_iam_role.image_gen_api_ec2_role"
          ]
        }
      ]
    },
    {
      "mode": "managed",
      "type": "aws_iam_role_policy",
      "name": "image_gen_api_shutdown_lambda_policy",
      "provider": "provider[\"registry.terraform.io/hashicorp/aws\"]",
      "instances": [
        {
          "schema_version": 0,
          "attributes": {
            "id": "image-gen-api-shutdown-lambda-role:image-gen-api-shutdown-lambda-policy",
            "name": "image-gen-api-shutdown-lambda-policy",
            "name_prefix": "",
            "policy": "{\"Version\":\"2012-10-17\",\"Statement\":[{\"Action\":[\"logs:CreateLogGroup\",\"logs:CreateLogStream\",\"logs:PutLogEvents\"],\"Effect\":\"Allow\",\"Resource\":\"arn:aws:logs:*:*:*\"},{\"Action\":[\"ec2:DescribeInstances\",\"ec2:StopInstances\"],\"Effect\":\"Allow\",\"Resource\":\"*\"}]}",
            "role": "image-gen-api-shutdown-lambda-role"
          },
          "sensitive_attributes": [],
          "private": "bnVsbA==",
          "dependencies": [
            "aws_iam_role.image_gen_api_shutdown_lambda_role"
          ]
        }
      ]
    },
    {
      "mode": "managed",
      "type": "aws_iam_role_policy",
      "name": "image_gen_processor_policy",
      "provider": "provider[\"registry.terraform.io/hashicorp/aws\"]",
      "instances": [
        {
          "schema_version": 0,
          "attributes": {
            "id": "image-gen-processor-lambda-role:image-gen-processor-policy",
            "name": "image-gen-processor-policy",
            "name_prefix": "",
            "policy": "{\"Version\":\"2012-10-17\",\"Statement\":[{\"Action\":[\"logs:CreateLogGroup\",\"logs:CreateLogStream\",\"logs:PutLogEvents\"],\"Effect\":\"Allow\",\"Resource\":\"arn:aws:logs:*:*:*\"},{\"Action\":[\"sqs:ReceiveMessage\",\"sqs:DeleteMessage\",\"sqs:GetQueueAttributes\",\"sqs:SendMessage\",\"sqs:ChangeMessageVisibility\"],\"Effect\":\"Allow\",\"Resource\":[\"arn:aws:sqs:us-east-2:145880140878:image-gen-jobs\",\"arn:aws:sqs:us-east-2:145880140878:image-gen-jobs-dlq\"]},{\"Action\":[\"ec2:DescribeInstances\",\"ec2:StartInstances\"],\"Effect\":\"Allow\",\"Resource\":\"*\"},{\"Action\":[\"s3:PutObject\",\"s3:PutObjectAcl\"],\"Effect\":\"Allow\",\"Resource\":\"arn:aws:s3:::atlas-of-us-general-bucket/*\"}]}",
            "role": "image-gen-processor-lambda-role"
          },
          "sensitive_attributes": [],
          "private": "bnVsbA==",
          "dependencies": [
            "aws_iam_role.image_gen_processor_role",
            "aws_s3_bucket.general_bucket",
            "aws_sqs_queue.image_gen_dlq",
            "aws_sqs_queue.image_gen_jobs"
          ]
        }
      ]
    },
    {
      "mode": "managed",
      "type": "aws_iam_role_policy",
      "name": "llm_api_ec2_policy",
      "provider": "provider[\"registry.terraform.io/hashicorp/aws\"]",
      "instances": [
        {
          "schema_version": 0,
          "attributes": {
            "id": "llm-api-ec2-role:llm-api-ec2-policy",
            "name": "llm-api-ec2-policy",
            "name_prefix": "",
            "policy": "{\"Version\":\"2012-10-17\",\"Statement\":[{\"Action\":[\"logs:CreateLogGroup\",\"logs:CreateLogStream\",\"logs:PutLogEvents\"],\"Effect\":\"Allow\",\"Resource\":\"*\"}]}",
            "role": "llm-api-ec2-role"
          },
          "sensitive_attributes": [],
          "private": "bnVsbA==",
          "dependencies": [
            "aws_iam_role.llm_api_ec2_role"
          ]
        }
      ]
    },
    {
      "mode": "managed",
      "type": "aws_iam_role_policy",
      "name": "llm_api_shutdown_lambda_policy",
      "provider": "provider[\"registry.terraform.io/hashicorp/aws\"]",
      "instances": [
        {
          "schema_version": 0,
          "attributes": {
            "id": "llm-api-shutdown-lambda-role:llm-api-shutdown-lambda-policy",
            "name": "llm-api-shutdown-lambda-policy",
            "name_prefix": "",
            "policy": "{\"Version\":\"2012-10-17\",\"Statement\":[{\"Action\":[\"logs:CreateLogGroup\",\"logs:CreateLogStream\",\"logs:PutLogEvents\"],\"Effect\":\"Allow\",\"Resource\":\"arn:aws:logs:*:*:*\"},{\"Action\":[\"ec2:DescribeInstances\",\"ec2:StopInstances\"],\"Effect\":\"Allow\",\"Resource\":\"*\"}]}",
            "role": "llm-api-shutdown-lambda-role"
          },
          "sensitive_attributes": [],
          "private": "bnVsbA==",
          "dependencies": [
            "aws_iam_role.llm_api_shutdown_lambda_role"
          ]
        }
      ]
    },
    {
      "mode": "managed",
      "type": "aws_iam_role_policy",
      "name": "llm_api_startup_lambda_policy",
      "provider": "provider[\"registry.terraform.io/hashicorp/aws\"]",
      "instances": [
        {
          "schema_version": 0,
          "attributes": {
            "id": "llm-api-startup-lambda-role:llm-api-startup-lambda-policy",
            "name": "llm-api-startup-lambda-policy",
            "name_prefix": "",
            "policy": "{\"Version\":\"2012-10-17\",\"Statement\":[{\"Action\":[\"logs:CreateLogGroup\",\"logs:CreateLogStream\",\"logs:PutLogEvents\"],\"Effect\":\"Allow\",\"Resource\":\"arn:aws:logs:*:*:*\"},{\"Action\":[\"ec2:DescribeInstances\",\"ec2:StartInstances\"],\"Effect\":\"Allow\",\"Resource\":\"*\"}]}",
            "role": "llm-api-startup-lambda-role"
          },
          "sensitive_attributes": [],
          "private": "bnVsbA==",
          "dependencies": [
            "aws_iam_role.llm_api_startup_lambda_role"
          ]
        }
      ]
    },
    {
      "mode": "managed",
      "type": "aws_instance",
      "name": "api_server",
      "provider": "provider[\"registry.terraform.io/hashicorp/aws\"]",
      "instances": [
        {
          "schema_version": 2,
          "attributes": {
            "ami": "ami-06ba285c80bc4ab50",
            "arn": "arn:aws:ec2:us-east-2::instance/i-051318ee93be12225",
            "associate_public_ip_address": true,
            "availability_zone": "us-east-2c",
            "capacity_reservation_specification": [
              {
                "capacity_reservation_preference": "open",
                "capacity_reservation_target": []
              }
            ],
            "cpu_options": [
              {
                "amd_sev_snp": "",
                "core_count": 1,
                "threads_per_core": 2
              }
            ],
            "credit_specification": [
              {
                "cpu_credits": "unlimited"
              }
            ],
            "disable_api_stop": false,
            "disable_api_termination": false,
            "ebs_block_device": [],
            "ebs_optimized": false,
            "enable_primary_ipv6": null,
            "enclave_options": [
              {
                "enabled": false
              }
            ],
            "ephemeral_block_device": [],
            "force_destroy": false,
            "get_password_data": false,
            "hibernation": false,
            "host_id": "",
            "host_resource_group_arn": null,
            "iam_instance_profile": "ec2-api-profile",
            "id": "i-051318ee93be12225",
            "instance_initiated_shutdown_behavior": "stop",
            "instance_lifecycle": "",
            "instance_market_options": [],
            "instance_state": "stopped",
            "instance_type": "t3.micro",
            "ipv6_address_count": 0,
            "ipv6_addresses": [],
            "key_name": "api-server-key",
            "launch_template": [],
            "maintenance_options": [
              {
                "auto_recovery": "default"
              }
            ],
            "metadata_options": [
              {
                "http_endpoint": "enabled",
                "http_protocol_ipv6": "disabled",
                "http_put_response_hop_limit": 2,
                "http_tokens": "required",
                "instance_metadata_tags": "disabled"
              }
            ],
            "monitoring": false,
            "network_interface": [],
            "outpost_arn": "",
            "password_data": "",
            "placement_group": "",
            "placement_group_id": "",
            "placement_partition_number": 0,
            "primary_network_interface": [
              {
                "delete_on_termination": true,
                "network_interface_id": "eni-010364fdaa285f987"
              }
            ],
            "primary_network_interface_id": "eni-010364fdaa285f987",
            "private_dns": "ip-172-31-41-33.us-east-2.compute.internal",
            "private_dns_name_options": [
              {
                "enable_resource_name_dns_a_record": false,
                "enable_resource_name_dns_aaaa_record": false,
                "hostname_type": "ip-name"
              }
            ],
            "private_ip": "172.31.41.33",
            "public_dns": "ec2-3-14-89-239.us-east-2.compute.amazonaws.com",
            "public_ip": "3.14.89.239",
            "region": "us-east-2",
            "root_block_device": [
              {
                "delete_on_termination": true,
                "device_name": "/dev/xvda",
                "encrypted": true,
                "iops": 3000,
                "kms_key_id": "arn:aws:kms:us-east-2:145880140878:key/e5a7491f-3cfe-4cf0-a10b-efe97c114121",
                "tags": {},
                "tags_all": {},
                "throughput": 125,
                "volume_id": "vol-02945f6970d9af616",
                "volume_size": 30,
                "volume_type": "gp3"
              }
            ],
            "secondary_private_ips": [],
            "security_groups": [
              "api-server-sg20250714151938803400000002"
            ],
            "source_dest_check": true,
            "spot_instance_request_id": "",
            "subnet_id": "subnet-07680978a4897c07a",
            "tags": {
              "Name": "atlas-of-us-api-server"
            },
            "tags_all": {
              "Name": "atlas-of-us-api-server"
            },
            "tenancy": "default",
            "timeouts": null,
            "user_data": "#!/bin/bash\nyum update -y\nyum install -y docker git\n\n# Start Docker service\nsystemctl start docker\nsystemctl enable docker\nusermod -a -G docker ec2-user\n\n# Install Docker Compose\ncurl -L \"https://github.com/docker/compose/releases/latest/download/docker-compose-$(uname -s)-$(uname -m)\" -o /usr/local/bin/docker-compose\nchmod +x /usr/local/bin/docker-compose\n\n# Create directory for API deployment\nmkdir -p /home/ec2-user/aou_api\nchown ec2-user:ec2-user /home/ec2-user/aou_api\n\n# Install CloudWatch agent for monitoring\nyum install -y amazon-cloudwatch-agent\n",
            "user_data_base64": null,
            "user_data_replace_on_change": false,
            "volume_tags": null,
            "vpc_security_group_ids": [
              "sg-02cbee6559cf94c30"
            ]
          },
          "sensitive_attributes": [],
          "private": "eyJlMmJmYjczMC1lY2FhLTExZTYtOGY4OC0zNDM2M2JjN2M0YzAiOnsiY3JlYXRlIjo2MDAwMDAwMDAwMDAsImRlbGV0ZSI6MTIwMDAwMDAwMDAwMCwicmVhZCI6OTAwMDAwMDAwMDAwLCJ1cGRhdGUiOjYwMDAwMDAwMDAwMH0sInNjaGVtYV92ZXJzaW9uIjoiMiJ9",
          "dependencies": [
            "aws_iam_instance_profile.ec2_api_profile",
            "aws_iam_role.ec2_api_role",
            "aws_key_pair.api_server_key",
            "aws_security_group.api_server_sg",
            "data.aws_ami.amazon_linux"
          ]
        }
      ]
    },
    {
      "mode": "managed",
      "type": "aws_instance",
      "name": "embeddings_api",
      "provider": "provider[\"registry.terraform.io/hashicorp/aws\"]",
      "instances": [
        {
          "schema_version": 2,
          "attributes": {
            "ami": "ami-06ba285c80bc4ab50",
            "arn": "arn:aws:ec2:us-east-2::instance/i-084072b8cd9b8de16",
            "associate_public_ip_address": true,
            "availability_zone": "us-east-2c",
            "capacity_reservation_specification": [
              {
                "capacity_reservation_preference": "open",
                "capacity_reservation_target": []
              }
            ],
            "cpu_options": [
              {
                "amd_sev_snp": "",
                "core_count": 1,
                "threads_per_core": 2
              }
            ],
            "credit_specification": [
              {
                "cpu_credits": "unlimited"
              }
            ],
            "disable_api_stop": false,
            "disable_api_termination": false,
            "ebs_block_device": [],
            "ebs_optimized": false,
            "enable_primary_ipv6": null,
            "enclave_options": [
              {
                "enabled": false
              }
            ],
            "ephemeral_block_device": [],
            "force_destroy": false,
            "get_password_data": false,
            "hibernation": false,
            "host_id": "",
            "host_resource_group_arn": null,
            "iam_instance_profile": "embeddings-api-ec2-profile",
            "id": "i-084072b8cd9b8de16",
            "instance_initiated_shutdown_behavior": "stop",
            "instance_lifecycle": "",
            "instance_market_options": [],
            "instance_state": "stopped",
            "instance_type": "t3.small",
            "ipv6_address_count": 0,
            "ipv6_addresses": [],
            "key_name": "api-server-key",
            "launch_template": [],
            "maintenance_options": [
              {
                "auto_recovery": "default"
              }
            ],
            "metadata_options": [
              {
                "http_endpoint": "enabled",
                "http_protocol_ipv6": "disabled",
                "http_put_response_hop_limit": 2,
                "http_tokens": "required",
                "instance_metadata_tags": "disabled"
              }
            ],
            "monitoring": false,
            "network_interface": [],
            "outpost_arn": "",
            "password_data": "",
            "placement_group": "",
            "placement_group_id": "",
            "placement_partition_number": 0,
            "primary_network_interface": [
              {
                "delete_on_termination": true,
                "network_interface_id": "eni-0696d56dedeabad52"
              }
            ],
            "primary_network_interface_id": "eni-0696d56dedeabad52",
            "private_dns": "ip-172-31-47-251.us-east-2.compute.internal",
            "private_dns_name_options": [
              {
                "enable_resource_name_dns_a_record": false,
                "enable_resource_name_dns_aaaa_record": false,
                "hostname_type": "ip-name"
              }
            ],
            "private_ip": "172.31.47.251",
            "public_dns": "ec2-3-133-35-128.us-east-2.compute.amazonaws.com",
            "public_ip": "3.133.35.128",
            "region": "us-east-2",
            "root_block_device": [
              {
                "delete_on_termination": true,
                "device_name": "/dev/xvda",
                "encrypted": true,
                "iops": 3000,
                "kms_key_id": "arn:aws:kms:us-east-2:145880140878:key/e5a7491f-3cfe-4cf0-a10b-efe97c114121",
                "tags": {},
                "tags_all": {},
                "throughput": 125,
                "volume_id": "vol-03fd1283b461fd11b",
                "volume_size": 30,
                "volume_type": "gp3"
              }
            ],
            "secondary_private_ips": [],
            "security_groups": [
              "embeddings-api-sg20251230032737672600000002"
            ],
            "source_dest_check": true,
            "spot_instance_request_id": "",
            "subnet_id": "subnet-07680978a4897c07a",
            "tags": {
              "Name": "embeddings-api-server"
            },
            "tags_all": {
              "Name": "embeddings-api-server"
            },
            "tenancy": "default",
            "timeouts": null,
            "user_data": "#!/bin/bash\nyum update -y\nyum install -y docker git\n\n# Start Docker service\nsystemctl start docker\nsystemctl enable docker\nusermod -a -G docker ec2-user\n\n# Install Docker Compose\ncurl -L \"https://github.com/docker/compose/releases/latest/download/docker-compose-$(uname -s)-$(uname -m)\" -o /usr/local/bin/docker-compose\nchmod +x /usr/local/bin/docker-compose\n\n# Create directory for API deployment\nmkdir -p /home/ec2-user/embeddings_api\nchown ec2-user:ec2-user /home/ec2-user/embeddings_api\n\n# Install CloudWatch agent for monitoring\nyum install -y amazon-cloudwatch-agent\n",
            "user_data_base64": null,
            "user_data_replace_on_change": false,
            "volume_tags": null,
            "vpc_security_group_ids": [
              "sg-08fd8dafaddaf63a1"
            ]
          },
          "sensitive_attributes": [],
          "private": "eyJlMmJmYjczMC1lY2FhLTExZTYtOGY4OC0zNDM2M2JjN2M0YzAiOnsiY3JlYXRlIjo2MDAwMDAwMDAwMDAsImRlbGV0ZSI6MTIwMDAwMDAwMDAwMCwicmVhZCI6OTAwMDAwMDAwMDAwLCJ1cGRhdGUiOjYwMDAwMDAwMDAwMH0sInNjaGVtYV92ZXJzaW9uIjoiMiJ9",
          "dependencies": [
            "aws_iam_instance_profile.embeddings_api_ec2_profile",
            "aws_iam_role.embeddings_api_ec2_role",
            "aws_key_pair.api_server_key",
            "aws_security_group.embeddings_api_sg",
            "data.aws_ami.amazon_linux"
          ]
        }
      ]
    },
    {
      "mode": "managed",
      "type": "aws_instance",
      "name": "image_gen_api",
      "provider": "provider[\"registry.terraform.io/hashicorp/aws\"]",
      "instances": [
        {
          "schema_version": 2,
          "attributes": {
            "ami": "ami-0e8e8b93cbdb8f2ed",
            "arn": "arn:aws:ec2:us-east-2::instance/i-019eea96fc8e8609b",
            "associate_public_ip_address": true,
            "availability_zone": "us-east-2c",
            "capacity_reservation_specification": [
              {
                "capacity_reservation_preference": "open",
                "capacity_reservation_target": []
              }
            ],
            "cpu_options": [
              {
                "amd_sev_snp": "",
                "core_count": 2,
                "threads_per_core": 2
              }
            ],
            "credit_specification": [],
            "disable_api_stop": false,
            "disable_api_termination": false,
            "ebs_block_device": [],
            "ebs_optimized": false,
            "enable_primary_ipv6": null,
            "enclave_options": [
              {
                "enabled": false
              }
            ],
            "ephemeral_block_device": [],
            "force_destroy": false,
            "get_password_data": false,
            "hibernation": false,
            "host_id": "",
            "host_resource_group_arn": null,
            "iam_instance_profile": "image-gen-api-ec2-profile",
            "id": "i-019eea96fc8e8609b",
            "instance_initiated_shutdown_behavior": "stop",
            "instance_lifecycle": "",
            "instance_market_options": [],
            "instance_state": "running",
            "instance_type": "g5.xlarge",
            "ipv6_address_count": 0,
            "ipv6_addresses": [],
            "key_name": "api-server-key",
            "launch_template": [],
            "maintenance_options": [
              {
                "auto_recovery": "default"
              }
            ],
            "metadata_options": [
              {
                "http_endpoint": "enabled",
                "http_protocol_ipv6": "disabled",
                "http_put_response_hop_limit": 2,
                "http_tokens": "required",
                "instance_metadata_tags": "disabled"
              }
            ],
            "monitoring": false,
            "network_interface": [],
            "outpost_arn": "",
            "password_data": "",
            "placement_group": "",
            "placement_group_id": "",
            "placement_partition_number": 0,
            "primary_network_interface": [
              {
                "delete_on_termination": true,
                "network_interface_id": "eni-0b9b3250d7c0aeb27"
              }
            ],
            "primary_network_interface_id": "eni-0b9b3250d7c0aeb27",
            "private_dns": "ip-172-31-35-192.us-east-2.compute.internal",
            "private_dns_name_options": [
              {
                "enable_resource_name_dns_a_record": false,
                "enable_resource_name_dns_aaaa_record": false,
                "hostname_type": "ip-name"
              }
            ],
            "private_ip": "172.31.35.192",
            "public_dns": "ec2-3-141-157-13.us-east-2.compute.amazonaws.com",
            "public_ip": "3.141.157.13",
            "region": "us-east-2",
            "root_block_device": [
              {
                "delete_on_termination": true,
                "device_name": "/dev/xvda",
                "encrypted": true,
                "iops": 3000,
                "kms_key_id": "arn:aws:kms:us-east-2:145880140878:key/e5a7491f-3cfe-4cf0-a10b-efe97c114121",
                "tags": {},
                "tags_all": {},
                "throughput": 125,
                "volume_id": "vol-0237cbf9c2f912070",
                "volume_size": 200,
                "volume_type": "gp3"
              }
            ],
            "secondary_private_ips": [],
            "security_groups": [
              "image-gen-api-sg20260104190648149200000001"
            ],
            "source_dest_check": true,
            "spot_instance_request_id": "",
            "subnet_id": "subnet-07680978a4897c07a",
            "tags": {
              "Name": "image-gen-api-server"
            },
            "tags_all": {
              "Name": "image-gen-api-server"
            },
            "tenancy": "default",
            "timeouts": null,
            "user_data": "#!/bin/bash\nset -e\n\n# Update system\nyum update -y\n\n# Install Docker\nyum install -y docker git\n\n# Start Docker service\nsystemctl start docker\nsystemctl enable docker\nusermod -a -G docker ec2-user\n\n# Install Docker Compose\ncurl -L \"https://github.com/docker/compose/releases/latest/download/docker-compose-$(uname -s)-$(uname -m)\" -o /usr/local/bin/docker-compose\nchmod +x /usr/local/bin/docker-compose\n\n# Install NVIDIA Container Toolkit\ncurl -s -L https://nvidia.github.io/libnvidia-container/stable/rpm/nvidia-container-toolkit.repo | \\\n  tee /etc/yum.repos.d/nvidia-container-toolkit.repo\nyum install -y nvidia-container-toolkit\nnvidia-ctk runtime configure --runtime=docker\nsystemctl restart docker\n\n# Create directory for API deployment\nmkdir -p /home/ec2-user/image_gen_api\nchown ec2-user:ec2-user /home/ec2-user/image_gen_api\n\n# Create models directory for caching HuggingFace models\nmkdir -p /home/ec2-user/image_gen_api/models\nchown ec2-user:ec2-user /home/ec2-user/image_gen_api/models\n\n# Install CloudWatch agent for monitoring\nyum install -y amazon-cloudwatch-agent\n",
            "user_data_base64": null,
            "user_data_replace_on_change": false,
            "volume_tags": null,
            "vpc_security_group_ids": [
              "sg-096eb607cca0268d2"
            ]
          },
          "sensitive_attributes": [],
          "private": "eyJlMmJmYjczMC1lY2FhLTExZTYtOGY4OC0zNDM2M2JjN2M0YzAiOnsiY3JlYXRlIjo2MDAwMDAwMDAwMDAsImRlbGV0ZSI6MTIwMDAwMDAwMDAwMCwicmVhZCI6OTAwMDAwMDAwMDAwLCJ1cGRhdGUiOjYwMDAwMDAwMDAwMH0sInNjaGVtYV92ZXJzaW9uIjoiMiJ9",
          "dependencies": [
            "aws_iam_instance_profile.image_gen_api_ec2_profile",
            "aws_iam_role.image_gen_api_ec2_role",
            "aws_key_pair.api_server_key",
            "aws_security_group.image_gen_api_sg",
            "data.aws_ami.deep_learning"
          ]
        }
      ]
    },
    {
      "mode": "managed",
      "type": "aws_instance",
      "name": "llm_api",
      "provider": "provider[\"registry.terraform.io/hashicorp/aws\"]",
      "instances": [
        {
          "schema_version": 2,
          "attributes": {
            "ami": "ami-06ba285c80bc4ab50",
            "arn": "arn:aws:ec2:us-east-2::instance/i-00288443bdb2180d6",
            "associate_public_ip_address": true,
            "availability_zone": "us-east-2c",
            "capacity_reservation_specification": [
              {
                "capacity_reservation_preference": "open",
                "capacity_reservation_target": []
              }
            ],
            "cpu_options": [
              {
                "amd_sev_snp": "",
                "core_count": 2,
                "threads_per_core": 2
              }
            ],
            "credit_specification": [
              {
                "cpu_credits": "unlimited"
              }
            ],
            "disable_api_stop": false,
            "disable_api_termination": false,
            "ebs_block_device": [],
            "ebs_optimized": false,
            "enable_primary_ipv6": null,
            "enclave_options": [
              {
                "enabled": false
              }
            ],
            "ephemeral_block_device": [],
            "force_destroy": false,
            "get_password_data": false,
            "hibernation": false,
            "host_id": "",
            "host_resource_group_arn": null,
            "iam_instance_profile": "llm-api-ec2-profile",
            "id": "i-00288443bdb2180d6",
            "instance_initiated_shutdown_behavior": "stop",
            "instance_lifecycle": "",
            "instance_market_options": [],
            "instance_state": "stopped",
            "instance_type": "c6i.xlarge",
            "ipv6_address_count": 0,
            "ipv6_addresses": [],
            "key_name": "api-server-key",
            "launch_template": [],
            "maintenance_options": [
              {
                "auto_recovery": "default"
              }
            ],
            "metadata_options": [
              {
                "http_endpoint": "enabled",
                "http_protocol_ipv6": "disabled",
                "http_put_response_hop_limit": 2,
                "http_tokens": "required",
                "instance_metadata_tags": "disabled"
              }
            ],
            "monitoring": false,
            "network_interface": [],
            "outpost_arn": "",
            "password_data": "",
            "placement_group": "",
            "placement_group_id": "",
            "placement_partition_number": 0,
            "primary_network_interface": [
              {
                "delete_on_termination": true,
                "network_interface_id": "eni-05b7f53b83fbaeb5d"
              }
            ],
            "primary_network_interface_id": "eni-05b7f53b83fbaeb5d",
            "private_dns": "ip-172-31-32-89.us-east-2.compute.internal",
            "private_dns_name_options": [
              {
                "enable_resource_name_dns_a_record": false,
                "enable_resource_name_dns_aaaa_record": false,
                "hostname_type": "ip-name"
              }
            ],
            "private_ip": "172.31.32.89",
            "public_dns": "ec2-3-149-97-106.us-east-2.compute.amazonaws.com",
            "public_ip": "3.149.97.106",
            "region": "us-east-2",
            "root_block_device": [
              {
                "delete_on_termination": true,
                "device_name": "/dev/xvda",
                "encrypted": true,
                "iops": 3000,
                "kms_key_id": "arn:aws:kms:us-east-2:145880140878:key/e5a7491f-3cfe-4cf0-a10b-efe97c114121",
                "tags": {},
                "tags_all": {},
                "throughput": 125,
                "volume_id": "vol-0f5edfe910cd52701",
                "volume_size": 30,
                "volume_type": "gp3"
              }
            ],
            "secondary_private_ips": [],
            "security_groups": [
              "llm-api-sg20251230032738092900000003"
            ],
            "source_dest_check": true,
            "spot_instance_request_id": "",
            "subnet_id": "subnet-07680978a4897c07a",
            "tags": {
              "Name": "llm-api-server"
            },
            "tags_all": {
              "Name": "llm-api-server"
            },
            "tenancy": "default",
            "timeouts": null,
            "user_data": "#!/bin/bash\nyum update -y\nyum install -y docker git\n\n# Start Docker service\nsystemctl start docker\nsystemctl enable docker\nusermod -a -G docker ec2-user\n\n# Install Docker Compose\ncurl -L \"https://github.com/docker/compose/releases/latest/download/docker-compose-$(uname -s)-$(uname -m)\" -o /usr/local/bin/docker-compose\nchmod +x /usr/local/bin/docker-compose\n\n# Create directory for API deployment\nmkdir -p /home/ec2-user/llm_api\nchown ec2-user:ec2-user /home/ec2-user/llm_api\n\n# Install CloudWatch agent for monitoring\nyum install -y amazon-cloudwatch-agent\n",
            "user_data_base64": null,
            "user_data_replace_on_change": false,
            "volume_tags": null,
            "vpc_security_group_ids": [
              "sg-0f7a3fd40d973e327"
            ]
          },
          "sensitive_attributes": [],
          "private": "eyJlMmJmYjczMC1lY2FhLTExZTYtOGY4OC0zNDM2M2JjN2M0YzAiOnsiY3JlYXRlIjo2MDAwMDAwMDAwMDAsImRlbGV0ZSI6MTIwMDAwMDAwMDAwMCwicmVhZCI6OTAwMDAwMDAwMDAwLCJ1cGRhdGUiOjYwMDAwMDAwMDAwMH0sInNjaGVtYV92ZXJzaW9uIjoiMiJ9",
          "dependencies": [
            "aws_iam_instance_profile.llm_api_ec2_profile",
            "aws_iam_role.llm_api_ec2_role",
            "aws_key_pair.api_server_key",
            "aws_security_group.llm_api_sg",
            "data.aws_ami.amazon_linux"
          ]
        }
      ]
    },
    {
      "mode": "managed",
      "type": "aws_key_pair",
      "name": "api_server_key",
      "provider": "provider[\"registry.terraform.io/hashicorp/aws\"]",
      "instances": [
        {
          "schema_version": 1,
          "attributes": {
            "arn": "arn:aws:ec2:us-east-2::key-pair/api-server-key",
            "fingerprint": "e2:36:0a:ae:10:71:5c:21:fd:f7:56:46:8b:ce:81:bd",
            "id": "api-server-key",
            "key_name": "api-server-key",
            "key_name_prefix": "",
            "key_pair_id": "key-038b96131299cc1b0",
            "key_type": "rsa",
            "public_key": "ssh-rsa AAAAB3NzaC1yc2EAAAADAQABAAACAQDs8J2i8ADMbxDdr5tHQTZ0uzYTwVqB6TMRoNZnak0U0jUniHJcAUxM7p+e3Y7Mg34+edEqDxUIkLzou/mN5tj44z9OH/HjYHCelFD4TXd3Sc+BuTjVksApI26q/YDrc6i+e/ci13C2gyOJSE4ztIK5PjbyoiOe9UWiKoRdUU/u6JZVcwaQ21F8nmcxFva5qQLfKAOD/5/2eyzVeYNDWpPYbePThf9ORbGBH2N+7uUeJ+ojFcOqmN1v0YJPiwu42rbH5910M9uig7QduJe3UltXM4UhE1XqWgmFf/vxN/RTVo5Z1n9PmXyJu4tFlzmtAgYSge+w5vErSbNr3uyDh1EfHS7jaD/bgawfmd4M8H9uIxr2MpVOgcLYpEEcbIaJmCmWbwB5k1wKLlYESEggcaRXsSTM+Az9yo5Wk6WG4fAGcto4Hmsg0+GelrvJrzfJKy3htyywHyyigNeDYlHgVwMOM+1eQMmN+4zoulhOGiCPBdSK0uRiJENt1CXK0mb1rCxXXfoMJfBf+zbIQip/KQOA8o9GVoufl0VzVgaGsUKqKVUY0E8kdDQ8fUlCbJnxkeQwpp0O+3v2xre2vO+CUglnNtyBQggt7YW/8ELUc0xcQwYCOOsZxD1gF70ulr87PZHmo/nBHzafTWUlowqVAnS8VSDSR77lsyK3lCIp33zi8w== sudomoniker@Andrews-MacBook-Pro.local",
            "region": "us-east-2",
            "tags": {},
            "tags_all": {}
          },
          "sensitive_attributes": [],
          "private": "eyJzY2hlbWFfdmVyc2lvbiI6IjEifQ=="
        }
      ]
    },
    {
      "mode": "managed",
      "type": "aws_lambda_event_source_mapping",
      "name": "domain_worker_sqs_trigger",
      "provider": "provider[\"registry.terraform.io/hashicorp/aws\"]",
      "instances": [
        {
          "schema_version": 0,
          "attributes": {
            "amazon_managed_kafka_event_source_config": [],
            "arn": "arn:aws:lambda:us-east-2:145880140878:event-source-mapping:c673d0ac-e774-42b0-972f-1555fb66e0eb",
            "batch_size": 1,
            "bisect_batch_on_function_error": false,
            "destination_config": [],
            "document_db_event_source_config": [],
            "enabled": true,
            "event_source_arn": "arn:aws:sqs:us-east-2:145880140878:domain-node-jobs",
            "filter_criteria": [],
            "function_arn": "arn:aws:lambda:us-east-2:145880140878:function:domain-node-worker",
            "function_name": "arn:aws:lambda:us-east-2:145880140878:function:domain-node-worker",
            "function_response_types": null,
            "id": "c673d0ac-e774-42b0-972f-1555fb66e0eb",
            "kms_key_arn": "",
            "last_modified": "2026-01-04T23:18:08Z",
            "last_processing_result": "",
            "maximum_batching_window_in_seconds": 0,
            "maximum_record_age_in_seconds": 0,
            "maximum_retry_attempts": 0,
            "metrics_config": [],
            "parallelization_factor": 0,
            "provisioned_poller_config": [],
            "queues": null,
            "region": "us-east-2",
            "scaling_config": [
              {
                "maximum_concurrency": 10
              }
            ],
            "self_managed_event_source": [],
            "self_managed_kafka_event_source_config": [],
            "source_access_configuration": [],
            "starting_position": "",
            "starting_position_timestamp": "",
            "state": "Enabled",
            "state_transition_reason": "USER_INITIATED",
            "tags": null,
            "tags_all": {},
            "topics": null,
            "tumbling_window_in_seconds": 0,
            "uuid": "c673d0ac-e774-42b0-972f-1555fb66e0eb"
          },
          "sensitive_attributes": [],
          "private": "bnVsbA==",
          "dependencies": [
            "aws_eip.embeddings_api_eip",
            "aws_iam_instance_profile.embeddings_api_ec2_profile",
            "aws_iam_role.domain_worker_role",
            "aws_iam_role.embeddings_api_ec2_role",
            "aws_instance.embeddings_api",
            "aws_key_pair.api_server_key",
            "aws_lambda_function.domain_worker",
            "aws_security_group.embeddings_api_sg",
            "aws_sqs_queue.domain_node_jobs",
            "aws_sqs_queue.domain_node_jobs_dlq",
            "data.archive_file.domain_worker_placeholder",
            "data.aws_ami.amazon_linux"
          ]
        }
      ]
    },
    {
      "mode": "managed",
      "type": "aws_lambda_event_source_mapping",
      "name": "image_gen_sqs_trigger",
      "provider": "provider[\"registry.terraform.io/hashicorp/aws\"]",
      "instances": [
        {
          "schema_version": 0,
          "attributes": {
            "amazon_managed_kafka_event_source_config": [],
            "arn": "arn:aws:lambda:us-east-2:145880140878:event-source-mapping:17ea8cd9-6c42-4ebb-9ce4-018bdf21bfce",
            "batch_size": 10,
            "bisect_batch_on_function_error": false,
            "destination_config": [],
            "document_db_event_source_config": [],
            "enabled": true,
            "event_source_arn": "arn:aws:sqs:us-east-2:145880140878:image-gen-jobs",
            "filter_criteria": [],
            "function_arn": "arn:aws:lambda:us-east-2:145880140878:function:image-gen-processor",
            "function_name": "arn:aws:lambda:us-east-2:145880140878:function:image-gen-processor",
            "function_response_types": [],
            "id": "17ea8cd9-6c42-4ebb-9ce4-018bdf21bfce",
            "kms_key_arn": "",
            "last_modified": "2026-01-04T19:16:23Z",
            "last_processing_result": "",
            "maximum_batching_window_in_seconds": 30,
            "maximum_record_age_in_seconds": 0,
            "maximum_retry_attempts": 0,
            "metrics_config": [],
            "parallelization_factor": 0,
            "provisioned_poller_config": [],
            "queues": [],
            "region": "us-east-2",
            "scaling_config": [
              {
                "maximum_concurrency": 2
              }
            ],
            "self_managed_event_source": [],
            "self_managed_kafka_event_source_config": [],
            "source_access_configuration": [],
            "starting_position": "",
            "starting_position_timestamp": "",
            "state": "Enabled",
            "state_transition_reason": "USER_INITIATED",
            "tags": {},
            "tags_all": {},
            "topics": [],
            "tumbling_window_in_seconds": 0,
            "uuid": "17ea8cd9-6c42-4ebb-9ce4-018bdf21bfce"
          },
          "sensitive_attributes": [],
          "private": "bnVsbA==",
          "dependencies": [
            "aws_eip.image_gen_api_eip",
            "aws_iam_instance_profile.image_gen_api_ec2_profile",
            "aws_iam_role.image_gen_api_ec2_role",
            "aws_iam_role.image_gen_processor_role",
            "aws_instance.image_gen_api",
            "aws_key_pair.api_server_key",
            "aws_lambda_function.image_gen_processor",
            "aws_s3_bucket.general_bucket",
            "aws_security_group.image_gen_api_sg",
            "aws_sqs_queue.image_gen_dlq",
            "aws_sqs_queue.image_gen_jobs",
            "data.archive_file.image_gen_processor_zip",
            "data.aws_ami.deep_learning"
          ]
        }
      ]
    },
    {
      "mode": "managed",
      "type": "aws_lambda_function",
      "name": "domain_worker",
      "provider": "provider[\"registry.terraform.io/hashicorp/aws\"]",
      "instances": [
        {
          "schema_version": 0,
          "attributes": {
            "architectures": [
              "x86_64"
            ],
            "arn": "arn:aws:lambda:us-east-2:145880140878:function:domain-node-worker",
            "capacity_provider_config": [],
            "code_sha256": "qOjA9HXKfjDVL0z7noFu862B+J6MNtiCO58ge6369t0=",
            "code_signing_config_arn": "",
            "dead_letter_config": [],
            "description": "",
            "durable_config": [],
            "environment": [
              {
                "variables": {
                  "ANTHROPIC_API_KEY": "",
                  "EMBEDDING_ENDPOINT": "http://3.133.35.128:8081/embedding",
                  "LLM_ENDPOINT": "",
                  "NEO4J_PASSWORD": "7Pzu3165D3-TkROejEPrt6E_U9umc9WPPJhLAc1987Q",
                  "NEO4J_URI": "neo4j+s://29df01ad.databases.neo4j.io",
                  "NEO4J_USER": "neo4j",
                  "QUEUE_URL": "https://sqs.us-east-2.amazonaws.com/145880140878/domain-node-jobs"
                }
              }
            ],
            "ephemeral_storage": [
              {
                "size": 512
              }
            ],
            "file_system_config": [],
            "filename": "zip_files/domain_worker_placeholder.zip",
            "function_name": "domain-node-worker",
            "handler": "main.main",
            "id": "domain-node-worker",
            "image_config": [],
            "image_uri": "",
            "invoke_arn": "arn:aws:apigateway:us-east-2:lambda:path/2015-03-31/functions/arn:aws:lambda:us-east-2:145880140878:function:domain-node-worker/invocations",
            "kms_key_arn": "",
            "last_modified": "2026-01-04T23:18:02.611+0000",
            "layers": null,
            "logging_config": [
              {
                "application_log_level": "",
                "log_format": "Text",
                "log_group": "/aws/lambda/domain-node-worker",
                "system_log_level": ""
              }
            ],
            "memory_size": 512,
            "package_type": "Zip",
            "publish": false,
            "publish_to": null,
            "qualified_arn": "arn:aws:lambda:us-east-2:145880140878:function:domain-node-worker:$LATEST",
            "qualified_invoke_arn": "arn:aws:apigateway:us-east-2:lambda:path/2015-03-31/functions/arn:aws:lambda:us-east-2:145880140878:function:domain-node-worker:$LATEST/invocations",
            "region": "us-east-2",
            "replace_security_groups_on_destroy": null,
            "replacement_security_group_ids": null,
            "reserved_concurrent_executions": -1,
            "role": "arn:aws:iam::145880140878:role/domain-worker-lambda-role",
            "runtime": "provided.al2023",
            "s3_bucket": null,
            "s3_key": null,
            "s3_object_version": null,
            "signing_job_arn": "",
            "signing_profile_version_arn": "",
            "skip_destroy": false,
            "snap_start": [],
            "source_code_hash": "qOjA9HXKfjDVL0z7noFu862B+J6MNtiCO58ge6369t0=",
            "source_code_size": 156,
            "source_kms_key_arn": "",
            "tags": {
              "Name": "Domain Node Worker"
            },
            "tags_all": {
              "Name": "Domain Node Worker"
            },
            "tenancy_config": [],
            "timeout": 300,
            "timeouts": null,
            "tracing_config": [
              {
                "mode": "PassThrough"
              }
            ],
            "version": "$LATEST",
            "vpc_config": []
          },
          "sensitive_attributes": [
            [
              {
                "type": "get_attr",
                "value": "environment"
              },
              {
                "type": "index",
                "value": {
                  "value": 0,
                  "type": "number"
                }
              },
              {
                "type": "get_attr",
                "value": "variables"
              },
              {
                "type": "index",
                "value": {
                  "value": "ANTHROPIC_API_KEY",
                  "type": "string"
                }
              }
            ]
          ],
          "private": "eyJlMmJmYjczMC1lY2FhLTExZTYtOGY4OC0zNDM2M2JjN2M0YzAiOnsiY3JlYXRlIjo2MDAwMDAwMDAwMDAsImRlbGV0ZSI6NjAwMDAwMDAwMDAwLCJ1cGRhdGUiOjYwMDAwMDAwMDAwMH19",
          "dependencies": [
            "aws_eip.embeddings_api_eip",
            "aws_iam_instance_profile.embeddings_api_ec2_profile",
            "aws_iam_role.domain_worker_role",
            "aws_iam_role.embeddings_api_ec2_role",
            "aws_instance.embeddings_api",
            "aws_key_pair.api_server_key",
            "aws_security_group.embeddings_api_sg",
            "aws_sqs_queue.domain_node_jobs",
            "aws_sqs_queue.domain_node_jobs_dlq",
            "data.archive_file.domain_worker_placeholder",
            "data.aws_ami.amazon_linux"
          ]
        }
      ]
    },
    {
      "mode": "managed",
      "type": "aws_lambda_function",
      "name": "ec2_scheduler",
      "provider": "provider[\"registry.terraform.io/hashicorp/aws\"]",
      "instances": [
        {
          "schema_version": 0,
          "attributes": {
            "architectures": [
              "x86_64"
            ],
            "arn": "arn:aws:lambda:us-east-2:145880140878:function:ec2-auto-shutdown",
            "capacity_provider_config": [],
            "code_sha256": "9WMne2I+kHciZV9NGOZ+XdY+jWF5VbkoIav/QROqU+s=",
            "code_signing_config_arn": "",
            "dead_letter_config": [],
            "description": "",
            "durable_config": [],
            "environment": [
              {
                "variables": {
                  "INSTANCE_ID": "i-051318ee93be12225"
                }
              }
            ],
            "ephemeral_storage": [
              {
                "size": 512
              }
            ],
            "file_system_config": [],
            "filename": "ec2_scheduler.zip",
            "function_name": "ec2-auto-shutdown",
            "handler": "index.handler",
            "id": "ec2-auto-shutdown",
            "image_config": [],
            "image_uri": "",
            "invoke_arn": "arn:aws:apigateway:us-east-2:lambda:path/2015-03-31/functions/arn:aws:lambda:us-east-2:145880140878:function:ec2-auto-shutdown/invocations",
            "kms_key_arn": "",
            "last_modified": "2025-12-30T03:28:00.000+0000",
            "layers": [],
            "logging_config": [
              {
                "application_log_level": "",
                "log_format": "Text",
                "log_group": "/aws/lambda/ec2-auto-shutdown",
                "system_log_level": ""
              }
            ],
            "memory_size": 128,
            "package_type": "Zip",
            "publish": false,
            "publish_to": null,
            "qualified_arn": "arn:aws:lambda:us-east-2:145880140878:function:ec2-auto-shutdown:$LATEST",
            "qualified_invoke_arn": "arn:aws:apigateway:us-east-2:lambda:path/2015-03-31/functions/arn:aws:lambda:us-east-2:145880140878:function:ec2-auto-shutdown:$LATEST/invocations",
            "region": "us-east-2",
            "replace_security_groups_on_destroy": null,
            "replacement_security_group_ids": null,
            "reserved_concurrent_executions": -1,
            "role": "arn:aws:iam::145880140878:role/ec2-scheduler-lambda-role",
            "runtime": "python3.12",
            "s3_bucket": null,
            "s3_key": null,
            "s3_object_version": null,
            "signing_job_arn": "",
            "signing_profile_version_arn": "",
            "skip_destroy": false,
            "snap_start": [],
            "source_code_hash": "9WMne2I+kHciZV9NGOZ+XdY+jWF5VbkoIav/QROqU+s=",
            "source_code_size": 540,
            "source_kms_key_arn": "",
            "tags": {
              "Name": "EC2 Auto Shutdown"
            },
            "tags_all": {
              "Name": "EC2 Auto Shutdown"
            },
            "tenancy_config": [],
            "timeout": 60,
            "timeouts": null,
            "tracing_config": [
              {
                "mode": "PassThrough"
              }
            ],
            "version": "$LATEST",
            "vpc_config": []
          },
          "sensitive_attributes": [],
          "private": "eyJlMmJmYjczMC1lY2FhLTExZTYtOGY4OC0zNDM2M2JjN2M0YzAiOnsiY3JlYXRlIjo2MDAwMDAwMDAwMDAsImRlbGV0ZSI6NjAwMDAwMDAwMDAwLCJ1cGRhdGUiOjYwMDAwMDAwMDAwMH19",
          "dependencies": [
            "aws_iam_instance_profile.ec2_api_profile",
            "aws_iam_role.ec2_api_role",
            "aws_iam_role.ec2_scheduler_lambda_role",
            "aws_instance.api_server",
            "aws_key_pair.api_server_key",
            "aws_security_group.api_server_sg",
            "data.archive_file.ec2_scheduler_zip",
            "data.aws_ami.amazon_linux"
          ]
        }
      ]
    },
    {
      "mode": "managed",
      "type": "aws_lambda_function",
      "name": "embeddings_api_shutdown",
      "provider": "provider[\"registry.terraform.io/hashicorp/aws\"]",
      "instances": [
        {
          "schema_version": 0,
          "attributes": {
            "architectures": [
              "x86_64"
            ],
            "arn": "arn:aws:lambda:us-east-2:145880140878:function:embeddings-api-shutdown",
            "capacity_provider_config": [],
            "code_sha256": "J0IIQdtNxRqxPWBBWpWloWyMDtYtksyh0jH1YAp3D3E=",
            "code_signing_config_arn": "",
            "dead_letter_config": [],
            "description": "",
            "durable_config": [],
            "environment": [
              {
                "variables": {
                  "INSTANCE_ID": "i-084072b8cd9b8de16"
                }
              }
            ],
            "ephemeral_storage": [
              {
                "size": 512
              }
            ],
            "file_system_config": [],
            "filename": "embeddings_api_shutdown.zip",
            "function_name": "embeddings-api-shutdown",
            "handler": "index.handler",
            "id": "embeddings-api-shutdown",
            "image_config": [],
            "image_uri": "",
            "invoke_arn": "arn:aws:apigateway:us-east-2:lambda:path/2015-03-31/functions/arn:aws:lambda:us-east-2:145880140878:function:embeddings-api-shutdown/invocations",
            "kms_key_arn": "",
            "last_modified": "2026-01-01T17:39:10.000+0000",
            "layers": [],
            "logging_config": [
              {
                "application_log_level": "",
                "log_format": "Text",
                "log_group": "/aws/lambda/embeddings-api-shutdown",
                "system_log_level": ""
              }
            ],
            "memory_size": 128,
            "package_type": "Zip",
            "publish": false,
            "publish_to": null,
            "qualified_arn": "arn:aws:lambda:us-east-2:145880140878:function:embeddings-api-shutdown:$LATEST",
            "qualified_invoke_arn": "arn:aws:apigateway:us-east-2:lambda:path/2015-03-31/functions/arn:aws:lambda:us-east-2:145880140878:function:embeddings-api-shutdown:$LATEST/invocations",
            "region": "us-east-2",
            "replace_security_groups_on_destroy": null,
            "replacement_security_group_ids": null,
            "reserved_concurrent_executions": -1,
            "role": "arn:aws:iam::145880140878:role/embeddings-api-shutdown-lambda-role",
            "runtime": "python3.12",
            "s3_bucket": null,
            "s3_key": null,
            "s3_object_version": null,
            "signing_job_arn": "",
            "signing_profile_version_arn": "",
            "skip_destroy": false,
            "snap_start": [],
            "source_code_hash": "J0IIQdtNxRqxPWBBWpWloWyMDtYtksyh0jH1YAp3D3E=",
            "source_code_size": 513,
            "source_kms_key_arn": "",
            "tags": {
              "Name": "Embeddings API Shutdown"
            },
            "tags_all": {
              "Name": "Embeddings API Shutdown"
            },
            "tenancy_config": [],
            "timeout": 60,
            "timeouts": null,
            "tracing_config": [
              {
                "mode": "PassThrough"
              }
            ],
            "version": "$LATEST",
            "vpc_config": []
          },
          "sensitive_attributes": [],
          "private": "eyJlMmJmYjczMC1lY2FhLTExZTYtOGY4OC0zNDM2M2JjN2M0YzAiOnsiY3JlYXRlIjo2MDAwMDAwMDAwMDAsImRlbGV0ZSI6NjAwMDAwMDAwMDAwLCJ1cGRhdGUiOjYwMDAwMDAwMDAwMH19",
          "dependencies": [
            "aws_iam_instance_profile.embeddings_api_ec2_profile",
            "aws_iam_role.embeddings_api_ec2_role",
            "aws_iam_role.embeddings_api_shutdown_lambda_role",
            "aws_instance.embeddings_api",
            "aws_key_pair.api_server_key",
            "aws_security_group.embeddings_api_sg",
            "data.archive_file.embeddings_api_shutdown_zip",
            "data.aws_ami.amazon_linux"
          ]
        }
      ]
    },
    {
      "mode": "managed",
      "type": "aws_lambda_function",
      "name": "embeddings_api_startup",
      "provider": "provider[\"registry.terraform.io/hashicorp/aws\"]",
      "instances": [
        {
          "schema_version": 0,
          "attributes": {
            "architectures": [
              "x86_64"
            ],
            "arn": "arn:aws:lambda:us-east-2:145880140878:function:embeddings-api-startup",
            "capacity_provider_config": [],
            "code_sha256": "P0JMrkeRW/kNqoDZbt4j79mbv+Ogy2tP2Incpg51RF0=",
            "code_signing_config_arn": "",
            "dead_letter_config": [],
            "description": "",
            "durable_config": [],
            "environment": [
              {
                "variables": {
                  "INSTANCE_ID": "i-084072b8cd9b8de16"
                }
              }
            ],
            "ephemeral_storage": [
              {
                "size": 512
              }
            ],
            "file_system_config": [],
            "filename": "embeddings_api_startup.zip",
            "function_name": "embeddings-api-startup",
            "handler": "index.handler",
            "id": "embeddings-api-startup",
            "image_config": [],
            "image_uri": "",
            "invoke_arn": "arn:aws:apigateway:us-east-2:lambda:path/2015-03-31/functions/arn:aws:lambda:us-east-2:145880140878:function:embeddings-api-startup/invocations",
            "kms_key_arn": "",
            "last_modified": "2026-01-01T17:39:10.000+0000",
            "layers": [],
            "logging_config": [
              {
                "application_log_level": "",
                "log_format": "Text",
                "log_group": "/aws/lambda/embeddings-api-startup",
                "system_log_level": ""
              }
            ],
            "memory_size": 128,
            "package_type": "Zip",
            "publish": false,
            "publish_to": null,
            "qualified_arn": "arn:aws:lambda:us-east-2:145880140878:function:embeddings-api-startup:$LATEST",
            "qualified_invoke_arn": "arn:aws:apigateway:us-east-2:lambda:path/2015-03-31/functions/arn:aws:lambda:us-east-2:145880140878:function:embeddings-api-startup:$LATEST/invocations",
            "region": "us-east-2",
            "replace_security_groups_on_destroy": null,
            "replacement_security_group_ids": null,
            "reserved_concurrent_executions": -1,
            "role": "arn:aws:iam::145880140878:role/embeddings-api-startup-lambda-role",
            "runtime": "python3.12",
            "s3_bucket": null,
            "s3_key": null,
            "s3_object_version": null,
            "signing_job_arn": "",
            "signing_profile_version_arn": "",
            "skip_destroy": false,
            "snap_start": [],
            "source_code_hash": "P0JMrkeRW/kNqoDZbt4j79mbv+Ogy2tP2Incpg51RF0=",
            "source_code_size": 525,
            "source_kms_key_arn": "",
            "tags": {
              "Name": "Embeddings API Startup"
            },
            "tags_all": {
              "Name": "Embeddings API Startup"
            },
            "tenancy_config": [],
            "timeout": 60,
            "timeouts": null,
            "tracing_config": [
              {
                "mode": "PassThrough"
              }
            ],
            "version": "$LATEST",
            "vpc_config": []
          },
          "sensitive_attributes": [],
          "private": "eyJlMmJmYjczMC1lY2FhLTExZTYtOGY4OC0zNDM2M2JjN2M0YzAiOnsiY3JlYXRlIjo2MDAwMDAwMDAwMDAsImRlbGV0ZSI6NjAwMDAwMDAwMDAwLCJ1cGRhdGUiOjYwMDAwMDAwMDAwMH19",
          "dependencies": [
            "aws_iam_instance_profile.embeddings_api_ec2_profile",
            "aws_iam_role.embeddings_api_ec2_role",
            "aws_iam_role.embeddings_api_startup_lambda_role",
            "aws_instance.embeddings_api",
            "aws_key_pair.api_server_key",
            "aws_security_group.embeddings_api_sg",
            "data.archive_file.embeddings_api_startup_zip",
            "data.aws_ami.amazon_linux"
          ]
        }
      ]
    },
    {
      "mode": "managed",
      "type": "aws_lambda_function",
      "name": "image_gen_api_shutdown",
      "provider": "provider[\"registry.terraform.io/hashicorp/aws\"]",
      "instances": [
        {
          "schema_version": 0,
          "attributes": {
            "architectures": [
              "x86_64"
            ],
            "arn": "arn:aws:lambda:us-east-2:145880140878:function:image-gen-api-shutdown",
            "capacity_provider_config": [],
            "code_sha256": "J0IIQdtNxRqxPWBBWpWloWyMDtYtksyh0jH1YAp3D3E=",
            "code_signing_config_arn": "",
            "dead_letter_config": [],
            "description": "",
            "durable_config": [],
            "environment": [
              {
                "variables": {
                  "INSTANCE_ID": "i-019eea96fc8e8609b"
                }
              }
            ],
            "ephemeral_storage": [
              {
                "size": 512
              }
            ],
            "file_system_config": [],
            "filename": "image_gen_api_shutdown.zip",
            "function_name": "image-gen-api-shutdown",
            "handler": "index.handler",
            "id": "image-gen-api-shutdown",
            "image_config": [],
            "image_uri": "",
            "invoke_arn": "arn:aws:apigateway:us-east-2:lambda:path/2015-03-31/functions/arn:aws:lambda:us-east-2:145880140878:function:image-gen-api-shutdown/invocations",
            "kms_key_arn": "",
            "last_modified": "2026-01-04T19:07:08.376+0000",
            "layers": [],
            "logging_config": [
              {
                "application_log_level": "",
                "log_format": "Text",
                "log_group": "/aws/lambda/image-gen-api-shutdown",
                "system_log_level": ""
              }
            ],
            "memory_size": 128,
            "package_type": "Zip",
            "publish": false,
            "publish_to": null,
            "qualified_arn": "arn:aws:lambda:us-east-2:145880140878:function:image-gen-api-shutdown:$LATEST",
            "qualified_invoke_arn": "arn:aws:apigateway:us-east-2:lambda:path/2015-03-31/functions/arn:aws:lambda:us-east-2:145880140878:function:image-gen-api-shutdown:$LATEST/invocations",
            "region": "us-east-2",
            "replace_security_groups_on_destroy": null,
            "replacement_security_group_ids": null,
            "reserved_concurrent_executions": -1,
            "role": "arn:aws:iam::145880140878:role/image-gen-api-shutdown-lambda-role",
            "runtime": "python3.12",
            "s3_bucket": null,
            "s3_key": null,
            "s3_object_version": null,
            "signing_job_arn": "",
            "signing_profile_version_arn": "",
            "skip_destroy": false,
            "snap_start": [],
            "source_code_hash": "J0IIQdtNxRqxPWBBWpWloWyMDtYtksyh0jH1YAp3D3E=",
            "source_code_size": 513,
            "source_kms_key_arn": "",
            "tags": {
              "Name": "Image Gen API Shutdown"
            },
            "tags_all": {
              "Name": "Image Gen API Shutdown"
            },
            "tenancy_config": [],
            "timeout": 60,
            "timeouts": null,
            "tracing_config": [
              {
                "mode": "PassThrough"
              }
            ],
            "version": "$LATEST",
            "vpc_config": []
          },
          "sensitive_attributes": [],
          "private": "eyJlMmJmYjczMC1lY2FhLTExZTYtOGY4OC0zNDM2M2JjN2M0YzAiOnsiY3JlYXRlIjo2MDAwMDAwMDAwMDAsImRlbGV0ZSI6NjAwMDAwMDAwMDAwLCJ1cGRhdGUiOjYwMDAwMDAwMDAwMH19",
          "dependencies": [
            "aws_iam_instance_profile.image_gen_api_ec2_profile",
            "aws_iam_role.image_gen_api_ec2_role",
            "aws_iam_role.image_gen_api_shutdown_lambda_role",
            "aws_instance.image_gen_api",
            "aws_key_pair.api_server_key",
            "aws_security_group.image_gen_api_sg",
            "data.archive_file.image_gen_api_shutdown_zip",
            "data.aws_ami.deep_learning"
          ]
        }
      ]
    },
    {
      "mode": "managed",
      "type": "aws_lambda_function",
      "name": "image_gen_processor",
      "provider": "provider[\"registry.terraform.io/hashicorp/aws\"]",
      "instances": [
        {
          "schema_version": 0,
          "attributes": {
            "architectures": [
              "x86_64"
            ],
            "arn": "arn:aws:lambda:us-east-2:145880140878:function:image-gen-processor",
            "capacity_provider_config": [],
            "code_sha256": "jq5ST/HmF/fcm1V2QCUPoljbwbRLp9OOfVMtp6bfgZg=",
            "code_signing_config_arn": "",
            "dead_letter_config": [],
            "description": "",
            "durable_config": [],
            "environment": [
              {
                "variables": {
                  "IMAGE_GEN_ENDPOINT": "http://3.141.157.13:8082/generate",
                  "IMAGE_GEN_INSTANCE_ID": "i-019eea96fc8e8609b",
                  "NEO4J_PASSWORD": "7Pzu3165D3-TkROejEPrt6E_U9umc9WPPJhLAc1987Q",
                  "NEO4J_URI": "neo4j+s://29df01ad.databases.neo4j.io",
                  "NEO4J_USER": "neo4j",
                  "QUEUE_URL": "https://sqs.us-east-2.amazonaws.com/145880140878/image-gen-jobs",
                  "S3_BUCKET": "atlas-of-us-general-bucket"
                }
              }
            ],
            "ephemeral_storage": [
              {
                "size": 512
              }
            ],
            "file_system_config": [],
            "filename": "image_gen_processor.zip",
            "function_name": "image-gen-processor",
            "handler": "index.handler",
            "id": "image-gen-processor",
            "image_config": [],
            "image_uri": "",
            "invoke_arn": "arn:aws:apigateway:us-east-2:lambda:path/2015-03-31/functions/arn:aws:lambda:us-east-2:145880140878:function:image-gen-processor/invocations",
            "kms_key_arn": "",
            "last_modified": "2026-01-04T19:16:17.767+0000",
            "layers": [],
            "logging_config": [
              {
                "application_log_level": "",
                "log_format": "Text",
                "log_group": "/aws/lambda/image-gen-processor",
                "system_log_level": ""
              }
            ],
            "memory_size": 256,
            "package_type": "Zip",
            "publish": false,
            "publish_to": null,
            "qualified_arn": "arn:aws:lambda:us-east-2:145880140878:function:image-gen-processor:$LATEST",
            "qualified_invoke_arn": "arn:aws:apigateway:us-east-2:lambda:path/2015-03-31/functions/arn:aws:lambda:us-east-2:145880140878:function:image-gen-processor:$LATEST/invocations",
            "region": "us-east-2",
            "replace_security_groups_on_destroy": null,
            "replacement_security_group_ids": null,
            "reserved_concurrent_executions": -1,
            "role": "arn:aws:iam::145880140878:role/image-gen-processor-lambda-role",
            "runtime": "python3.12",
            "s3_bucket": null,
            "s3_key": null,
            "s3_object_version": null,
            "signing_job_arn": "",
            "signing_profile_version_arn": "",
            "skip_destroy": false,
            "snap_start": [],
            "source_code_hash": "jq5ST/HmF/fcm1V2QCUPoljbwbRLp9OOfVMtp6bfgZg=",
            "source_code_size": 2596,
            "source_kms_key_arn": "",
            "tags": {
              "Name": "Image Gen Processor"
            },
            "tags_all": {
              "Name": "Image Gen Processor"
            },
            "tenancy_config": [],
            "timeout": 900,
            "timeouts": null,
            "tracing_config": [
              {
                "mode": "PassThrough"
              }
            ],
            "version": "$LATEST",
            "vpc_config": []
          },
          "sensitive_attributes": [],
          "private": "eyJlMmJmYjczMC1lY2FhLTExZTYtOGY4OC0zNDM2M2JjN2M0YzAiOnsiY3JlYXRlIjo2MDAwMDAwMDAwMDAsImRlbGV0ZSI6NjAwMDAwMDAwMDAwLCJ1cGRhdGUiOjYwMDAwMDAwMDAwMH19",
          "dependencies": [
            "aws_eip.image_gen_api_eip",
            "aws_iam_instance_profile.image_gen_api_ec2_profile",
            "aws_iam_role.image_gen_api_ec2_role",
            "aws_iam_role.image_gen_processor_role",
            "aws_instance.image_gen_api",
            "aws_key_pair.api_server_key",
            "aws_s3_bucket.general_bucket",
            "aws_security_group.image_gen_api_sg",
            "aws_sqs_queue.image_gen_dlq",
            "aws_sqs_queue.image_gen_jobs",
            "data.archive_file.image_gen_processor_zip",
            "data.aws_ami.deep_learning"
          ]
        }
      ]
    },
    {
      "mode": "managed",
      "type": "aws_lambda_function",
      "name": "llm_api_shutdown",
      "provider": "provider[\"registry.terraform.io/hashicorp/aws\"]",
      "instances": [
        {
          "schema_version": 0,
          "attributes": {
            "architectures": [
              "x86_64"
            ],
            "arn": "arn:aws:lambda:us-east-2:145880140878:function:llm-api-shutdown",
            "capacity_provider_config": [],
            "code_sha256": "J0IIQdtNxRqxPWBBWpWloWyMDtYtksyh0jH1YAp3D3E=",
            "code_signing_config_arn": "",
            "dead_letter_config": [],
            "description": "",
            "durable_config": [],
            "environment": [
              {
                "variables": {
                  "INSTANCE_ID": "i-00288443bdb2180d6"
                }
              }
            ],
            "ephemeral_storage": [
              {
                "size": 512
              }
            ],
            "file_system_config": [],
            "filename": "llm_api_shutdown.zip",
            "function_name": "llm-api-shutdown",
            "handler": "index.handler",
            "id": "llm-api-shutdown",
            "image_config": [],
            "image_uri": "",
            "invoke_arn": "arn:aws:apigateway:us-east-2:lambda:path/2015-03-31/functions/arn:aws:lambda:us-east-2:145880140878:function:llm-api-shutdown/invocations",
            "kms_key_arn": "",
            "last_modified": "2026-01-01T17:39:10.000+0000",
            "layers": [],
            "logging_config": [
              {
                "application_log_level": "",
                "log_format": "Text",
                "log_group": "/aws/lambda/llm-api-shutdown",
                "system_log_level": ""
              }
            ],
            "memory_size": 128,
            "package_type": "Zip",
            "publish": false,
            "publish_to": null,
            "qualified_arn": "arn:aws:lambda:us-east-2:145880140878:function:llm-api-shutdown:$LATEST",
            "qualified_invoke_arn": "arn:aws:apigateway:us-east-2:lambda:path/2015-03-31/functions/arn:aws:lambda:us-east-2:145880140878:function:llm-api-shutdown:$LATEST/invocations",
            "region": "us-east-2",
            "replace_security_groups_on_destroy": null,
            "replacement_security_group_ids": null,
            "reserved_concurrent_executions": -1,
            "role": "arn:aws:iam::145880140878:role/llm-api-shutdown-lambda-role",
            "runtime": "python3.12",
            "s3_bucket": null,
            "s3_key": null,
            "s3_object_version": null,
            "signing_job_arn": "",
            "signing_profile_version_arn": "",
            "skip_destroy": false,
            "snap_start": [],
            "source_code_hash": "J0IIQdtNxRqxPWBBWpWloWyMDtYtksyh0jH1YAp3D3E=",
            "source_code_size": 513,
            "source_kms_key_arn": "",
            "tags": {
              "Name": "LLM API Shutdown"
            },
            "tags_all": {
              "Name": "LLM API Shutdown"
            },
            "tenancy_config": [],
            "timeout": 60,
            "timeouts": null,
            "tracing_config": [
              {
                "mode": "PassThrough"
              }
            ],
            "version": "$LATEST",
            "vpc_config": []
          },
          "sensitive_attributes": [],
          "private": "eyJlMmJmYjczMC1lY2FhLTExZTYtOGY4OC0zNDM2M2JjN2M0YzAiOnsiY3JlYXRlIjo2MDAwMDAwMDAwMDAsImRlbGV0ZSI6NjAwMDAwMDAwMDAwLCJ1cGRhdGUiOjYwMDAwMDAwMDAwMH19",
          "dependencies": [
            "aws_iam_instance_profile.llm_api_ec2_profile",
            "aws_iam_role.llm_api_ec2_role",
            "aws_iam_role.llm_api_shutdown_lambda_role",
            "aws_instance.llm_api",
            "aws_key_pair.api_server_key",
            "aws_security_group.llm_api_sg",
            "data.archive_file.llm_api_shutdown_zip",
            "data.aws_ami.amazon_linux"
          ]
        }
      ]
    },
    {
      "mode": "managed",
      "type": "aws_lambda_function",
      "name": "llm_api_startup",
      "provider": "provider[\"registry.terraform.io/hashicorp/aws\"]",
      "instances": [
        {
          "schema_version": 0,
          "attributes": {
            "architectures": [
              "x86_64"
            ],
            "arn": "arn:aws:lambda:us-east-2:145880140878:function:llm-api-startup",
            "capacity_provider_config": [],
            "code_sha256": "P0JMrkeRW/kNqoDZbt4j79mbv+Ogy2tP2Incpg51RF0=",
            "code_signing_config_arn": "",
            "dead_letter_config": [],
            "description": "",
            "durable_config": [],
            "environment": [
              {
                "variables": {
                  "INSTANCE_ID": "i-00288443bdb2180d6"
                }
              }
            ],
            "ephemeral_storage": [
              {
                "size": 512
              }
            ],
            "file_system_config": [],
            "filename": "llm_api_startup.zip",
            "function_name": "llm-api-startup",
            "handler": "index.handler",
            "id": "llm-api-startup",
            "image_config": [],
            "image_uri": "",
            "invoke_arn": "arn:aws:apigateway:us-east-2:lambda:path/2015-03-31/functions/arn:aws:lambda:us-east-2:145880140878:function:llm-api-startup/invocations",
            "kms_key_arn": "",
            "last_modified": "2026-01-01T17:39:10.000+0000",
            "layers": [],
            "logging_config": [
              {
                "application_log_level": "",
                "log_format": "Text",
                "log_group": "/aws/lambda/llm-api-startup",
                "system_log_level": ""
              }
            ],
            "memory_size": 128,
            "package_type": "Zip",
            "publish": false,
            "publish_to": null,
            "qualified_arn": "arn:aws:lambda:us-east-2:145880140878:function:llm-api-startup:$LATEST",
            "qualified_invoke_arn": "arn:aws:apigateway:us-east-2:lambda:path/2015-03-31/functions/arn:aws:lambda:us-east-2:145880140878:function:llm-api-startup:$LATEST/invocations",
            "region": "us-east-2",
            "replace_security_groups_on_destroy": null,
            "replacement_security_group_ids": null,
            "reserved_concurrent_executions": -1,
            "role": "arn:aws:iam::145880140878:role/llm-api-startup-lambda-role",
            "runtime": "python3.12",
            "s3_bucket": null,
            "s3_key": null,
            "s3_object_version": null,
            "signing_job_arn": "",
            "signing_profile_version_arn": "",
            "skip_destroy": false,
            "snap_start": [],
            "source_code_hash": "P0JMrkeRW/kNqoDZbt4j79mbv+Ogy2tP2Incpg51RF0=",
            "source_code_size": 525,
            "source_kms_key_arn": "",
            "tags": {
              "Name": "LLM API Startup"
            },
            "tags_all": {
              "Name": "LLM API Startup"
            },
            "tenancy_config": [],
            "timeout": 60,
            "timeouts": null,
            "tracing_config": [
              {
                "mode": "PassThrough"
              }
            ],
            "version": "$LATEST",
            "vpc_config": []
          },
          "sensitive_attributes": [],
          "private": "eyJlMmJmYjczMC1lY2FhLTExZTYtOGY4OC0zNDM2M2JjN2M0YzAiOnsiY3JlYXRlIjo2MDAwMDAwMDAwMDAsImRlbGV0ZSI6NjAwMDAwMDAwMDAwLCJ1cGRhdGUiOjYwMDAwMDAwMDAwMH19",
          "dependencies": [
            "aws_iam_instance_profile.llm_api_ec2_profile",
            "aws_iam_role.llm_api_ec2_role",
            "aws_iam_role.llm_api_startup_lambda_role",
            "aws_instance.llm_api",
            "aws_key_pair.api_server_key",
            "aws_security_group.llm_api_sg",
            "data.archive_file.llm_api_startup_zip",
            "data.aws_ami.amazon_linux"
          ]
        }
      ]
    },
    {
      "mode": "managed",
      "type": "aws_lambda_permission",
      "name": "allow_cloudwatch",
      "provider": "provider[\"registry.terraform.io/hashicorp/aws\"]",
      "instances": [
        {
          "schema_version": 0,
          "attributes": {
            "action": "lambda:InvokeFunction",
            "event_source_token": null,
            "function_name": "ec2-auto-shutdown",
            "function_url_auth_type": null,
            "id": "AllowExecutionFromCloudWatch",
            "principal": "events.amazonaws.com",
            "principal_org_id": null,
            "qualifier": "",
            "region": "us-east-2",
            "source_account": null,
            "source_arn": "arn:aws:events:us-east-2:145880140878:rule/ec2-shutdown-12am-est",
            "statement_id": "AllowExecutionFromCloudWatch",
            "statement_id_prefix": ""
          },
          "sensitive_attributes": [],
          "private": "bnVsbA==",
          "dependencies": [
            "aws_cloudwatch_event_rule.ec2_shutdown_schedule",
            "aws_iam_instance_profile.ec2_api_profile",
            "aws_iam_role.ec2_api_role",
            "aws_iam_role.ec2_scheduler_lambda_role",
            "aws_instance.api_server",
            "aws_key_pair.api_server_key",
            "aws_lambda_function.ec2_scheduler",
            "aws_security_group.api_server_sg",
            "data.archive_file.ec2_scheduler_zip",
            "data.aws_ami.amazon_linux"
          ]
        }
      ]
    },
    {
      "mode": "managed",
      "type": "aws_lambda_permission",
      "name": "embeddings_api_allow_cloudwatch",
      "provider": "provider[\"registry.terraform.io/hashicorp/aws\"]",
      "instances": [
        {
          "schema_version": 0,
          "attributes": {
            "action": "lambda:InvokeFunction",
            "event_source_token": null,
            "function_name": "embeddings-api-shutdown",
            "function_url_auth_type": null,
            "id": "AllowExecutionFromCloudWatch",
            "principal": "events.amazonaws.com",
            "principal_org_id": null,
            "qualifier": "",
            "region": "us-east-2",
            "source_account": null,
            "source_arn": "arn:aws:events:us-east-2:145880140878:rule/embeddings-api-shutdown-12am-est",
            "statement_id": "AllowExecutionFromCloudWatch",
            "statement_id_prefix": ""
          },
          "sensitive_attributes": [],
          "private": "bnVsbA==",
          "dependencies": [
            "aws_cloudwatch_event_rule.embeddings_api_shutdown_schedule",
            "aws_iam_instance_profile.embeddings_api_ec2_profile",
            "aws_iam_role.embeddings_api_ec2_role",
            "aws_iam_role.embeddings_api_shutdown_lambda_role",
            "aws_instance.embeddings_api",
            "aws_key_pair.api_server_key",
            "aws_lambda_function.embeddings_api_shutdown",
            "aws_security_group.embeddings_api_sg",
            "data.archive_file.embeddings_api_shutdown_zip",
            "data.aws_ami.amazon_linux"
          ]
        }
      ]
    },
    {
      "mode": "managed",
      "type": "aws_lambda_permission",
      "name": "embeddings_api_allow_sns",
      "provider": "provider[\"registry.terraform.io/hashicorp/aws\"]",
      "instances": [
        {
          "schema_version": 0,
          "attributes": {
            "action": "lambda:InvokeFunction",
            "event_source_token": null,
            "function_name": "embeddings-api-startup",
            "function_url_auth_type": null,
            "id": "AllowExecutionFromSNS",
            "principal": "sns.amazonaws.com",
            "principal_org_id": null,
            "qualifier": "",
            "region": "us-east-2",
            "source_account": null,
            "source_arn": "arn:aws:sns:us-east-2:145880140878:embeddings-api-5xx-alarm",
            "statement_id": "AllowExecutionFromSNS",
            "statement_id_prefix": ""
          },
          "sensitive_attributes": [],
          "private": "bnVsbA==",
          "dependencies": [
            "aws_iam_instance_profile.embeddings_api_ec2_profile",
            "aws_iam_role.embeddings_api_ec2_role",
            "aws_iam_role.embeddings_api_startup_lambda_role",
            "aws_instance.embeddings_api",
            "aws_key_pair.api_server_key",
            "aws_lambda_function.embeddings_api_startup",
            "aws_security_group.embeddings_api_sg",
            "aws_sns_topic.embeddings_api_alarm_topic",
            "data.archive_file.embeddings_api_startup_zip",
            "data.aws_ami.amazon_linux"
          ]
        }
      ]
    },
    {
      "mode": "managed",
      "type": "aws_lambda_permission",
      "name": "image_gen_api_allow_cloudwatch",
      "provider": "provider[\"registry.terraform.io/hashicorp/aws\"]",
      "instances": [
        {
          "schema_version": 0,
          "attributes": {
            "action": "lambda:InvokeFunction",
            "event_source_token": null,
            "function_name": "image-gen-api-shutdown",
            "function_url_auth_type": null,
            "id": "AllowExecutionFromCloudWatch",
            "principal": "events.amazonaws.com",
            "principal_org_id": null,
            "qualifier": "",
            "region": "us-east-2",
            "source_account": null,
            "source_arn": "arn:aws:events:us-east-2:145880140878:rule/image-gen-api-shutdown-12am-est",
            "statement_id": "AllowExecutionFromCloudWatch",
            "statement_id_prefix": ""
          },
          "sensitive_attributes": [],
          "private": "bnVsbA==",
          "dependencies": [
            "aws_cloudwatch_event_rule.image_gen_api_shutdown_schedule",
            "aws_iam_instance_profile.image_gen_api_ec2_profile",
            "aws_iam_role.image_gen_api_ec2_role",
            "aws_iam_role.image_gen_api_shutdown_lambda_role",
            "aws_instance.image_gen_api",
            "aws_key_pair.api_server_key",
            "aws_lambda_function.image_gen_api_shutdown",
            "aws_security_group.image_gen_api_sg",
            "data.archive_file.image_gen_api_shutdown_zip",
            "data.aws_ami.deep_learning"
          ]
        }
      ]
    },
    {
      "mode": "managed",
      "type": "aws_lambda_permission",
      "name": "llm_api_allow_cloudwatch",
      "provider": "provider[\"registry.terraform.io/hashicorp/aws\"]",
      "instances": [
        {
          "schema_version": 0,
          "attributes": {
            "action": "lambda:InvokeFunction",
            "event_source_token": null,
            "function_name": "llm-api-shutdown",
            "function_url_auth_type": null,
            "id": "AllowExecutionFromCloudWatch",
            "principal": "events.amazonaws.com",
            "principal_org_id": null,
            "qualifier": "",
            "region": "us-east-2",
            "source_account": null,
            "source_arn": "arn:aws:events:us-east-2:145880140878:rule/llm-api-shutdown-12am-est",
            "statement_id": "AllowExecutionFromCloudWatch",
            "statement_id_prefix": ""
          },
          "sensitive_attributes": [],
          "private": "bnVsbA==",
          "dependencies": [
            "aws_cloudwatch_event_rule.llm_api_shutdown_schedule",
            "aws_iam_instance_profile.llm_api_ec2_profile",
            "aws_iam_role.llm_api_ec2_role",
            "aws_iam_role.llm_api_shutdown_lambda_role",
            "aws_instance.llm_api",
            "aws_key_pair.api_server_key",
            "aws_lambda_function.llm_api_shutdown",
            "aws_security_group.llm_api_sg",
            "data.archive_file.llm_api_shutdown_zip",
            "data.aws_ami.amazon_linux"
          ]
        }
      ]
    },
    {
      "mode": "managed",
      "type": "aws_lambda_permission",
      "name": "llm_api_allow_sns",
      "provider": "provider[\"registry.terraform.io/hashicorp/aws\"]",
      "instances": [
        {
          "schema_version": 0,
          "attributes": {
            "action": "lambda:InvokeFunction",
            "event_source_token": null,
            "function_name": "llm-api-startup",
            "function_url_auth_type": null,
            "id": "AllowExecutionFromSNS",
            "principal": "sns.amazonaws.com",
            "principal_org_id": null,
            "qualifier": "",
            "region": "us-east-2",
            "source_account": null,
            "source_arn": "arn:aws:sns:us-east-2:145880140878:llm-api-5xx-alarm",
            "statement_id": "AllowExecutionFromSNS",
            "statement_id_prefix": ""
          },
          "sensitive_attributes": [],
          "private": "bnVsbA==",
          "dependencies": [
            "aws_iam_instance_profile.llm_api_ec2_profile",
            "aws_iam_role.llm_api_ec2_role",
            "aws_iam_role.llm_api_startup_lambda_role",
            "aws_instance.llm_api",
            "aws_key_pair.api_server_key",
            "aws_lambda_function.llm_api_startup",
            "aws_security_group.llm_api_sg",
            "aws_sns_topic.llm_api_alarm_topic",
            "data.archive_file.llm_api_startup_zip",
            "data.aws_ami.amazon_linux"
          ]
        }
      ]
    },
    {
      "mode": "managed",
      "type": "aws_route53_record",
      "name": "api_a",
      "provider": "provider[\"registry.terraform.io/hashicorp/aws\"]",
      "instances": [
        {
          "schema_version": 2,
          "attributes": {
            "alias": [
              {
                "evaluate_target_health": false,
                "name": "d30rtu2m0gr1pt.cloudfront.net",
                "zone_id": "Z2FDTNDATAQYW2"
              }
            ],
            "allow_overwrite": null,
            "cidr_routing_policy": [],
            "failover_routing_policy": [],
            "fqdn": "api.atlas-of-us.com",
            "geolocation_routing_policy": [],
            "geoproximity_routing_policy": [],
            "health_check_id": "",
            "id": "Z04364352OR88HGT17TK7_api.atlas-of-us.com_A",
            "latency_routing_policy": [],
            "multivalue_answer_routing_policy": false,
            "name": "api.atlas-of-us.com",
            "records": [],
            "set_identifier": "",
            "timeouts": null,
            "ttl": 0,
            "type": "A",
            "weighted_routing_policy": [],
            "zone_id": "Z04364352OR88HGT17TK7"
          },
          "sensitive_attributes": [],
          "private": "eyJzY2hlbWFfdmVyc2lvbiI6IjIifQ==",
          "dependencies": [
            "aws_acm_certificate.api_cert",
            "aws_acm_certificate_validation.api_cert",
            "aws_cloudfront_distribution.api_cdn",
            "aws_iam_instance_profile.ec2_api_profile",
            "aws_iam_role.ec2_api_role",
            "aws_instance.api_server",
            "aws_key_pair.api_server_key",
            "aws_route53_record.api_cert_validation",
            "aws_route53_zone.main",
            "aws_security_group.api_server_sg",
            "data.aws_ami.amazon_linux"
          ]
        }
      ]
    },
    {
      "mode": "managed",
      "type": "aws_route53_record",
      "name": "api_aaaa",
      "provider": "provider[\"registry.terraform.io/hashicorp/aws\"]",
      "instances": [
        {
          "schema_version": 2,
          "attributes": {
            "alias": [
              {
                "evaluate_target_health": false,
                "name": "d30rtu2m0gr1pt.cloudfront.net",
                "zone_id": "Z2FDTNDATAQYW2"
              }
            ],
            "allow_overwrite": null,
            "cidr_routing_policy": [],
            "failover_routing_policy": [],
            "fqdn": "api.atlas-of-us.com",
            "geolocation_routing_policy": [],
            "geoproximity_routing_policy": [],
            "health_check_id": "",
            "id": "Z04364352OR88HGT17TK7_api.atlas-of-us.com_AAAA",
            "latency_routing_policy": [],
            "multivalue_answer_routing_policy": false,
            "name": "api.atlas-of-us.com",
            "records": [],
            "set_identifier": "",
            "timeouts": null,
            "ttl": 0,
            "type": "AAAA",
            "weighted_routing_policy": [],
            "zone_id": "Z04364352OR88HGT17TK7"
          },
          "sensitive_attributes": [],
          "private": "eyJzY2hlbWFfdmVyc2lvbiI6IjIifQ==",
          "dependencies": [
            "aws_acm_certificate.api_cert",
            "aws_acm_certificate_validation.api_cert",
            "aws_cloudfront_distribution.api_cdn",
            "aws_iam_instance_profile.ec2_api_profile",
            "aws_iam_role.ec2_api_role",
            "aws_instance.api_server",
            "aws_key_pair.api_server_key",
            "aws_route53_record.api_cert_validation",
            "aws_route53_zone.main",
            "aws_security_group.api_server_sg",
            "data.aws_ami.amazon_linux"
          ]
        }
      ]
    },
    {
      "mode": "managed",
      "type": "aws_route53_record",
      "name": "api_cert_validation",
      "provider": "provider[\"registry.terraform.io/hashicorp/aws\"]",
      "instances": [
        {
          "index_key": "api.atlas-of-us.com",
          "schema_version": 2,
          "attributes": {
            "alias": [],
            "allow_overwrite": true,
            "cidr_routing_policy": [],
            "failover_routing_policy": [],
            "fqdn": "_ee191e00261b6994eb76894413786d75.api.atlas-of-us.com",
            "geolocation_routing_policy": [],
            "geoproximity_routing_policy": [],
            "health_check_id": "",
            "id": "Z04364352OR88HGT17TK7__ee191e00261b6994eb76894413786d75.api.atlas-of-us.com._CNAME",
            "latency_routing_policy": [],
            "multivalue_answer_routing_policy": false,
            "name": "_ee191e00261b6994eb76894413786d75.api.atlas-of-us.com",
            "records": [
              "_5a1e790f9133f09fda81c4ae541b4136.xlfgrmvvlj.acm-validations.aws."
            ],
            "set_identifier": "",
            "timeouts": null,
            "ttl": 60,
            "type": "CNAME",
            "weighted_routing_policy": [],
            "zone_id": "Z04364352OR88HGT17TK7"
          },
          "sensitive_attributes": [],
          "private": "eyJzY2hlbWFfdmVyc2lvbiI6IjIifQ==",
          "dependencies": [
            "aws_acm_certificate.api_cert",
            "aws_route53_zone.main"
          ]
        }
      ]
    },
    {
      "mode": "managed",
      "type": "aws_route53_record",
      "name": "cert_validation",
      "provider": "provider[\"registry.terraform.io/hashicorp/aws\"]",
      "instances": [
        {
          "index_key": "*.atlas-of-us.com",
          "schema_version": 2,
          "attributes": {
            "alias": [],
            "allow_overwrite": true,
            "cidr_routing_policy": [],
            "failover_routing_policy": [],
            "fqdn": "_4c44bc137ee8cc397dbe799b25167dd1.atlas-of-us.com",
            "geolocation_routing_policy": [],
            "geoproximity_routing_policy": [],
            "health_check_id": "",
            "id": "Z04364352OR88HGT17TK7__4c44bc137ee8cc397dbe799b25167dd1.atlas-of-us.com._CNAME",
            "latency_routing_policy": [],
            "multivalue_answer_routing_policy": false,
            "name": "_4c44bc137ee8cc397dbe799b25167dd1.atlas-of-us.com",
            "records": [
              "_f985bff6f3cd72629461d25ad0ccb91d.djqtsrsxkq.acm-validations.aws."
            ],
            "set_identifier": "",
            "timeouts": null,
            "ttl": 60,
            "type": "CNAME",
            "weighted_routing_policy": [],
            "zone_id": "Z04364352OR88HGT17TK7"
          },
          "sensitive_attributes": [],
          "private": "eyJzY2hlbWFfdmVyc2lvbiI6IjIifQ==",
          "dependencies": [
            "aws_acm_certificate.cert",
            "aws_route53_zone.main"
          ]
        },
        {
          "index_key": "atlas-of-us.com",
          "schema_version": 2,
          "attributes": {
            "alias": [],
            "allow_overwrite": true,
            "cidr_routing_policy": [],
            "failover_routing_policy": [],
            "fqdn": "_4c44bc137ee8cc397dbe799b25167dd1.atlas-of-us.com",
            "geolocation_routing_policy": [],
            "geoproximity_routing_policy": [],
            "health_check_id": "",
            "id": "Z04364352OR88HGT17TK7__4c44bc137ee8cc397dbe799b25167dd1.atlas-of-us.com._CNAME",
            "latency_routing_policy": [],
            "multivalue_answer_routing_policy": false,
            "name": "_4c44bc137ee8cc397dbe799b25167dd1.atlas-of-us.com",
            "records": [
              "_f985bff6f3cd72629461d25ad0ccb91d.djqtsrsxkq.acm-validations.aws."
            ],
            "set_identifier": "",
            "timeouts": null,
            "ttl": 60,
            "type": "CNAME",
            "weighted_routing_policy": [],
            "zone_id": "Z04364352OR88HGT17TK7"
          },
          "sensitive_attributes": [],
          "private": "eyJzY2hlbWFfdmVyc2lvbiI6IjIifQ==",
          "dependencies": [
            "aws_acm_certificate.cert",
            "aws_route53_zone.main"
          ]
        }
      ]
    },
    {
      "mode": "managed",
      "type": "aws_route53_record",
      "name": "embeddings_api_a",
      "provider": "provider[\"registry.terraform.io/hashicorp/aws\"]",
      "instances": [
        {
          "schema_version": 2,
          "attributes": {
            "alias": [
              {
                "evaluate_target_health": false,
                "name": "dd6kcz9xlpu9s.cloudfront.net",
                "zone_id": "Z2FDTNDATAQYW2"
              }
            ],
            "allow_overwrite": null,
            "cidr_routing_policy": [],
            "failover_routing_policy": [],
            "fqdn": "embeddings.atlas-of-us.com",
            "geolocation_routing_policy": [],
            "geoproximity_routing_policy": [],
            "health_check_id": "",
            "id": "Z04364352OR88HGT17TK7_embeddings.atlas-of-us.com_A",
            "latency_routing_policy": [],
            "multivalue_answer_routing_policy": false,
            "name": "embeddings.atlas-of-us.com",
            "records": [],
            "set_identifier": "",
            "timeouts": null,
            "ttl": 0,
            "type": "A",
            "weighted_routing_policy": [],
            "zone_id": "Z04364352OR88HGT17TK7"
          },
          "sensitive_attributes": [],
          "private": "eyJlMmJmYjczMC1lY2FhLTExZTYtOGY4OC0zNDM2M2JjN2M0YzAiOnsiY3JlYXRlIjoxODAwMDAwMDAwMDAwLCJkZWxldGUiOjE4MDAwMDAwMDAwMDAsInVwZGF0ZSI6MTgwMDAwMDAwMDAwMH0sInNjaGVtYV92ZXJzaW9uIjoiMiJ9",
          "dependencies": [
            "aws_acm_certificate.embeddings_api_cert",
            "aws_acm_certificate_validation.embeddings_api_cert",
            "aws_cloudfront_distribution.embeddings_api_cdn",
            "aws_eip.embeddings_api_eip",
            "aws_iam_instance_profile.embeddings_api_ec2_profile",
            "aws_iam_role.embeddings_api_ec2_role",
            "aws_instance.embeddings_api",
            "aws_key_pair.api_server_key",
            "aws_route53_record.embeddings_api_cert_validation",
            "aws_route53_zone.main",
            "aws_security_group.embeddings_api_sg",
            "data.aws_ami.amazon_linux"
          ]
        }
      ]
    },
    {
      "mode": "managed",
      "type": "aws_route53_record",
      "name": "embeddings_api_aaaa",
      "provider": "provider[\"registry.terraform.io/hashicorp/aws\"]",
      "instances": [
        {
          "schema_version": 2,
          "attributes": {
            "alias": [
              {
                "evaluate_target_health": false,
                "name": "dd6kcz9xlpu9s.cloudfront.net",
                "zone_id": "Z2FDTNDATAQYW2"
              }
            ],
            "allow_overwrite": null,
            "cidr_routing_policy": [],
            "failover_routing_policy": [],
            "fqdn": "embeddings.atlas-of-us.com",
            "geolocation_routing_policy": [],
            "geoproximity_routing_policy": [],
            "health_check_id": "",
            "id": "Z04364352OR88HGT17TK7_embeddings.atlas-of-us.com_AAAA",
            "latency_routing_policy": [],
            "multivalue_answer_routing_policy": false,
            "name": "embeddings.atlas-of-us.com",
            "records": [],
            "set_identifier": "",
            "timeouts": null,
            "ttl": 0,
            "type": "AAAA",
            "weighted_routing_policy": [],
            "zone_id": "Z04364352OR88HGT17TK7"
          },
          "sensitive_attributes": [],
          "private": "eyJlMmJmYjczMC1lY2FhLTExZTYtOGY4OC0zNDM2M2JjN2M0YzAiOnsiY3JlYXRlIjoxODAwMDAwMDAwMDAwLCJkZWxldGUiOjE4MDAwMDAwMDAwMDAsInVwZGF0ZSI6MTgwMDAwMDAwMDAwMH0sInNjaGVtYV92ZXJzaW9uIjoiMiJ9",
          "dependencies": [
            "aws_acm_certificate.embeddings_api_cert",
            "aws_acm_certificate_validation.embeddings_api_cert",
            "aws_cloudfront_distribution.embeddings_api_cdn",
            "aws_eip.embeddings_api_eip",
            "aws_iam_instance_profile.embeddings_api_ec2_profile",
            "aws_iam_role.embeddings_api_ec2_role",
            "aws_instance.embeddings_api",
            "aws_key_pair.api_server_key",
            "aws_route53_record.embeddings_api_cert_validation",
            "aws_route53_zone.main",
            "aws_security_group.embeddings_api_sg",
            "data.aws_ami.amazon_linux"
          ]
        }
      ]
    },
    {
      "mode": "managed",
      "type": "aws_route53_record",
      "name": "embeddings_api_cert_validation",
      "provider": "provider[\"registry.terraform.io/hashicorp/aws\"]",
      "instances": [
        {
          "index_key": "embeddings.atlas-of-us.com",
          "schema_version": 2,
          "attributes": {
            "alias": [],
            "allow_overwrite": true,
            "cidr_routing_policy": [],
            "failover_routing_policy": [],
            "fqdn": "_576491ee12efeea18c637c8a264331e1.embeddings.atlas-of-us.com",
            "geolocation_routing_policy": [],
            "geoproximity_routing_policy": [],
            "health_check_id": "",
            "id": "Z04364352OR88HGT17TK7__576491ee12efeea18c637c8a264331e1.embeddings.atlas-of-us.com._CNAME",
            "latency_routing_policy": [],
            "multivalue_answer_routing_policy": false,
            "name": "_576491ee12efeea18c637c8a264331e1.embeddings.atlas-of-us.com",
            "records": [
              "_72c42f1a7f94b905d423c1b6e8d848f5.jkddzztszm.acm-validations.aws."
            ],
            "set_identifier": "",
            "timeouts": null,
            "ttl": 60,
            "type": "CNAME",
            "weighted_routing_policy": [],
            "zone_id": "Z04364352OR88HGT17TK7"
          },
          "sensitive_attributes": [],
          "private": "eyJlMmJmYjczMC1lY2FhLTExZTYtOGY4OC0zNDM2M2JjN2M0YzAiOnsiY3JlYXRlIjoxODAwMDAwMDAwMDAwLCJkZWxldGUiOjE4MDAwMDAwMDAwMDAsInVwZGF0ZSI6MTgwMDAwMDAwMDAwMH0sInNjaGVtYV92ZXJzaW9uIjoiMiJ9",
          "dependencies": [
            "aws_acm_certificate.embeddings_api_cert",
            "aws_route53_zone.main"
          ]
        }
      ]
    },
    {
      "mode": "managed",
      "type": "aws_route53_record",
      "name": "image_gen_api_a",
      "provider": "provider[\"registry.terraform.io/hashicorp/aws\"]",
      "instances": [
        {
          "schema_version": 2,
          "attributes": {
            "alias": [
              {
                "evaluate_target_health": false,
                "name": "d2y8jwu5gjnst2.cloudfront.net",
                "zone_id": "Z2FDTNDATAQYW2"
              }
            ],
            "allow_overwrite": null,
            "cidr_routing_policy": [],
            "failover_routing_policy": [],
            "fqdn": "image-gen.atlas-of-us.com",
            "geolocation_routing_policy": [],
            "geoproximity_routing_policy": [],
            "health_check_id": "",
            "id": "Z04364352OR88HGT17TK7_image-gen.atlas-of-us.com_A",
            "latency_routing_policy": [],
            "multivalue_answer_routing_policy": false,
            "name": "image-gen.atlas-of-us.com",
            "records": [],
            "set_identifier": "",
            "timeouts": null,
            "ttl": 0,
            "type": "A",
            "weighted_routing_policy": [],
            "zone_id": "Z04364352OR88HGT17TK7"
          },
          "sensitive_attributes": [],
          "private": "eyJlMmJmYjczMC1lY2FhLTExZTYtOGY4OC0zNDM2M2JjN2M0YzAiOnsiY3JlYXRlIjoxODAwMDAwMDAwMDAwLCJkZWxldGUiOjE4MDAwMDAwMDAwMDAsInVwZGF0ZSI6MTgwMDAwMDAwMDAwMH0sInNjaGVtYV92ZXJzaW9uIjoiMiJ9",
          "dependencies": [
            "aws_acm_certificate.image_gen_api_cert",
            "aws_acm_certificate_validation.image_gen_api_cert",
            "aws_cloudfront_distribution.image_gen_api_cdn",
            "aws_eip.image_gen_api_eip",
            "aws_iam_instance_profile.image_gen_api_ec2_profile",
            "aws_iam_role.image_gen_api_ec2_role",
            "aws_instance.image_gen_api",
            "aws_key_pair.api_server_key",
            "aws_route53_record.image_gen_api_cert_validation",
            "aws_route53_zone.main",
            "aws_security_group.image_gen_api_sg",
            "data.aws_ami.deep_learning"
          ]
        }
      ]
    },
    {
      "mode": "managed",
      "type": "aws_route53_record",
      "name": "image_gen_api_aaaa",
      "provider": "provider[\"registry.terraform.io/hashicorp/aws\"]",
      "instances": [
        {
          "schema_version": 2,
          "attributes": {
            "alias": [
              {
                "evaluate_target_health": false,
                "name": "d2y8jwu5gjnst2.cloudfront.net",
                "zone_id": "Z2FDTNDATAQYW2"
              }
            ],
            "allow_overwrite": null,
            "cidr_routing_policy": [],
            "failover_routing_policy": [],
            "fqdn": "image-gen.atlas-of-us.com",
            "geolocation_routing_policy": [],
            "geoproximity_routing_policy": [],
            "health_check_id": "",
            "id": "Z04364352OR88HGT17TK7_image-gen.atlas-of-us.com_AAAA",
            "latency_routing_policy": [],
            "multivalue_answer_routing_policy": false,
            "name": "image-gen.atlas-of-us.com",
            "records": [],
            "set_identifier": "",
            "timeouts": null,
            "ttl": 0,
            "type": "AAAA",
            "weighted_routing_policy": [],
            "zone_id": "Z04364352OR88HGT17TK7"
          },
          "sensitive_attributes": [],
          "private": "eyJlMmJmYjczMC1lY2FhLTExZTYtOGY4OC0zNDM2M2JjN2M0YzAiOnsiY3JlYXRlIjoxODAwMDAwMDAwMDAwLCJkZWxldGUiOjE4MDAwMDAwMDAwMDAsInVwZGF0ZSI6MTgwMDAwMDAwMDAwMH0sInNjaGVtYV92ZXJzaW9uIjoiMiJ9",
          "dependencies": [
            "aws_acm_certificate.image_gen_api_cert",
            "aws_acm_certificate_validation.image_gen_api_cert",
            "aws_cloudfront_distribution.image_gen_api_cdn",
            "aws_eip.image_gen_api_eip",
            "aws_iam_instance_profile.image_gen_api_ec2_profile",
            "aws_iam_role.image_gen_api_ec2_role",
            "aws_instance.image_gen_api",
            "aws_key_pair.api_server_key",
            "aws_route53_record.image_gen_api_cert_validation",
            "aws_route53_zone.main",
            "aws_security_group.image_gen_api_sg",
            "data.aws_ami.deep_learning"
          ]
        }
      ]
    },
    {
      "mode": "managed",
      "type": "aws_route53_record",
      "name": "image_gen_api_cert_validation",
      "provider": "provider[\"registry.terraform.io/hashicorp/aws\"]",
      "instances": [
        {
          "index_key": "image-gen.atlas-of-us.com",
          "schema_version": 2,
          "attributes": {
            "alias": [],
            "allow_overwrite": true,
            "cidr_routing_policy": [],
            "failover_routing_policy": [],
            "fqdn": "_5ecf13b957993bbbf7a6c6d94d214e7d.image-gen.atlas-of-us.com",
            "geolocation_routing_policy": [],
            "geoproximity_routing_policy": [],
            "health_check_id": "",
            "id": "Z04364352OR88HGT17TK7__5ecf13b957993bbbf7a6c6d94d214e7d.image-gen.atlas-of-us.com._CNAME",
            "latency_routing_policy": [],
            "multivalue_answer_routing_policy": false,
            "name": "_5ecf13b957993bbbf7a6c6d94d214e7d.image-gen.atlas-of-us.com",
            "records": [
              "_2e83c8dea72a2164869f41c99889461d.jkddzztszm.acm-validations.aws."
            ],
            "set_identifier": "",
            "timeouts": null,
            "ttl": 60,
            "type": "CNAME",
            "weighted_routing_policy": [],
            "zone_id": "Z04364352OR88HGT17TK7"
          },
          "sensitive_attributes": [],
          "private": "eyJlMmJmYjczMC1lY2FhLTExZTYtOGY4OC0zNDM2M2JjN2M0YzAiOnsiY3JlYXRlIjoxODAwMDAwMDAwMDAwLCJkZWxldGUiOjE4MDAwMDAwMDAwMDAsInVwZGF0ZSI6MTgwMDAwMDAwMDAwMH0sInNjaGVtYV92ZXJzaW9uIjoiMiJ9",
          "dependencies": [
            "aws_acm_certificate.image_gen_api_cert",
            "aws_route53_zone.main"
          ]
        }
      ]
    },
    {
      "mode": "managed",
      "type": "aws_route53_record",
      "name": "llm_api_a",
      "provider": "provider[\"registry.terraform.io/hashicorp/aws\"]",
      "instances": [
        {
          "schema_version": 2,
          "attributes": {
            "alias": [
              {
                "evaluate_target_health": false,
                "name": "d3cj9d8jlyj1zd.cloudfront.net",
                "zone_id": "Z2FDTNDATAQYW2"
              }
            ],
            "allow_overwrite": null,
            "cidr_routing_policy": [],
            "failover_routing_policy": [],
            "fqdn": "llm.atlas-of-us.com",
            "geolocation_routing_policy": [],
            "geoproximity_routing_policy": [],
            "health_check_id": "",
            "id": "Z04364352OR88HGT17TK7_llm.atlas-of-us.com_A",
            "latency_routing_policy": [],
            "multivalue_answer_routing_policy": false,
            "name": "llm.atlas-of-us.com",
            "records": [],
            "set_identifier": "",
            "timeouts": null,
            "ttl": 0,
            "type": "A",
            "weighted_routing_policy": [],
            "zone_id": "Z04364352OR88HGT17TK7"
          },
          "sensitive_attributes": [],
          "private": "eyJlMmJmYjczMC1lY2FhLTExZTYtOGY4OC0zNDM2M2JjN2M0YzAiOnsiY3JlYXRlIjoxODAwMDAwMDAwMDAwLCJkZWxldGUiOjE4MDAwMDAwMDAwMDAsInVwZGF0ZSI6MTgwMDAwMDAwMDAwMH0sInNjaGVtYV92ZXJzaW9uIjoiMiJ9",
          "dependencies": [
            "aws_acm_certificate.llm_api_cert",
            "aws_acm_certificate_validation.llm_api_cert",
            "aws_cloudfront_distribution.llm_api_cdn",
            "aws_eip.llm_api_eip",
            "aws_iam_instance_profile.llm_api_ec2_profile",
            "aws_iam_role.llm_api_ec2_role",
            "aws_instance.llm_api",
            "aws_key_pair.api_server_key",
            "aws_route53_record.llm_api_cert_validation",
            "aws_route53_zone.main",
            "aws_security_group.llm_api_sg",
            "data.aws_ami.amazon_linux"
          ]
        }
      ]
    },
    {
      "mode": "managed",
      "type": "aws_route53_record",
      "name": "llm_api_aaaa",
      "provider": "provider[\"registry.terraform.io/hashicorp/aws\"]",
      "instances": [
        {
          "schema_version": 2,
          "attributes": {
            "alias": [
              {
                "evaluate_target_health": false,
                "name": "d3cj9d8jlyj1zd.cloudfront.net",
                "zone_id": "Z2FDTNDATAQYW2"
              }
            ],
            "allow_overwrite": null,
            "cidr_routing_policy": [],
            "failover_routing_policy": [],
            "fqdn": "llm.atlas-of-us.com",
            "geolocation_routing_policy": [],
            "geoproximity_routing_policy": [],
            "health_check_id": "",
            "id": "Z04364352OR88HGT17TK7_llm.atlas-of-us.com_AAAA",
            "latency_routing_policy": [],
            "multivalue_answer_routing_policy": false,
            "name": "llm.atlas-of-us.com",
            "records": [],
            "set_identifier": "",
            "timeouts": null,
            "ttl": 0,
            "type": "AAAA",
            "weighted_routing_policy": [],
            "zone_id": "Z04364352OR88HGT17TK7"
          },
          "sensitive_attributes": [],
          "private": "eyJlMmJmYjczMC1lY2FhLTExZTYtOGY4OC0zNDM2M2JjN2M0YzAiOnsiY3JlYXRlIjoxODAwMDAwMDAwMDAwLCJkZWxldGUiOjE4MDAwMDAwMDAwMDAsInVwZGF0ZSI6MTgwMDAwMDAwMDAwMH0sInNjaGVtYV92ZXJzaW9uIjoiMiJ9",
          "dependencies": [
            "aws_acm_certificate.llm_api_cert",
            "aws_acm_certificate_validation.llm_api_cert",
            "aws_cloudfront_distribution.llm_api_cdn",
            "aws_eip.llm_api_eip",
            "aws_iam_instance_profile.llm_api_ec2_profile",
            "aws_iam_role.llm_api_ec2_role",
            "aws_instance.llm_api",
            "aws_key_pair.api_server_key",
            "aws_route53_record.llm_api_cert_validation",
            "aws_route53_zone.main",
            "aws_security_group.llm_api_sg",
            "data.aws_ami.amazon_linux"
          ]
        }
      ]
    },
    {
      "mode": "managed",
      "type": "aws_route53_record",
      "name": "llm_api_cert_validation",
      "provider": "provider[\"registry.terraform.io/hashicorp/aws\"]",
      "instances": [
        {
          "index_key": "llm.atlas-of-us.com",
          "schema_version": 2,
          "attributes": {
            "alias": [],
            "allow_overwrite": true,
            "cidr_routing_policy": [],
            "failover_routing_policy": [],
            "fqdn": "_0a81441df17d7ec9bcb68ded6c8b0d34.llm.atlas-of-us.com",
            "geolocation_routing_policy": [],
            "geoproximity_routing_policy": [],
            "health_check_id": "",
            "id": "Z04364352OR88HGT17TK7__0a81441df17d7ec9bcb68ded6c8b0d34.llm.atlas-of-us.com._CNAME",
            "latency_routing_policy": [],
            "multivalue_answer_routing_policy": false,
            "name": "_0a81441df17d7ec9bcb68ded6c8b0d34.llm.atlas-of-us.com",
            "records": [
              "_b92537b4dacf1b7573c4f6b3c547974c.jkddzztszm.acm-validations.aws."
            ],
            "set_identifier": "",
            "timeouts": null,
            "ttl": 60,
            "type": "CNAME",
            "weighted_routing_policy": [],
            "zone_id": "Z04364352OR88HGT17TK7"
          },
          "sensitive_attributes": [],
          "private": "eyJlMmJmYjczMC1lY2FhLTExZTYtOGY4OC0zNDM2M2JjN2M0YzAiOnsiY3JlYXRlIjoxODAwMDAwMDAwMDAwLCJkZWxldGUiOjE4MDAwMDAwMDAwMDAsInVwZGF0ZSI6MTgwMDAwMDAwMDAwMH0sInNjaGVtYV92ZXJzaW9uIjoiMiJ9",
          "dependencies": [
            "aws_acm_certificate.llm_api_cert",
            "aws_route53_zone.main"
          ]
        }
      ]
    },
    {
      "mode": "managed",
      "type": "aws_route53_record",
      "name": "mx",
      "provider": "provider[\"registry.terraform.io/hashicorp/aws\"]",
      "instances": [
        {
          "schema_version": 2,
          "attributes": {
            "alias": [],
            "allow_overwrite": null,
            "cidr_routing_policy": [],
            "failover_routing_policy": [],
            "fqdn": "atlas-of-us.com",
            "geolocation_routing_policy": [],
            "geoproximity_routing_policy": [],
            "health_check_id": "",
            "id": "Z04364352OR88HGT17TK7_atlas-of-us.com_MX",
            "latency_routing_policy": [],
            "multivalue_answer_routing_policy": false,
            "name": "atlas-of-us.com",
            "records": [
              "0 ."
            ],
            "set_identifier": "",
            "timeouts": null,
            "ttl": 300,
            "type": "MX",
            "weighted_routing_policy": [],
            "zone_id": "Z04364352OR88HGT17TK7"
          },
          "sensitive_attributes": [],
          "private": "eyJzY2hlbWFfdmVyc2lvbiI6IjIifQ==",
          "dependencies": [
            "aws_route53_zone.main"
          ]
        }
      ]
    },
    {
      "mode": "managed",
      "type": "aws_route53_record",
      "name": "ns",
      "provider": "provider[\"registry.terraform.io/hashicorp/aws\"]",
      "instances": [
        {
          "schema_version": 2,
          "attributes": {
            "alias": [],
            "allow_overwrite": true,
            "cidr_routing_policy": [],
            "failover_routing_policy": [],
            "fqdn": "atlas-of-us.com",
            "geolocation_routing_policy": [],
            "geoproximity_routing_policy": [],
            "health_check_id": "",
            "id": "Z04364352OR88HGT17TK7_atlas-of-us.com_NS",
            "latency_routing_policy": [],
            "multivalue_answer_routing_policy": false,
            "name": "atlas-of-us.com",
            "records": [
              "ns-1044.awsdns-02.org",
              "ns-1896.awsdns-45.co.uk",
              "ns-440.awsdns-55.com",
              "ns-965.awsdns-56.net"
            ],
            "set_identifier": "",
            "timeouts": null,
            "ttl": 30,
            "type": "NS",
            "weighted_routing_policy": [],
            "zone_id": "Z04364352OR88HGT17TK7"
          },
          "sensitive_attributes": [],
          "private": "eyJzY2hlbWFfdmVyc2lvbiI6IjIifQ==",
          "dependencies": [
            "aws_route53_zone.main"
          ]
        }
      ]
    },
    {
      "mode": "managed",
      "type": "aws_route53_record",
      "name": "soa",
      "provider": "provider[\"registry.terraform.io/hashicorp/aws\"]",
      "instances": [
        {
          "schema_version": 2,
          "attributes": {
            "alias": [],
            "allow_overwrite": true,
            "cidr_routing_policy": [],
            "failover_routing_policy": [],
            "fqdn": "atlas-of-us.com",
            "geolocation_routing_policy": [],
            "geoproximity_routing_policy": [],
            "health_check_id": "",
            "id": "Z04364352OR88HGT17TK7_atlas-of-us.com_SOA",
            "latency_routing_policy": [],
            "multivalue_answer_routing_policy": false,
            "name": "atlas-of-us.com",
            "records": [
              "ns-1044.awsdns-02.org. awsdns-hostmaster.amazon.com. 1 7200 900 1209600 86400"
            ],
            "set_identifier": "",
            "timeouts": null,
            "ttl": 30,
            "type": "SOA",
            "weighted_routing_policy": [],
            "zone_id": "Z04364352OR88HGT17TK7"
          },
          "sensitive_attributes": [],
          "private": "eyJzY2hlbWFfdmVyc2lvbiI6IjIifQ==",
          "dependencies": [
            "aws_route53_zone.main"
          ]
        }
      ]
    },
    {
      "mode": "managed",
      "type": "aws_route53_record",
      "name": "txt_apex",
      "provider": "provider[\"registry.terraform.io/hashicorp/aws\"]",
      "instances": [
        {
          "schema_version": 2,
          "attributes": {
            "alias": [],
            "allow_overwrite": null,
            "cidr_routing_policy": [],
            "failover_routing_policy": [],
            "fqdn": "_.atlas-of-us.com",
            "geolocation_routing_policy": [],
            "geoproximity_routing_policy": [],
            "health_check_id": "",
            "id": "Z04364352OR88HGT17TK7__.atlas-of-us.com_TXT",
            "latency_routing_policy": [],
            "multivalue_answer_routing_policy": false,
            "name": "_.atlas-of-us.com",
            "records": [
              "d16ovhwrq9ws69.cloudfront.net_cname.atlas-of-us.com"
            ],
            "set_identifier": "",
            "timeouts": null,
            "ttl": 900,
            "type": "TXT",
            "weighted_routing_policy": [],
            "zone_id": "Z04364352OR88HGT17TK7"
          },
          "sensitive_attributes": [],
          "private": "eyJzY2hlbWFfdmVyc2lvbiI6IjIifQ==",
          "dependencies": [
            "aws_acm_certificate.cert",
            "aws_acm_certificate_validation.cert",
            "aws_cloudfront_distribution.cdn",
            "aws_cloudfront_origin_access_identity.oai",
            "aws_route53_record.cert_validation",
            "aws_route53_zone.main",
            "aws_s3_bucket.bucket"
          ]
        }
      ]
    },
    {
      "mode": "managed",
      "type": "aws_route53_record",
      "name": "txt_wildcard",
      "provider": "provider[\"registry.terraform.io/hashicorp/aws\"]",
      "instances": [
        {
          "schema_version": 2,
          "attributes": {
            "alias": [],
            "allow_overwrite": null,
            "cidr_routing_policy": [],
            "failover_routing_policy": [],
            "fqdn": "_\\052.atlas-of-us.com",
            "geolocation_routing_policy": [],
            "geoproximity_routing_policy": [],
            "health_check_id": "",
            "id": "Z04364352OR88HGT17TK7__*.atlas-of-us.com_TXT",
            "latency_routing_policy": [],
            "multivalue_answer_routing_policy": false,
            "name": "_*.atlas-of-us.com",
            "records": [
              "d16ovhwrq9ws69.cloudfront.net"
            ],
            "set_identifier": "",
            "timeouts": null,
            "ttl": 900,
            "type": "TXT",
            "weighted_routing_policy": [],
            "zone_id": "Z04364352OR88HGT17TK7"
          },
          "sensitive_attributes": [],
          "private": "eyJzY2hlbWFfdmVyc2lvbiI6IjIifQ==",
          "dependencies": [
            "aws_acm_certificate.cert",
            "aws_acm_certificate_validation.cert",
            "aws_cloudfront_distribution.cdn",
            "aws_cloudfront_origin_access_identity.oai",
            "aws_route53_record.cert_validation",
            "aws_route53_zone.main",
            "aws_s3_bucket.bucket"
          ]
        }
      ]
    },
    {
      "mode": "managed",
      "type": "aws_route53_record",
      "name": "website_a",
      "provider": "provider[\"registry.terraform.io/hashicorp/aws\"]",
      "instances": [
        {
          "schema_version": 2,
          "attributes": {
            "alias": [
              {
                "evaluate_target_health": false,
                "name": "d16ovhwrq9ws69.cloudfront.net",
                "zone_id": "Z2FDTNDATAQYW2"
              }
            ],
            "allow_overwrite": null,
            "cidr_routing_policy": [],
            "failover_routing_policy": [],
            "fqdn": "atlas-of-us.com",
            "geolocation_routing_policy": [],
            "geoproximity_routing_policy": [],
            "health_check_id": "",
            "id": "Z04364352OR88HGT17TK7_atlas-of-us.com_A",
            "latency_routing_policy": [],
            "multivalue_answer_routing_policy": false,
            "name": "atlas-of-us.com",
            "records": [],
            "set_identifier": "",
            "timeouts": null,
            "ttl": 0,
            "type": "A",
            "weighted_routing_policy": [],
            "zone_id": "Z04364352OR88HGT17TK7"
          },
          "sensitive_attributes": [],
          "private": "eyJzY2hlbWFfdmVyc2lvbiI6IjIifQ==",
          "dependencies": [
            "aws_acm_certificate.cert",
            "aws_acm_certificate_validation.cert",
            "aws_cloudfront_distribution.cdn",
            "aws_cloudfront_origin_access_identity.oai",
            "aws_route53_record.cert_validation",
            "aws_route53_zone.main",
            "aws_s3_bucket.bucket"
          ]
        }
      ]
    },
    {
      "mode": "managed",
      "type": "aws_route53_record",
      "name": "website_aaaa",
      "provider": "provider[\"registry.terraform.io/hashicorp/aws\"]",
      "instances": [
        {
          "schema_version": 2,
          "attributes": {
            "alias": [
              {
                "evaluate_target_health": false,
                "name": "d16ovhwrq9ws69.cloudfront.net",
                "zone_id": "Z2FDTNDATAQYW2"
              }
            ],
            "allow_overwrite": null,
            "cidr_routing_policy": [],
            "failover_routing_policy": [],
            "fqdn": "atlas-of-us.com",
            "geolocation_routing_policy": [],
            "geoproximity_routing_policy": [],
            "health_check_id": "",
            "id": "Z04364352OR88HGT17TK7_atlas-of-us.com_AAAA",
            "latency_routing_policy": [],
            "multivalue_answer_routing_policy": false,
            "name": "atlas-of-us.com",
            "records": [],
            "set_identifier": "",
            "timeouts": null,
            "ttl": 0,
            "type": "AAAA",
            "weighted_routing_policy": [],
            "zone_id": "Z04364352OR88HGT17TK7"
          },
          "sensitive_attributes": [],
          "private": "eyJzY2hlbWFfdmVyc2lvbiI6IjIifQ==",
          "dependencies": [
            "aws_acm_certificate.cert",
            "aws_acm_certificate_validation.cert",
            "aws_cloudfront_distribution.cdn",
            "aws_cloudfront_origin_access_identity.oai",
            "aws_route53_record.cert_validation",
            "aws_route53_zone.main",
            "aws_s3_bucket.bucket"
          ]
        }
      ]
    },
    {
      "mode": "managed",
      "type": "aws_route53_zone",
      "name": "main",
      "provider": "provider[\"registry.terraform.io/hashicorp/aws\"]",
      "instances": [
        {
          "schema_version": 0,
          "attributes": {
            "arn": "arn:aws:route53:::hostedzone/Z04364352OR88HGT17TK7",
            "comment": "Managed by Terraform",
            "delegation_set_id": "",
            "enable_accelerated_recovery": false,
            "force_destroy": false,
            "id": "Z04364352OR88HGT17TK7",
            "name": "atlas-of-us.com",
            "name_servers": [
              "ns-1044.awsdns-02.org",
              "ns-1896.awsdns-45.co.uk",
              "ns-440.awsdns-55.com",
              "ns-965.awsdns-56.net"
            ],
            "primary_name_server": "ns-1896.awsdns-45.co.uk",
            "tags": {},
            "tags_all": {},
            "timeouts": null,
            "vpc": [],
            "zone_id": "Z04364352OR88HGT17TK7"
          },
          "sensitive_attributes": [],
          "private": "bnVsbA=="
        }
      ]
    },
    {
      "mode": "managed",
      "type": "aws_s3_bucket",
      "name": "bucket",
      "provider": "provider[\"registry.terraform.io/hashicorp/aws\"]",
      "instances": [
        {
          "schema_version": 0,
          "attributes": {
            "acceleration_status": "",
            "acl": null,
            "arn": "arn:aws:s3:::atlas-of-us-site",
            "bucket": "atlas-of-us-site",
            "bucket_domain_name": "atlas-of-us-site.s3.amazonaws.com",
            "bucket_prefix": "",
            "bucket_region": "us-east-2",
            "bucket_regional_domain_name": "atlas-of-us-site.s3.us-east-2.amazonaws.com",
            "cors_rule": [],
            "force_destroy": true,
            "grant": [
              {
                "id": "f9fbc04e22cffff67ea7798c8f645088db893c8597ad25be3293143ff382de00",
                "permissions": [
                  "FULL_CONTROL"
                ],
                "type": "CanonicalUser",
                "uri": ""
              }
            ],
            "hosted_zone_id": "Z2O1EMRO9K5GLX",
            "id": "atlas-of-us-site",
            "lifecycle_rule": [],
            "logging": [],
            "object_lock_configuration": [],
            "object_lock_enabled": false,
            "policy": "{\"Statement\":[{\"Action\":\"s3:GetObject\",\"Effect\":\"Allow\",\"Principal\":{\"AWS\":\"arn:aws:iam::cloudfront:user/CloudFront Origin Access Identity E2AHKCHP987I38\"},\"Resource\":\"arn:aws:s3:::atlas-of-us-site/*\",\"Sid\":\"AllowCloudFrontAccess\"}],\"Version\":\"2012-10-17\"}",
            "region": "us-east-2",
            "replication_configuration": [],
            "request_payer": "BucketOwner",
            "server_side_encryption_configuration": [
              {
                "rule": [
                  {
                    "apply_server_side_encryption_by_default": [
                      {
                        "kms_master_key_id": "",
                        "sse_algorithm": "AES256"
                      }
                    ],
                    "bucket_key_enabled": false
                  }
                ]
              }
            ],
            "tags": {},
            "tags_all": {},
            "timeouts": null,
            "versioning": [
              {
                "enabled": false,
                "mfa_delete": false
              }
            ],
            "website": [
              {
                "error_document": "error.html",
                "index_document": "index.html",
                "redirect_all_requests_to": "",
                "routing_rules": ""
              }
            ],
            "website_domain": "s3-website.us-east-2.amazonaws.com",
            "website_endpoint": "atlas-of-us-site.s3-website.us-east-2.amazonaws.com"
          },
          "sensitive_attributes": [],
          "private": "eyJlMmJmYjczMC1lY2FhLTExZTYtOGY4OC0zNDM2M2JjN2M0YzAiOnsiY3JlYXRlIjoxMjAwMDAwMDAwMDAwLCJkZWxldGUiOjM2MDAwMDAwMDAwMDAsInJlYWQiOjEyMDAwMDAwMDAwMDAsInVwZGF0ZSI6MTIwMDAwMDAwMDAwMH19"
        }
      ]
    },
    {
      "mode": "managed",
      "type": "aws_s3_bucket",
      "name": "general_bucket",
      "provider": "provider[\"registry.terraform.io/hashicorp/aws\"]",
      "instances": [
        {
          "schema_version": 0,
          "attributes": {
            "acceleration_status": "",
            "acl": null,
            "arn": "arn:aws:s3:::atlas-of-us-general-bucket",
            "bucket": "atlas-of-us-general-bucket",
            "bucket_domain_name": "atlas-of-us-general-bucket.s3.amazonaws.com",
            "bucket_prefix": "",
            "bucket_region": "us-east-2",
            "bucket_regional_domain_name": "atlas-of-us-general-bucket.s3.us-east-2.amazonaws.com",
            "cors_rule": [],
            "force_destroy": false,
            "grant": [
              {
                "id": "f9fbc04e22cffff67ea7798c8f645088db893c8597ad25be3293143ff382de00",
                "permissions": [
                  "FULL_CONTROL"
                ],
                "type": "CanonicalUser",
                "uri": ""
              }
            ],
            "hosted_zone_id": "Z2O1EMRO9K5GLX",
            "id": "atlas-of-us-general-bucket",
            "lifecycle_rule": [],
            "logging": [],
            "object_lock_configuration": [],
            "object_lock_enabled": false,
            "policy": "",
            "region": "us-east-2",
            "replication_configuration": [],
            "request_payer": "BucketOwner",
            "server_side_encryption_configuration": [
              {
                "rule": [
                  {
                    "apply_server_side_encryption_by_default": [
                      {
                        "kms_master_key_id": "",
                        "sse_algorithm": "AES256"
                      }
                    ],
                    "bucket_key_enabled": false
                  }
                ]
              }
            ],
            "tags": {
              "Name": "General Purpose S3 Bucket"
            },
            "tags_all": {
              "Name": "General Purpose S3 Bucket"
            },
            "timeouts": null,
            "versioning": [
              {
                "enabled": true,
                "mfa_delete": false
              }
            ],
            "website": [],
            "website_domain": null,
            "website_endpoint": null
          },
          "sensitive_attributes": [],
          "private": "eyJlMmJmYjczMC1lY2FhLTExZTYtOGY4OC0zNDM2M2JjN2M0YzAiOnsiY3JlYXRlIjoxMjAwMDAwMDAwMDAwLCJkZWxldGUiOjM2MDAwMDAwMDAwMDAsInJlYWQiOjEyMDAwMDAwMDAwMDAsInVwZGF0ZSI6MTIwMDAwMDAwMDAwMH19"
        }
      ]
    },
    {
      "mode": "managed",
      "type": "aws_s3_bucket_policy",
      "name": "bucket",
      "provider": "provider[\"registry.terraform.io/hashicorp/aws\"]",
      "instances": [
        {
          "schema_version": 0,
          "attributes": {
            "bucket": "atlas-of-us-site",
            "id": "atlas-of-us-site",
            "policy": "{\"Statement\":[{\"Action\":\"s3:GetObject\",\"Effect\":\"Allow\",\"Principal\":{\"AWS\":\"arn:aws:iam::cloudfront:user/CloudFront Origin Access Identity E2AHKCHP987I38\"},\"Resource\":\"arn:aws:s3:::atlas-of-us-site/*\",\"Sid\":\"AllowCloudFrontAccess\"}],\"Version\":\"2012-10-17\"}",
            "region": "us-east-2"
          },
          "sensitive_attributes": [],
          "private": "bnVsbA==",
          "dependencies": [
            "aws_cloudfront_origin_access_identity.oai",
            "aws_s3_bucket.bucket"
          ]
        }
      ]
    },
    {
      "mode": "managed",
      "type": "aws_s3_bucket_public_access_block",
      "name": "bucket",
      "provider": "provider[\"registry.terraform.io/hashicorp/aws\"]",
      "instances": [
        {
          "schema_version": 0,
          "attributes": {
            "block_public_acls": false,
            "block_public_policy": false,
            "bucket": "atlas-of-us-site",
            "id": "atlas-of-us-site",
            "ignore_public_acls": false,
            "region": "us-east-2",
            "restrict_public_buckets": false,
            "skip_destroy": null
          },
          "sensitive_attributes": [],
          "private": "bnVsbA==",
          "dependencies": [
            "aws_s3_bucket.bucket"
          ]
        }
      ]
    },
    {
      "mode": "managed",
      "type": "aws_s3_bucket_server_side_encryption_configuration",
      "name": "general_bucket_encryption",
      "provider": "provider[\"registry.terraform.io/hashicorp/aws\"]",
      "instances": [
        {
          "schema_version": 0,
          "attributes": {
            "bucket": "atlas-of-us-general-bucket",
            "expected_bucket_owner": "",
            "id": "atlas-of-us-general-bucket",
            "region": "us-east-2",
            "rule": [
              {
                "apply_server_side_encryption_by_default": [
                  {
                    "kms_master_key_id": "",
                    "sse_algorithm": "AES256"
                  }
                ],
                "blocked_encryption_types": [],
                "bucket_key_enabled": false
              }
            ]
          },
          "sensitive_attributes": [],
          "private": "bnVsbA==",
          "dependencies": [
            "aws_s3_bucket.general_bucket"
          ]
        }
      ]
    },
    {
      "mode": "managed",
      "type": "aws_s3_bucket_versioning",
      "name": "general_bucket_versioning",
      "provider": "provider[\"registry.terraform.io/hashicorp/aws\"]",
      "instances": [
        {
          "schema_version": 0,
          "attributes": {
            "bucket": "atlas-of-us-general-bucket",
            "expected_bucket_owner": "",
            "id": "atlas-of-us-general-bucket",
            "mfa": null,
            "region": "us-east-2",
            "versioning_configuration": [
              {
                "mfa_delete": "",
                "status": "Enabled"
              }
            ]
          },
          "sensitive_attributes": [],
          "private": "bnVsbA==",
          "dependencies": [
            "aws_s3_bucket.general_bucket"
          ]
        }
      ]
    },
    {
      "mode": "managed",
      "type": "aws_s3_bucket_website_configuration",
      "name": "hosting",
      "provider": "provider[\"registry.terraform.io/hashicorp/aws\"]",
      "instances": [
        {
          "schema_version": 0,
          "attributes": {
            "bucket": "atlas-of-us-site",
            "error_document": [
              {
                "key": "error.html"
              }
            ],
            "expected_bucket_owner": "",
            "id": "atlas-of-us-site",
            "index_document": [
              {
                "suffix": "index.html"
              }
            ],
            "redirect_all_requests_to": [],
            "region": "us-east-2",
            "routing_rule": [],
            "routing_rules": "",
            "website_domain": "s3-website.us-east-2.amazonaws.com",
            "website_endpoint": "atlas-of-us-site.s3-website.us-east-2.amazonaws.com"
          },
          "sensitive_attributes": [],
          "private": "bnVsbA==",
          "dependencies": [
            "aws_s3_bucket.bucket"
          ]
        }
      ]
    },
    {
      "mode": "managed",
      "type": "aws_security_group",
      "name": "api_server_sg",
      "provider": "provider[\"registry.terraform.io/hashicorp/aws\"]",
      "instances": [
        {
          "schema_version": 1,
          "attributes": {
            "arn": "arn:aws:ec2:us-east-2:145880140878:security-group/sg-02cbee6559cf94c30",
            "description": "Security group for API server EC2 instance",
            "egress": [
              {
                "cidr_blocks": [
                  "0.0.0.0/0"
                ],
                "description": "",
                "from_port": 0,
                "ipv6_cidr_blocks": [],
                "prefix_list_ids": [],
                "protocol": "-1",
                "security_groups": [],
                "self": false,
                "to_port": 0
              }
            ],
            "id": "sg-02cbee6559cf94c30",
            "ingress": [
              {
                "cidr_blocks": [
                  "0.0.0.0/0"
                ],
                "description": "",
                "from_port": 22,
                "ipv6_cidr_blocks": [],
                "prefix_list_ids": [],
                "protocol": "tcp",
                "security_groups": [],
                "self": false,
                "to_port": 22
              },
              {
                "cidr_blocks": [
                  "0.0.0.0/0"
                ],
                "description": "",
                "from_port": 443,
                "ipv6_cidr_blocks": [],
                "prefix_list_ids": [],
                "protocol": "tcp",
                "security_groups": [],
                "self": false,
                "to_port": 443
              },
              {
                "cidr_blocks": [
                  "0.0.0.0/0"
                ],
                "description": "",
                "from_port": 8000,
                "ipv6_cidr_blocks": [],
                "prefix_list_ids": [],
                "protocol": "tcp",
                "security_groups": [],
                "self": false,
                "to_port": 8000
              },
              {
                "cidr_blocks": [
                  "0.0.0.0/0"
                ],
                "description": "",
                "from_port": 80,
                "ipv6_cidr_blocks": [],
                "prefix_list_ids": [],
                "protocol": "tcp",
                "security_groups": [],
                "self": false,
                "to_port": 80
              }
            ],
            "name": "api-server-sg20250714151938803400000002",
            "name_prefix": "api-server-sg",
            "owner_id": "145880140878",
            "region": "us-east-2",
            "revoke_rules_on_delete": false,
            "tags": {
              "Name": "api-server-sg"
            },
            "tags_all": {
              "Name": "api-server-sg"
            },
            "timeouts": null,
            "vpc_id": "vpc-0e4178908792a1dca"
          },
          "sensitive_attributes": [],
          "private": "eyJlMmJmYjczMC1lY2FhLTExZTYtOGY4OC0zNDM2M2JjN2M0YzAiOnsiY3JlYXRlIjo2MDAwMDAwMDAwMDAsImRlbGV0ZSI6OTAwMDAwMDAwMDAwfSwic2NoZW1hX3ZlcnNpb24iOiIxIn0="
        }
      ]
    },
    {
      "mode": "managed",
      "type": "aws_security_group",
      "name": "embeddings_api_sg",
      "provider": "provider[\"registry.terraform.io/hashicorp/aws\"]",
      "instances": [
        {
          "schema_version": 1,
          "attributes": {
            "arn": "arn:aws:ec2:us-east-2:145880140878:security-group/sg-08fd8dafaddaf63a1",
            "description": "Security group for embeddings API EC2 instance",
            "egress": [
              {
                "cidr_blocks": [
                  "0.0.0.0/0"
                ],
                "description": "",
                "from_port": 0,
                "ipv6_cidr_blocks": [],
                "prefix_list_ids": [],
                "protocol": "-1",
                "security_groups": [],
                "self": false,
                "to_port": 0
              }
            ],
            "id": "sg-08fd8dafaddaf63a1",
            "ingress": [
              {
                "cidr_blocks": [
                  "0.0.0.0/0"
                ],
                "description": "",
                "from_port": 22,
                "ipv6_cidr_blocks": [],
                "prefix_list_ids": [],
                "protocol": "tcp",
                "security_groups": [],
                "self": false,
                "to_port": 22
              },
              {
                "cidr_blocks": [
                  "0.0.0.0/0"
                ],
                "description": "",
                "from_port": 443,
                "ipv6_cidr_blocks": [],
                "prefix_list_ids": [],
                "protocol": "tcp",
                "security_groups": [],
                "self": false,
                "to_port": 443
              },
              {
                "cidr_blocks": [
                  "0.0.0.0/0"
                ],
                "description": "",
                "from_port": 8080,
                "ipv6_cidr_blocks": [],
                "prefix_list_ids": [],
                "protocol": "tcp",
                "security_groups": [],
                "self": false,
                "to_port": 8080
              },
              {
                "cidr_blocks": [
                  "0.0.0.0/0"
                ],
                "description": "",
                "from_port": 80,
                "ipv6_cidr_blocks": [],
                "prefix_list_ids": [],
                "protocol": "tcp",
                "security_groups": [],
                "self": false,
                "to_port": 80
              }
            ],
            "name": "embeddings-api-sg20251230032737672600000002",
            "name_prefix": "embeddings-api-sg",
            "owner_id": "145880140878",
            "region": "us-east-2",
            "revoke_rules_on_delete": false,
            "tags": {
              "Name": "embeddings-api-sg"
            },
            "tags_all": {
              "Name": "embeddings-api-sg"
            },
            "timeouts": null,
            "vpc_id": "vpc-0e4178908792a1dca"
          },
          "sensitive_attributes": [],
          "private": "eyJlMmJmYjczMC1lY2FhLTExZTYtOGY4OC0zNDM2M2JjN2M0YzAiOnsiY3JlYXRlIjo2MDAwMDAwMDAwMDAsImRlbGV0ZSI6OTAwMDAwMDAwMDAwfSwic2NoZW1hX3ZlcnNpb24iOiIxIn0="
        }
      ]
    },
    {
      "mode": "managed",
      "type": "aws_security_group",
      "name": "image_gen_api_sg",
      "provider": "provider[\"registry.terraform.io/hashicorp/aws\"]",
      "instances": [
        {
          "schema_version": 1,
          "attributes": {
            "arn": "arn:aws:ec2:us-east-2:145880140878:security-group/sg-096eb607cca0268d2",
            "description": "Security group for Image Gen API EC2 instance",
            "egress": [
              {
                "cidr_blocks": [
                  "0.0.0.0/0"
                ],
                "description": "",
                "from_port": 0,
                "ipv6_cidr_blocks": [],
                "prefix_list_ids": [],
                "protocol": "-1",
                "security_groups": [],
                "self": false,
                "to_port": 0
              }
            ],
            "id": "sg-096eb607cca0268d2",
            "ingress": [
              {
                "cidr_blocks": [
                  "0.0.0.0/0"
                ],
                "description": "",
                "from_port": 22,
                "ipv6_cidr_blocks": [],
                "prefix_list_ids": [],
                "protocol": "tcp",
                "security_groups": [],
                "self": false,
                "to_port": 22
              },
              {
                "cidr_blocks": [
                  "0.0.0.0/0"
                ],
                "description": "",
                "from_port": 443,
                "ipv6_cidr_blocks": [],
                "prefix_list_ids": [],
                "protocol": "tcp",
                "security_groups": [],
                "self": false,
                "to_port": 443
              },
              {
                "cidr_blocks": [
                  "0.0.0.0/0"
                ],
                "description": "",
                "from_port": 8082,
                "ipv6_cidr_blocks": [],
                "prefix_list_ids": [],
                "protocol": "tcp",
                "security_groups": [],
                "self": false,
                "to_port": 8082
              },
              {
                "cidr_blocks": [
                  "0.0.0.0/0"
                ],
                "description": "",
                "from_port": 80,
                "ipv6_cidr_blocks": [],
                "prefix_list_ids": [],
                "protocol": "tcp",
                "security_groups": [],
                "self": false,
                "to_port": 80
              }
            ],
            "name": "image-gen-api-sg20260104190648149200000001",
            "name_prefix": "image-gen-api-sg",
            "owner_id": "145880140878",
            "region": "us-east-2",
            "revoke_rules_on_delete": false,
            "tags": {
              "Name": "image-gen-api-sg"
            },
            "tags_all": {
              "Name": "image-gen-api-sg"
            },
            "timeouts": null,
            "vpc_id": "vpc-0e4178908792a1dca"
          },
          "sensitive_attributes": [],
          "private": "eyJlMmJmYjczMC1lY2FhLTExZTYtOGY4OC0zNDM2M2JjN2M0YzAiOnsiY3JlYXRlIjo2MDAwMDAwMDAwMDAsImRlbGV0ZSI6OTAwMDAwMDAwMDAwfSwic2NoZW1hX3ZlcnNpb24iOiIxIn0="
        }
      ]
    },
    {
      "mode": "managed",
      "type": "aws_security_group",
      "name": "llm_api_sg",
      "provider": "provider[\"registry.terraform.io/hashicorp/aws\"]",
      "instances": [
        {
          "schema_version": 1,
          "attributes": {
            "arn": "arn:aws:ec2:us-east-2:145880140878:security-group/sg-0f7a3fd40d973e327",
            "description": "Security group for LLM API EC2 instance",
            "egress": [
              {
                "cidr_blocks": [
                  "0.0.0.0/0"
                ],
                "description": "",
                "from_port": 0,
                "ipv6_cidr_blocks": [],
                "prefix_list_ids": [],
                "protocol": "-1",
                "security_groups": [],
                "self": false,
                "to_port": 0
              }
            ],
            "id": "sg-0f7a3fd40d973e327",
            "ingress": [
              {
                "cidr_blocks": [
                  "0.0.0.0/0"
                ],
                "description": "",
                "from_port": 22,
                "ipv6_cidr_blocks": [],
                "prefix_list_ids": [],
                "protocol": "tcp",
                "security_groups": [],
                "self": false,
                "to_port": 22
              },
              {
                "cidr_blocks": [
                  "0.0.0.0/0"
                ],
                "description": "",
                "from_port": 443,
                "ipv6_cidr_blocks": [],
                "prefix_list_ids": [],
                "protocol": "tcp",
                "security_groups": [],
                "self": false,
                "to_port": 443
              },
              {
                "cidr_blocks": [
                  "0.0.0.0/0"
                ],
                "description": "",
                "from_port": 8081,
                "ipv6_cidr_blocks": [],
                "prefix_list_ids": [],
                "protocol": "tcp",
                "security_groups": [],
                "self": false,
                "to_port": 8081
              },
              {
                "cidr_blocks": [
                  "0.0.0.0/0"
                ],
                "description": "",
                "from_port": 80,
                "ipv6_cidr_blocks": [],
                "prefix_list_ids": [],
                "protocol": "tcp",
                "security_groups": [],
                "self": false,
                "to_port": 80
              }
            ],
            "name": "llm-api-sg20251230032738092900000003",
            "name_prefix": "llm-api-sg",
            "owner_id": "145880140878",
            "region": "us-east-2",
            "revoke_rules_on_delete": false,
            "tags": {
              "Name": "llm-api-sg"
            },
            "tags_all": {
              "Name": "llm-api-sg"
            },
            "timeouts": null,
            "vpc_id": "vpc-0e4178908792a1dca"
          },
          "sensitive_attributes": [],
          "private": "eyJlMmJmYjczMC1lY2FhLTExZTYtOGY4OC0zNDM2M2JjN2M0YzAiOnsiY3JlYXRlIjo2MDAwMDAwMDAwMDAsImRlbGV0ZSI6OTAwMDAwMDAwMDAwfSwic2NoZW1hX3ZlcnNpb24iOiIxIn0="
        }
      ]
    },
    {
      "mode": "managed",
      "type": "aws_sns_topic",
      "name": "embeddings_api_alarm_topic",
      "provider": "provider[\"registry.terraform.io/hashicorp/aws\"]",
      "instances": [
        {
          "schema_version": 0,
          "attributes": {
            "application_failure_feedback_role_arn": "",
            "application_success_feedback_role_arn": "",
            "application_success_feedback_sample_rate": 0,
            "archive_policy": "",
            "arn": "arn:aws:sns:us-east-2:145880140878:embeddings-api-5xx-alarm",
            "beginning_archive_time": "",
            "content_based_deduplication": false,
            "delivery_policy": "",
            "display_name": "",
            "fifo_throughput_scope": "",
            "fifo_topic": false,
            "firehose_failure_feedback_role_arn": "",
            "firehose_success_feedback_role_arn": "",
            "firehose_success_feedback_sample_rate": 0,
            "http_failure_feedback_role_arn": "",
            "http_success_feedback_role_arn": "",
            "http_success_feedback_sample_rate": 0,
            "id": "arn:aws:sns:us-east-2:145880140878:embeddings-api-5xx-alarm",
            "kms_master_key_id": "",
            "lambda_failure_feedback_role_arn": "",
            "lambda_success_feedback_role_arn": "",
            "lambda_success_feedback_sample_rate": 0,
            "name": "embeddings-api-5xx-alarm",
            "name_prefix": "",
            "owner": "145880140878",
            "policy": "{\"Id\":\"__default_policy_ID\",\"Statement\":[{\"Action\":[\"SNS:GetTopicAttributes\",\"SNS:SetTopicAttributes\",\"SNS:AddPermission\",\"SNS:RemovePermission\",\"SNS:DeleteTopic\",\"SNS:Subscribe\",\"SNS:ListSubscriptionsByTopic\",\"SNS:Publish\"],\"Condition\":{\"StringEquals\":{\"AWS:SourceOwner\":\"145880140878\"}},\"Effect\":\"Allow\",\"Principal\":{\"AWS\":\"*\"},\"Resource\":\"arn:aws:sns:us-east-2:145880140878:embeddings-api-5xx-alarm\",\"Sid\":\"__default_statement_ID\"}],\"Version\":\"2008-10-17\"}",
            "region": "us-east-2",
            "signature_version": 0,
            "sqs_failure_feedback_role_arn": "",
            "sqs_success_feedback_role_arn": "",
            "sqs_success_feedback_sample_rate": 0,
            "tags": {},
            "tags_all": {},
            "tracing_config": ""
          },
          "sensitive_attributes": [],
          "private": "bnVsbA=="
        }
      ]
    },
    {
      "mode": "managed",
      "type": "aws_sns_topic",
      "name": "llm_api_alarm_topic",
      "provider": "provider[\"registry.terraform.io/hashicorp/aws\"]",
      "instances": [
        {
          "schema_version": 0,
          "attributes": {
            "application_failure_feedback_role_arn": "",
            "application_success_feedback_role_arn": "",
            "application_success_feedback_sample_rate": 0,
            "archive_policy": "",
            "arn": "arn:aws:sns:us-east-2:145880140878:llm-api-5xx-alarm",
            "beginning_archive_time": "",
            "content_based_deduplication": false,
            "delivery_policy": "",
            "display_name": "",
            "fifo_throughput_scope": "",
            "fifo_topic": false,
            "firehose_failure_feedback_role_arn": "",
            "firehose_success_feedback_role_arn": "",
            "firehose_success_feedback_sample_rate": 0,
            "http_failure_feedback_role_arn": "",
            "http_success_feedback_role_arn": "",
            "http_success_feedback_sample_rate": 0,
            "id": "arn:aws:sns:us-east-2:145880140878:llm-api-5xx-alarm",
            "kms_master_key_id": "",
            "lambda_failure_feedback_role_arn": "",
            "lambda_success_feedback_role_arn": "",
            "lambda_success_feedback_sample_rate": 0,
            "name": "llm-api-5xx-alarm",
            "name_prefix": "",
            "owner": "145880140878",
            "policy": "{\"Id\":\"__default_policy_ID\",\"Statement\":[{\"Action\":[\"SNS:GetTopicAttributes\",\"SNS:SetTopicAttributes\",\"SNS:AddPermission\",\"SNS:RemovePermission\",\"SNS:DeleteTopic\",\"SNS:Subscribe\",\"SNS:ListSubscriptionsByTopic\",\"SNS:Publish\"],\"Condition\":{\"StringEquals\":{\"AWS:SourceOwner\":\"145880140878\"}},\"Effect\":\"Allow\",\"Principal\":{\"AWS\":\"*\"},\"Resource\":\"arn:aws:sns:us-east-2:145880140878:llm-api-5xx-alarm\",\"Sid\":\"__default_statement_ID\"}],\"Version\":\"2008-10-17\"}",
            "region": "us-east-2",
            "signature_version": 0,
            "sqs_failure_feedback_role_arn": "",
            "sqs_success_feedback_role_arn": "",
            "sqs_success_feedback_sample_rate": 0,
            "tags": {},
            "tags_all": {},
            "tracing_config": ""
          },
          "sensitive_attributes": [],
          "private": "bnVsbA=="
        }
      ]
    },
    {
      "mode": "managed",
      "type": "aws_sns_topic_subscription",
      "name": "embeddings_api_alarm_subscription",
      "provider": "provider[\"registry.terraform.io/hashicorp/aws\"]",
      "instances": [
        {
          "schema_version": 0,
          "attributes": {
            "arn": "arn:aws:sns:us-east-2:145880140878:embeddings-api-5xx-alarm:9dbf70cb-7e5a-4f36-9b74-8794ee92d94a",
            "confirmation_timeout_in_minutes": 1,
            "confirmation_was_authenticated": true,
            "delivery_policy": "",
            "endpoint": "arn:aws:lambda:us-east-2:145880140878:function:embeddings-api-startup",
            "endpoint_auto_confirms": false,
            "filter_policy": "",
            "filter_policy_scope": "",
            "id": "arn:aws:sns:us-east-2:145880140878:embeddings-api-5xx-alarm:9dbf70cb-7e5a-4f36-9b74-8794ee92d94a",
            "owner_id": "145880140878",
            "pending_confirmation": false,
            "protocol": "lambda",
            "raw_message_delivery": false,
            "redrive_policy": "",
            "region": "us-east-2",
            "replay_policy": "",
            "subscription_role_arn": "",
            "topic_arn": "arn:aws:sns:us-east-2:145880140878:embeddings-api-5xx-alarm"
          },
          "sensitive_attributes": [],
          "private": "bnVsbA==",
          "dependencies": [
            "aws_iam_instance_profile.embeddings_api_ec2_profile",
            "aws_iam_role.embeddings_api_ec2_role",
            "aws_iam_role.embeddings_api_startup_lambda_role",
            "aws_instance.embeddings_api",
            "aws_key_pair.api_server_key",
            "aws_lambda_function.embeddings_api_startup",
            "aws_security_group.embeddings_api_sg",
            "aws_sns_topic.embeddings_api_alarm_topic",
            "data.archive_file.embeddings_api_startup_zip",
            "data.aws_ami.amazon_linux"
          ]
        }
      ]
    },
    {
      "mode": "managed",
      "type": "aws_sns_topic_subscription",
      "name": "llm_api_alarm_subscription",
      "provider": "provider[\"registry.terraform.io/hashicorp/aws\"]",
      "instances": [
        {
          "schema_version": 0,
          "attributes": {
            "arn": "arn:aws:sns:us-east-2:145880140878:llm-api-5xx-alarm:7bb42681-7012-4ece-9e18-3043ee10ba62",
            "confirmation_timeout_in_minutes": 1,
            "confirmation_was_authenticated": true,
            "delivery_policy": "",
            "endpoint": "arn:aws:lambda:us-east-2:145880140878:function:llm-api-startup",
            "endpoint_auto_confirms": false,
            "filter_policy": "",
            "filter_policy_scope": "",
            "id": "arn:aws:sns:us-east-2:145880140878:llm-api-5xx-alarm:7bb42681-7012-4ece-9e18-3043ee10ba62",
            "owner_id": "145880140878",
            "pending_confirmation": false,
            "protocol": "lambda",
            "raw_message_delivery": false,
            "redrive_policy": "",
            "region": "us-east-2",
            "replay_policy": "",
            "subscription_role_arn": "",
            "topic_arn": "arn:aws:sns:us-east-2:145880140878:llm-api-5xx-alarm"
          },
          "sensitive_attributes": [],
          "private": "bnVsbA==",
          "dependencies": [
            "aws_iam_instance_profile.llm_api_ec2_profile",
            "aws_iam_role.llm_api_ec2_role",
            "aws_iam_role.llm_api_startup_lambda_role",
            "aws_instance.llm_api",
            "aws_key_pair.api_server_key",
            "aws_lambda_function.llm_api_startup",
            "aws_security_group.llm_api_sg",
            "aws_sns_topic.llm_api_alarm_topic",
            "data.archive_file.llm_api_startup_zip",
            "data.aws_ami.amazon_linux"
          ]
        }
      ]
    },
    {
      "mode": "managed",
      "type": "aws_sqs_queue",
      "name": "domain_node_jobs",
      "provider": "provider[\"registry.terraform.io/hashicorp/aws\"]",
      "instances": [
        {
          "schema_version": 0,
          "attributes": {
            "arn": "arn:aws:sqs:us-east-2:145880140878:domain-node-jobs",
            "content_based_deduplication": false,
            "deduplication_scope": "",
            "delay_seconds": 0,
            "fifo_queue": false,
            "fifo_throughput_limit": "",
            "id": "https://sqs.us-east-2.amazonaws.com/145880140878/domain-node-jobs",
            "kms_data_key_reuse_period_seconds": 300,
            "kms_master_key_id": "",
            "max_message_size": 262144,
            "message_retention_seconds": 86400,
            "name": "domain-node-jobs",
            "name_prefix": "",
            "policy": "",
            "receive_wait_time_seconds": 20,
            "redrive_allow_policy": "",
            "redrive_policy": "{\"deadLetterTargetArn\":\"arn:aws:sqs:us-east-2:145880140878:domain-node-jobs-dlq\",\"maxReceiveCount\":3}",
            "region": "us-east-2",
            "sqs_managed_sse_enabled": true,
            "tags": {
              "Name": "domain-node-jobs"
            },
            "tags_all": {
              "Name": "domain-node-jobs"
            },
            "timeouts": null,
            "url": "https://sqs.us-east-2.amazonaws.com/145880140878/domain-node-jobs",
            "visibility_timeout_seconds": 360
          },
          "sensitive_attributes": [],
          "private": "eyJlMmJmYjczMC1lY2FhLTExZTYtOGY4OC0zNDM2M2JjN2M0YzAiOnsiY3JlYXRlIjoxODAwMDAwMDAwMDAsImRlbGV0ZSI6MTgwMDAwMDAwMDAwLCJ1cGRhdGUiOjE4MDAwMDAwMDAwMH19",
          "dependencies": [
            "aws_sqs_queue.domain_node_jobs_dlq"
          ]
        }
      ]
    },
    {
      "mode": "managed",
      "type": "aws_sqs_queue",
      "name": "domain_node_jobs_dlq",
      "provider": "provider[\"registry.terraform.io/hashicorp/aws\"]",
      "instances": [
        {
          "schema_version": 0,
          "attributes": {
            "arn": "arn:aws:sqs:us-east-2:145880140878:domain-node-jobs-dlq",
            "content_based_deduplication": false,
            "deduplication_scope": "",
            "delay_seconds": 0,
            "fifo_queue": false,
            "fifo_throughput_limit": "",
            "id": "https://sqs.us-east-2.amazonaws.com/145880140878/domain-node-jobs-dlq",
            "kms_data_key_reuse_period_seconds": 300,
            "kms_master_key_id": "",
            "max_message_size": 262144,
            "message_retention_seconds": 1209600,
            "name": "domain-node-jobs-dlq",
            "name_prefix": "",
            "policy": "",
            "receive_wait_time_seconds": 0,
            "redrive_allow_policy": "",
            "redrive_policy": "",
            "region": "us-east-2",
            "sqs_managed_sse_enabled": true,
            "tags": {
              "Name": "domain-node-jobs-dlq"
            },
            "tags_all": {
              "Name": "domain-node-jobs-dlq"
            },
            "timeouts": null,
            "url": "https://sqs.us-east-2.amazonaws.com/145880140878/domain-node-jobs-dlq",
            "visibility_timeout_seconds": 30
          },
          "sensitive_attributes": [],
          "private": "eyJlMmJmYjczMC1lY2FhLTExZTYtOGY4OC0zNDM2M2JjN2M0YzAiOnsiY3JlYXRlIjoxODAwMDAwMDAwMDAsImRlbGV0ZSI6MTgwMDAwMDAwMDAwLCJ1cGRhdGUiOjE4MDAwMDAwMDAwMH19"
        }
      ]
    },
    {
      "mode": "managed",
      "type": "aws_sqs_queue",
      "name": "image_gen_dlq",
      "provider": "provider[\"registry.terraform.io/hashicorp/aws\"]",
      "instances": [
        {
          "schema_version": 0,
          "attributes": {
            "arn": "arn:aws:sqs:us-east-2:145880140878:image-gen-jobs-dlq",
            "content_based_deduplication": false,
            "deduplication_scope": "",
            "delay_seconds": 0,
            "fifo_queue": false,
            "fifo_throughput_limit": "",
            "id": "https://sqs.us-east-2.amazonaws.com/145880140878/image-gen-jobs-dlq",
            "kms_data_key_reuse_period_seconds": 300,
            "kms_master_key_id": "",
            "max_message_size": 262144,
            "message_retention_seconds": 1209600,
            "name": "image-gen-jobs-dlq",
            "name_prefix": "",
            "policy": "",
            "receive_wait_time_seconds": 0,
            "redrive_allow_policy": "",
            "redrive_policy": "",
            "region": "us-east-2",
            "sqs_managed_sse_enabled": true,
            "tags": {
              "Name": "image-gen-jobs-dlq"
            },
            "tags_all": {
              "Name": "image-gen-jobs-dlq"
            },
            "timeouts": null,
            "url": "https://sqs.us-east-2.amazonaws.com/145880140878/image-gen-jobs-dlq",
            "visibility_timeout_seconds": 30
          },
          "sensitive_attributes": [],
          "private": "eyJlMmJmYjczMC1lY2FhLTExZTYtOGY4OC0zNDM2M2JjN2M0YzAiOnsiY3JlYXRlIjoxODAwMDAwMDAwMDAsImRlbGV0ZSI6MTgwMDAwMDAwMDAwLCJ1cGRhdGUiOjE4MDAwMDAwMDAwMH19"
        }
      ]
    },
    {
      "mode": "managed",
      "type": "aws_sqs_queue",
      "name": "image_gen_jobs",
      "provider": "provider[\"registry.terraform.io/hashicorp/aws\"]",
      "instances": [
        {
          "schema_version": 0,
          "attributes": {
            "arn": "arn:aws:sqs:us-east-2:145880140878:image-gen-jobs",
            "content_based_deduplication": false,
            "deduplication_scope": "",
            "delay_seconds": 0,
            "fifo_queue": false,
            "fifo_throughput_limit": "",
            "id": "https://sqs.us-east-2.amazonaws.com/145880140878/image-gen-jobs",
            "kms_data_key_reuse_period_seconds": 300,
            "kms_master_key_id": "",
            "max_message_size": 262144,
            "message_retention_seconds": 86400,
            "name": "image-gen-jobs",
            "name_prefix": "",
            "policy": "",
            "receive_wait_time_seconds": 20,
            "redrive_allow_policy": "",
            "redrive_policy": "{\"deadLetterTargetArn\":\"arn:aws:sqs:us-east-2:145880140878:image-gen-jobs-dlq\",\"maxReceiveCount\":3}",
            "region": "us-east-2",
            "sqs_managed_sse_enabled": true,
            "tags": {
              "Name": "image-gen-jobs"
            },
            "tags_all": {
              "Name": "image-gen-jobs"
            },
            "timeouts": null,
            "url": "https://sqs.us-east-2.amazonaws.com/145880140878/image-gen-jobs",
            "visibility_timeout_seconds": 900
          },
          "sensitive_attributes": [],
          "private": "eyJlMmJmYjczMC1lY2FhLTExZTYtOGY4OC0zNDM2M2JjN2M0YzAiOnsiY3JlYXRlIjoxODAwMDAwMDAwMDAsImRlbGV0ZSI6MTgwMDAwMDAwMDAwLCJ1cGRhdGUiOjE4MDAwMDAwMDAwMH19",
          "dependencies": [
            "aws_sqs_queue.image_gen_dlq"
          ]
        }
      ]
    }
  ],
  "check_results": null
}
